<?xml version="1.0" encoding="utf-8"?>
<Project ToolsVersion="4.0" xmlns="http://schemas.microsoft.com/developer/msbuild/2003">
  <ItemGroup>
    <Filter Include="Source Files">
      <UniqueIdentifier>{4FC737F1-C7A5-4376-A066-2A32D752A2FF}</UniqueIdentifier>
      <Extensions>cpp;c;cc;cxx;def;odl;idl;hpj;bat;asm;asmx</Extensions>
    </Filter>
    <Filter Include="Header Files">
      <UniqueIdentifier>{93995380-89BD-4b04-88EB-625FBE52EBFB}</UniqueIdentifier>
      <Extensions>h;hh;hpp;hxx;hm;inl;inc;xsd</Extensions>
    </Filter>
    <Filter Include="Resource Files">
      <UniqueIdentifier>{67DA6AB6-F800-4c08-8B7A-83BB121AAD01}</UniqueIdentifier>
      <Extensions>rc;ico;cur;bmp;dlg;rc2;rct;bin;rgs;gif;jpg;jpeg;jpe;resx;tiff;tif;png;wav;mfcribbon-ms</Extensions>
    </Filter>
    <Filter Include="Source Files\Mesh">
      <UniqueIdentifier>{598d1375-2db9-4814-8530-ec6740d486a1}</UniqueIdentifier>
    </Filter>
    <Filter Include="Header Files\Mesh">
      <UniqueIdentifier>{b0e53ad2-6417-4763-b3bc-1c4337090ad0}</UniqueIdentifier>
    </Filter>
    <Filter Include="Source Files\Notes">
      <UniqueIdentifier>{492615c7-fa11-447e-af48-663d6f69cbd5}</UniqueIdentifier>
    </Filter>
    <Filter Include="Source Files\Math">
      <UniqueIdentifier>{9549506e-13f3-4db6-97eb-b64a8533ead8}</UniqueIdentifier>
    </Filter>
    <Filter Include="Header Files\Math">
      <UniqueIdentifier>{58a59702-ba95-4301-88f7-bce5cd43308c}</UniqueIdentifier>
    </Filter>
    <Filter Include="Source Files\AssetManager">
      <UniqueIdentifier>{b4bc553f-092f-41b5-bc38-5e6f1200e66c}</UniqueIdentifier>
    </Filter>
    <Filter Include="Header Files\AssetManager">
      <UniqueIdentifier>{8a6a8dc5-cdf0-4c58-987a-e99e3f664e44}</UniqueIdentifier>
    </Filter>
    <Filter Include="Header Files\Texture">
      <UniqueIdentifier>{c1af6565-db85-4731-9fe4-329ec2278bea}</UniqueIdentifier>
    </Filter>
    <Filter Include="Source Files\Texture">
      <UniqueIdentifier>{c1ccc857-dfb6-409b-b8f3-882200490858}</UniqueIdentifier>
    </Filter>
    <Filter Include="Header Files\Model">
      <UniqueIdentifier>{8eec353d-d66d-4d2c-8202-ca423978683a}</UniqueIdentifier>
    </Filter>
    <Filter Include="Source Files\Model">
      <UniqueIdentifier>{63682e21-097a-4c5f-9873-dc21e648d71e}</UniqueIdentifier>
    </Filter>
    <Filter Include="Header Files\ComplexModel">
      <UniqueIdentifier>{1a315f9f-605c-4c5e-aca4-8a0fcfb230f9}</UniqueIdentifier>
    </Filter>
    <Filter Include="Source Files\ComplexModel">
      <UniqueIdentifier>{9cf4d8e1-45f0-4e4e-8c0a-f48fe79a2391}</UniqueIdentifier>
    </Filter>
    <Filter Include="Header Files\Asset">
      <UniqueIdentifier>{86496632-f339-4672-9dd7-d3932292ee9d}</UniqueIdentifier>
    </Filter>
    <Filter Include="Header Files\Application">
      <UniqueIdentifier>{a42133dc-f1bc-49f0-afe9-14144a7c74cc}</UniqueIdentifier>
    </Filter>
    <Filter Include="Source Files\Application">
      <UniqueIdentifier>{6ab1163b-7cc1-4bcf-b622-146d0449a0c8}</UniqueIdentifier>
    </Filter>
    <Filter Include="Header Files\Input">
      <UniqueIdentifier>{fef08338-fd0d-4cf0-a9ab-8bbee1818866}</UniqueIdentifier>
    </Filter>
    <Filter Include="Source Files\Input">
      <UniqueIdentifier>{f43ded10-8050-461a-adae-5b3578d7735c}</UniqueIdentifier>
    </Filter>
    <Filter Include="Header Files\Renderer">
      <UniqueIdentifier>{204f9dbb-719f-4613-8a49-b1573a19c514}</UniqueIdentifier>
    </Filter>
    <Filter Include="Header Files\Shader">
      <UniqueIdentifier>{e8f539ce-c5dd-4973-92d5-c814a508114d}</UniqueIdentifier>
    </Filter>
    <Filter Include="Source Files\Shader">
      <UniqueIdentifier>{9cadc32f-e1ea-4e2f-a9b0-a88db076d257}</UniqueIdentifier>
    </Filter>
    <Filter Include="Header Files\Shader\BlockMeshShaders">
      <UniqueIdentifier>{a3ec6ae4-bfea-4bf6-8221-e18c1a57e053}</UniqueIdentifier>
    </Filter>
    <Filter Include="Source Files\Shader\BlockMeshShaders">
      <UniqueIdentifier>{be418864-ec1e-4e31-ae35-6d9c1e2a3579}</UniqueIdentifier>
    </Filter>
    <Filter Include="Source Files\Shader\BlockModelShaders">
      <UniqueIdentifier>{0c55a1bd-a5ad-4cf7-8dea-2c7cb69f73d6}</UniqueIdentifier>
    </Filter>
    <Filter Include="Header Files\Camera">
      <UniqueIdentifier>{b4e734e3-d9a4-4e30-a468-4c83e4037c88}</UniqueIdentifier>
    </Filter>
    <Filter Include="Source Files\Camera">
      <UniqueIdentifier>{c4571a78-91dc-456f-8daf-0862aced43bf}</UniqueIdentifier>
    </Filter>
    <Filter Include="Header Files\Timer">
      <UniqueIdentifier>{f1c38ddb-28ea-4fa7-8432-2421457d2eab}</UniqueIdentifier>
    </Filter>
    <Filter Include="Source Files\Timer">
      <UniqueIdentifier>{f90418dd-9f8f-484a-8903-f1178c64955e}</UniqueIdentifier>
    </Filter>
    <Filter Include="Header Files\String">
      <UniqueIdentifier>{1a53bed3-bbd2-42c4-8520-b6d2599502ad}</UniqueIdentifier>
    </Filter>
    <Filter Include="Source Files\String">
      <UniqueIdentifier>{dbb3cb79-393f-4b6f-bed7-bb26f1c26ef7}</UniqueIdentifier>
    </Filter>
    <Filter Include="Header Files\Log">
      <UniqueIdentifier>{3bba02b2-e97f-4086-be6b-3f40c929298d}</UniqueIdentifier>
    </Filter>
    <Filter Include="Header Files\Font">
      <UniqueIdentifier>{1ce3fc52-bd82-4670-98ef-12f855ec5131}</UniqueIdentifier>
    </Filter>
    <Filter Include="Source Files\Font">
      <UniqueIdentifier>{e5c7ca56-cd88-4da7-a445-be2bde7d40dd}</UniqueIdentifier>
    </Filter>
    <Filter Include="Header Files\Shader\TextShaders">
      <UniqueIdentifier>{93eee9ed-db22-49f6-882e-6ad9b4663f11}</UniqueIdentifier>
    </Filter>
    <Filter Include="Source Files\Shader\TextShaders">
      <UniqueIdentifier>{35266adb-488a-41b6-9e6e-c69a8cd16f3d}</UniqueIdentifier>
    </Filter>
    <Filter Include="Source Files\Shader\SkeletonMeshShaders">
      <UniqueIdentifier>{c2ba8663-f000-47fa-92b2-1f57c73ec791}</UniqueIdentifier>
    </Filter>
    <Filter Include="Header Files\Shader\SkeletonMeshShaders">
      <UniqueIdentifier>{be6ac98a-cc9e-4304-a002-75312f0e87fe}</UniqueIdentifier>
    </Filter>
    <Filter Include="Header Files\Assimp">
      <UniqueIdentifier>{1b0ece95-61c5-4ff9-817d-b36a77c205b3}</UniqueIdentifier>
    </Filter>
    <Filter Include="Source Files\Assimp">
      <UniqueIdentifier>{c7e0bc05-ae04-4a16-aedc-89070616b5dd}</UniqueIdentifier>
    </Filter>
    <Filter Include="Header Files\Assimp\contrib">
      <UniqueIdentifier>{cbf27525-9343-4f49-b333-406f6d81d0c1}</UniqueIdentifier>
    </Filter>
    <Filter Include="Source Files\Assimp\contrib">
      <UniqueIdentifier>{9c981297-d90b-4ae2-ac3c-c00c347b6ac9}</UniqueIdentifier>
    </Filter>
    <Filter Include="Header Files\XMLParser">
      <UniqueIdentifier>{20b74e6a-2f11-454e-a9bc-2159ebdbb16f}</UniqueIdentifier>
    </Filter>
    <Filter Include="Header Files\Shader\BlockModelShaders">
      <UniqueIdentifier>{aa3ab730-08b6-4c6a-b1b4-beb9329ef30b}</UniqueIdentifier>
    </Filter>
    <Filter Include="Header Files\Mesh\BlockMesh">
      <UniqueIdentifier>{e2e14d13-d03d-4a6e-a08e-fe32772613f6}</UniqueIdentifier>
    </Filter>
    <Filter Include="Header Files\Mesh\Skeleton">
      <UniqueIdentifier>{458ec210-40a2-4c6d-b437-d2d72ced6c17}</UniqueIdentifier>
    </Filter>
    <Filter Include="Source Files\Mesh\BlockMesh">
      <UniqueIdentifier>{a39737cf-6a16-4d90-b14f-cb34709adb3a}</UniqueIdentifier>
    </Filter>
    <Filter Include="Source Files\Mesh\Skeleton">
      <UniqueIdentifier>{85ebd21b-92e3-4ab9-ab4f-8c4f8989f470}</UniqueIdentifier>
    </Filter>
    <Filter Include="Header Files\File">
      <UniqueIdentifier>{82d12bc5-24d6-4619-a9c7-690188d09cd9}</UniqueIdentifier>
    </Filter>
    <Filter Include="Source Files\File">
      <UniqueIdentifier>{e86cd7d0-0c54-4cf3-957f-d7d29b789f7a}</UniqueIdentifier>
    </Filter>
    <Filter Include="Source Files\Renderer">
      <UniqueIdentifier>{27ec3a4f-22bd-4809-ac36-05ecdd75186d}</UniqueIdentifier>
    </Filter>
    <Filter Include="Header Files\Mesh\RectangleMesh">
      <UniqueIdentifier>{6e7168fb-7c7e-4bc8-bc8b-4eb20310dc14}</UniqueIdentifier>
    </Filter>
    <Filter Include="Source Files\Mesh\RectangleMesh">
      <UniqueIdentifier>{93721a77-58c1-45c2-b7e6-6a29f37efa48}</UniqueIdentifier>
    </Filter>
    <Filter Include="Source Files\Shader\TextureShader">
      <UniqueIdentifier>{3a96274e-c5de-46f5-bc84-52ac8b58ac6f}</UniqueIdentifier>
    </Filter>
    <Filter Include="Header Files\Shader\TextureShader">
      <UniqueIdentifier>{f689cad5-1317-43cf-9195-c4771ed5c636}</UniqueIdentifier>
    </Filter>
    <Filter Include="Header Files\Libraries">
      <UniqueIdentifier>{518752d4-440f-4312-b453-40ff2411510e}</UniqueIdentifier>
    </Filter>
    <Filter Include="Source Files\Libraries">
      <UniqueIdentifier>{29a21826-c157-4142-8576-d58d1407961a}</UniqueIdentifier>
    </Filter>
    <Filter Include="Header Files\Enums">
      <UniqueIdentifier>{185e99ab-9ddc-4a57-9685-8f72aa1554aa}</UniqueIdentifier>
    </Filter>
    <Filter Include="Source Files\Enums">
      <UniqueIdentifier>{b0d388f8-cce6-4972-bb90-88b08e571a64}</UniqueIdentifier>
    </Filter>
    <Filter Include="Source Files\Texture\FileParsers">
      <UniqueIdentifier>{3186774f-9295-4c4a-8730-d9ff09daba58}</UniqueIdentifier>
    </Filter>
    <Filter Include="Header Files\Texture\Parsers">
      <UniqueIdentifier>{c92b33e2-00bc-43ac-882e-d212ece8a6e1}</UniqueIdentifier>
    </Filter>
    <Filter Include="Header Files\Model\Parsers">
      <UniqueIdentifier>{48f2175b-5f96-4727-9ba8-97394d4b77b1}</UniqueIdentifier>
    </Filter>
    <Filter Include="Source Files\Model\Parsers">
      <UniqueIdentifier>{67129fc8-d9c5-4033-a1cb-2b8424c851f8}</UniqueIdentifier>
    </Filter>
    <Filter Include="Source Files\Mesh\Parsers">
      <UniqueIdentifier>{abca199d-c08e-43c6-96a0-3acc5aab158f}</UniqueIdentifier>
    </Filter>
    <Filter Include="Header Files\Mesh\Parsers">
      <UniqueIdentifier>{a32c2290-5249-4891-8868-74b5776ee680}</UniqueIdentifier>
    </Filter>
    <Filter Include="Source Files\Shader\SkeletonModelShaders">
      <UniqueIdentifier>{721eec6f-9be2-4544-843b-15e30ec4303d}</UniqueIdentifier>
    </Filter>
    <Filter Include="Header Files\Shader\SkeletonModelShaders">
      <UniqueIdentifier>{e568e6b0-fb8f-4cc2-aa12-0851742435ef}</UniqueIdentifier>
    </Filter>
    <Filter Include="Header Files\Scene">
      <UniqueIdentifier>{07d79141-eccc-4395-aa9b-e7d0036a5213}</UniqueIdentifier>
    </Filter>
    <Filter Include="Source Files\Scene">
      <UniqueIdentifier>{70113fe2-73d9-423d-b9af-9978be836c6d}</UniqueIdentifier>
    </Filter>
    <Filter Include="Header Files\Actor">
      <UniqueIdentifier>{db57a350-3a39-414a-9f37-61b2b49aa872}</UniqueIdentifier>
    </Filter>
    <Filter Include="Source Files\Actor">
      <UniqueIdentifier>{18ff996e-763b-44b3-a2dd-d141099c3e43}</UniqueIdentifier>
    </Filter>
    <Filter Include="Source Files\Asset">
      <UniqueIdentifier>{12e5e566-64c1-429a-be32-6ad5abbfdeed}</UniqueIdentifier>
    </Filter>
    <Filter Include="Header Files\Light">
      <UniqueIdentifier>{6d071e0e-7f80-4ddc-9ae2-c154d953b187}</UniqueIdentifier>
    </Filter>
    <Filter Include="Source Files\Light">
      <UniqueIdentifier>{2e485015-3d5d-485a-bd10-7770c257220c}</UniqueIdentifier>
    </Filter>
    <Filter Include="Header Files\Light\Parsers">
      <UniqueIdentifier>{bac5fec5-91f5-4a3f-a650-deeac2fa0e11}</UniqueIdentifier>
    </Filter>
    <Filter Include="Source Files\Light\Parsers">
      <UniqueIdentifier>{a7a968b4-a1b3-49c3-b05a-a7110031a107}</UniqueIdentifier>
    </Filter>
    <Filter Include="Header Files\Shader\GenerateRaysShader">
      <UniqueIdentifier>{40eb866b-6bcf-4fcb-a890-6e3f15d96a15}</UniqueIdentifier>
    </Filter>
    <Filter Include="Source Files\Shader\GenerateRaysShader">
      <UniqueIdentifier>{34507f44-7cd8-4011-af77-b370ee9bb73b}</UniqueIdentifier>
    </Filter>
  </ItemGroup>
  <ItemGroup>
    <ClInclude Include="float2.h">
      <Filter>Header Files\Math</Filter>
    </ClInclude>
    <ClInclude Include="float3.h">
      <Filter>Header Files\Math</Filter>
    </ClInclude>
    <ClInclude Include="float4.h">
      <Filter>Header Files\Math</Filter>
    </ClInclude>
    <ClInclude Include="float33.h">
      <Filter>Header Files\Math</Filter>
    </ClInclude>
    <ClInclude Include="AssetManager.h">
      <Filter>Header Files\AssetManager</Filter>
    </ClInclude>
    <ClInclude Include="int3.h">
      <Filter>Header Files\Math</Filter>
    </ClInclude>
    <ClInclude Include="int2.h">
      <Filter>Header Files\Math</Filter>
    </ClInclude>
    <ClInclude Include="MathUtil.h">
      <Filter>Header Files\Math</Filter>
    </ClInclude>
    <ClInclude Include="BlockModel.h">
      <Filter>Header Files\Model</Filter>
    </ClInclude>
    <ClInclude Include="Texture2D.h">
      <Filter>Header Files\Texture</Filter>
    </ClInclude>
    <ClInclude Include="ComplexModel.h">
      <Filter>Header Files\ComplexModel</Filter>
    </ClInclude>
    <ClInclude Include="BlockModelLOD.h">
      <Filter>Header Files\Model</Filter>
    </ClInclude>
    <ClInclude Include="float43.h">
      <Filter>Header Files\Math</Filter>
    </ClInclude>
    <ClInclude Include="Application.h">
      <Filter>Header Files\Application</Filter>
    </ClInclude>
    <ClInclude Include="InputManager.h">
      <Filter>Header Files\Input</Filter>
    </ClInclude>
    <ClInclude Include="uint2.h">
      <Filter>Header Files\Math</Filter>
    </ClInclude>
    <ClInclude Include="uint3.h">
      <Filter>Header Files\Math</Filter>
    </ClInclude>
    <ClInclude Include="ModelTexture2D.h">
      <Filter>Header Files\Model</Filter>
    </ClInclude>
    <ClInclude Include="VertexShader.h">
      <Filter>Header Files\Shader</Filter>
    </ClInclude>
    <ClInclude Include="FragmentShader.h">
      <Filter>Header Files\Shader</Filter>
    </ClInclude>
    <ClInclude Include="BlockMeshFragmentShader.h">
      <Filter>Header Files\Shader\BlockMeshShaders</Filter>
    </ClInclude>
    <ClInclude Include="BlockMeshVertexShader.h">
      <Filter>Header Files\Shader\BlockMeshShaders</Filter>
    </ClInclude>
    <ClInclude Include="float44.h">
      <Filter>Header Files\Math</Filter>
    </ClInclude>
    <ClInclude Include="BlockModelVertexShader.h">
      <Filter>Header Files\Shader\BlockModelShaders</Filter>
    </ClInclude>
    <ClInclude Include="BlockModelFragmentShader.h">
      <Filter>Header Files\Shader\BlockModelShaders</Filter>
    </ClInclude>
    <ClInclude Include="Camera.h">
      <Filter>Header Files\Camera</Filter>
    </ClInclude>
    <ClInclude Include="FreeCamera.h">
      <Filter>Header Files\Camera</Filter>
    </ClInclude>
    <ClInclude Include="Timer.h">
      <Filter>Header Files\Timer</Filter>
    </ClInclude>
    <ClInclude Include="StringUtil.h">
      <Filter>Header Files\String</Filter>
    </ClInclude>
    <ClInclude Include="Font.h">
      <Filter>Header Files\Font</Filter>
    </ClInclude>
    <ClInclude Include="TextVertexShader.h">
      <Filter>Header Files\Shader\TextShaders</Filter>
    </ClInclude>
    <ClInclude Include="TextFragmentShader.h">
      <Filter>Header Files\Shader\TextShaders</Filter>
    </ClInclude>
    <ClInclude Include="SkeletonModel.h">
      <Filter>Header Files\Model</Filter>
    </ClInclude>
    <ClInclude Include="..\..\..\Biblioteki\assimp-3.1.1\code\3DSHelper.h">
      <Filter>Header Files\Assimp</Filter>
    </ClInclude>
    <ClInclude Include="..\..\..\Biblioteki\assimp-3.1.1\code\3DSLoader.h">
      <Filter>Header Files\Assimp</Filter>
    </ClInclude>
    <ClInclude Include="..\..\..\Biblioteki\assimp-3.1.1\code\ACLoader.h">
      <Filter>Header Files\Assimp</Filter>
    </ClInclude>
    <ClInclude Include="..\..\..\Biblioteki\assimp-3.1.1\code\ASELoader.h">
      <Filter>Header Files\Assimp</Filter>
    </ClInclude>
    <ClInclude Include="..\..\..\Biblioteki\assimp-3.1.1\code\ASEParser.h">
      <Filter>Header Files\Assimp</Filter>
    </ClInclude>
    <ClInclude Include="..\..\..\Biblioteki\assimp-3.1.1\code\assbin_chunks.h">
      <Filter>Header Files\Assimp</Filter>
    </ClInclude>
    <ClInclude Include="..\..\..\Biblioteki\assimp-3.1.1\code\AssimpPCH.h">
      <Filter>Header Files\Assimp</Filter>
    </ClInclude>
    <ClInclude Include="..\..\..\Biblioteki\assimp-3.1.1\code\B3DImporter.h">
      <Filter>Header Files\Assimp</Filter>
    </ClInclude>
    <ClInclude Include="..\..\..\Biblioteki\assimp-3.1.1\code\BaseImporter.h">
      <Filter>Header Files\Assimp</Filter>
    </ClInclude>
    <ClInclude Include="..\..\..\Biblioteki\assimp-3.1.1\code\BaseProcess.h">
      <Filter>Header Files\Assimp</Filter>
    </ClInclude>
    <ClInclude Include="..\..\..\Biblioteki\assimp-3.1.1\code\Bitmap.h">
      <Filter>Header Files\Assimp</Filter>
    </ClInclude>
    <ClInclude Include="..\..\..\Biblioteki\assimp-3.1.1\code\BlenderBMesh.h">
      <Filter>Header Files\Assimp</Filter>
    </ClInclude>
    <ClInclude Include="..\..\..\Biblioteki\assimp-3.1.1\code\BlenderDNA.h">
      <Filter>Header Files\Assimp</Filter>
    </ClInclude>
    <ClInclude Include="..\..\..\Biblioteki\assimp-3.1.1\code\BlenderIntermediate.h">
      <Filter>Header Files\Assimp</Filter>
    </ClInclude>
    <ClInclude Include="..\..\..\Biblioteki\assimp-3.1.1\code\BlenderLoader.h">
      <Filter>Header Files\Assimp</Filter>
    </ClInclude>
    <ClInclude Include="..\..\..\Biblioteki\assimp-3.1.1\code\BlenderModifier.h">
      <Filter>Header Files\Assimp</Filter>
    </ClInclude>
    <ClInclude Include="..\..\..\Biblioteki\assimp-3.1.1\code\BlenderScene.h">
      <Filter>Header Files\Assimp</Filter>
    </ClInclude>
    <ClInclude Include="..\..\..\Biblioteki\assimp-3.1.1\code\BlenderSceneGen.h">
      <Filter>Header Files\Assimp</Filter>
    </ClInclude>
    <ClInclude Include="..\..\..\Biblioteki\assimp-3.1.1\code\BlenderTessellator.h">
      <Filter>Header Files\Assimp</Filter>
    </ClInclude>
    <ClInclude Include="..\..\..\Biblioteki\assimp-3.1.1\code\BlobIOSystem.h">
      <Filter>Header Files\Assimp</Filter>
    </ClInclude>
    <ClInclude Include="..\..\..\Biblioteki\assimp-3.1.1\code\BVHLoader.h">
      <Filter>Header Files\Assimp</Filter>
    </ClInclude>
    <ClInclude Include="..\..\..\Biblioteki\assimp-3.1.1\code\ByteSwap.h">
      <Filter>Header Files\Assimp</Filter>
    </ClInclude>
    <ClInclude Include="..\..\..\Biblioteki\assimp-3.1.1\code\CalcTangentsProcess.h">
      <Filter>Header Files\Assimp</Filter>
    </ClInclude>
    <ClInclude Include="..\..\..\Biblioteki\assimp-3.1.1\code\CInterfaceIOWrapper.h">
      <Filter>Header Files\Assimp</Filter>
    </ClInclude>
    <ClInclude Include="..\..\..\Biblioteki\assimp-3.1.1\code\COBLoader.h">
      <Filter>Header Files\Assimp</Filter>
    </ClInclude>
    <ClInclude Include="..\..\..\Biblioteki\assimp-3.1.1\code\COBScene.h">
      <Filter>Header Files\Assimp</Filter>
    </ClInclude>
    <ClInclude Include="..\..\..\Biblioteki\assimp-3.1.1\code\ColladaExporter.h">
      <Filter>Header Files\Assimp</Filter>
    </ClInclude>
    <ClInclude Include="..\..\..\Biblioteki\assimp-3.1.1\code\ColladaHelper.h">
      <Filter>Header Files\Assimp</Filter>
    </ClInclude>
    <ClInclude Include="..\..\..\Biblioteki\assimp-3.1.1\code\ColladaLoader.h">
      <Filter>Header Files\Assimp</Filter>
    </ClInclude>
    <ClInclude Include="..\..\..\Biblioteki\assimp-3.1.1\code\ColladaParser.h">
      <Filter>Header Files\Assimp</Filter>
    </ClInclude>
    <ClInclude Include="..\..\..\Biblioteki\assimp-3.1.1\code\ComputeUVMappingProcess.h">
      <Filter>Header Files\Assimp</Filter>
    </ClInclude>
    <ClInclude Include="..\..\..\Biblioteki\assimp-3.1.1\code\ConvertToLHProcess.h">
      <Filter>Header Files\Assimp</Filter>
    </ClInclude>
    <ClInclude Include="..\..\..\Biblioteki\assimp-3.1.1\code\CSMLoader.h">
      <Filter>Header Files\Assimp</Filter>
    </ClInclude>
    <ClInclude Include="..\..\..\Biblioteki\assimp-3.1.1\code\DeboneProcess.h">
      <Filter>Header Files\Assimp</Filter>
    </ClInclude>
    <ClInclude Include="..\..\..\Biblioteki\assimp-3.1.1\code\DefaultIOStream.h">
      <Filter>Header Files\Assimp</Filter>
    </ClInclude>
    <ClInclude Include="..\..\..\Biblioteki\assimp-3.1.1\code\DefaultIOSystem.h">
      <Filter>Header Files\Assimp</Filter>
    </ClInclude>
    <ClInclude Include="..\..\..\Biblioteki\assimp-3.1.1\code\DefaultProgressHandler.h">
      <Filter>Header Files\Assimp</Filter>
    </ClInclude>
    <ClInclude Include="..\..\..\Biblioteki\assimp-3.1.1\code\DXFHelper.h">
      <Filter>Header Files\Assimp</Filter>
    </ClInclude>
    <ClInclude Include="..\..\..\Biblioteki\assimp-3.1.1\code\DXFLoader.h">
      <Filter>Header Files\Assimp</Filter>
    </ClInclude>
    <ClInclude Include="..\..\..\Biblioteki\assimp-3.1.1\code\Exceptional.h">
      <Filter>Header Files\Assimp</Filter>
    </ClInclude>
    <ClInclude Include="..\..\..\Biblioteki\assimp-3.1.1\code\fast_atof.h">
      <Filter>Header Files\Assimp</Filter>
    </ClInclude>
    <ClInclude Include="..\..\..\Biblioteki\assimp-3.1.1\code\FBXCompileConfig.h">
      <Filter>Header Files\Assimp</Filter>
    </ClInclude>
    <ClInclude Include="..\..\..\Biblioteki\assimp-3.1.1\code\FBXConverter.h">
      <Filter>Header Files\Assimp</Filter>
    </ClInclude>
    <ClInclude Include="..\..\..\Biblioteki\assimp-3.1.1\code\FBXDocument.h">
      <Filter>Header Files\Assimp</Filter>
    </ClInclude>
    <ClInclude Include="..\..\..\Biblioteki\assimp-3.1.1\code\FBXDocumentUtil.h">
      <Filter>Header Files\Assimp</Filter>
    </ClInclude>
    <ClInclude Include="..\..\..\Biblioteki\assimp-3.1.1\code\FBXImporter.h">
      <Filter>Header Files\Assimp</Filter>
    </ClInclude>
    <ClInclude Include="..\..\..\Biblioteki\assimp-3.1.1\code\FBXImportSettings.h">
      <Filter>Header Files\Assimp</Filter>
    </ClInclude>
    <ClInclude Include="..\..\..\Biblioteki\assimp-3.1.1\code\FBXParser.h">
      <Filter>Header Files\Assimp</Filter>
    </ClInclude>
    <ClInclude Include="..\..\..\Biblioteki\assimp-3.1.1\code\FBXProperties.h">
      <Filter>Header Files\Assimp</Filter>
    </ClInclude>
    <ClInclude Include="..\..\..\Biblioteki\assimp-3.1.1\code\FBXTokenizer.h">
      <Filter>Header Files\Assimp</Filter>
    </ClInclude>
    <ClInclude Include="..\..\..\Biblioteki\assimp-3.1.1\code\FBXUtil.h">
      <Filter>Header Files\Assimp</Filter>
    </ClInclude>
    <ClInclude Include="..\..\..\Biblioteki\assimp-3.1.1\code\FileLogStream.h">
      <Filter>Header Files\Assimp</Filter>
    </ClInclude>
    <ClInclude Include="..\..\..\Biblioteki\assimp-3.1.1\code\FileSystemFilter.h">
      <Filter>Header Files\Assimp</Filter>
    </ClInclude>
    <ClInclude Include="..\..\..\Biblioteki\assimp-3.1.1\code\FindDegenerates.h">
      <Filter>Header Files\Assimp</Filter>
    </ClInclude>
    <ClInclude Include="..\..\..\Biblioteki\assimp-3.1.1\code\FindInstancesProcess.h">
      <Filter>Header Files\Assimp</Filter>
    </ClInclude>
    <ClInclude Include="..\..\..\Biblioteki\assimp-3.1.1\code\FindInvalidDataProcess.h">
      <Filter>Header Files\Assimp</Filter>
    </ClInclude>
    <ClInclude Include="..\..\..\Biblioteki\assimp-3.1.1\code\FixNormalsStep.h">
      <Filter>Header Files\Assimp</Filter>
    </ClInclude>
    <ClInclude Include="..\..\..\Biblioteki\assimp-3.1.1\code\GenericProperty.h">
      <Filter>Header Files\Assimp</Filter>
    </ClInclude>
    <ClInclude Include="..\..\..\Biblioteki\assimp-3.1.1\code\GenFaceNormalsProcess.h">
      <Filter>Header Files\Assimp</Filter>
    </ClInclude>
    <ClInclude Include="..\..\..\Biblioteki\assimp-3.1.1\code\GenVertexNormalsProcess.h">
      <Filter>Header Files\Assimp</Filter>
    </ClInclude>
    <ClInclude Include="..\..\..\Biblioteki\assimp-3.1.1\code\HalfLifeFileData.h">
      <Filter>Header Files\Assimp</Filter>
    </ClInclude>
    <ClInclude Include="..\..\..\Biblioteki\assimp-3.1.1\code\Hash.h">
      <Filter>Header Files\Assimp</Filter>
    </ClInclude>
    <ClInclude Include="..\..\..\Biblioteki\assimp-3.1.1\code\HMPFileData.h">
      <Filter>Header Files\Assimp</Filter>
    </ClInclude>
    <ClInclude Include="..\..\..\Biblioteki\assimp-3.1.1\code\HMPLoader.h">
      <Filter>Header Files\Assimp</Filter>
    </ClInclude>
    <ClInclude Include="..\..\..\Biblioteki\assimp-3.1.1\code\IFCLoader.h">
      <Filter>Header Files\Assimp</Filter>
    </ClInclude>
    <ClInclude Include="..\..\..\Biblioteki\assimp-3.1.1\code\IFCReaderGen.h">
      <Filter>Header Files\Assimp</Filter>
    </ClInclude>
    <ClInclude Include="..\..\..\Biblioteki\assimp-3.1.1\code\IFCUtil.h">
      <Filter>Header Files\Assimp</Filter>
    </ClInclude>
    <ClInclude Include="..\..\..\Biblioteki\assimp-3.1.1\code\IFF.h">
      <Filter>Header Files\Assimp</Filter>
    </ClInclude>
    <ClInclude Include="..\..\..\Biblioteki\assimp-3.1.1\code\Importer.h">
      <Filter>Header Files\Assimp</Filter>
    </ClInclude>
    <ClInclude Include="..\..\..\Biblioteki\assimp-3.1.1\code\ImproveCacheLocality.h">
      <Filter>Header Files\Assimp</Filter>
    </ClInclude>
    <ClInclude Include="..\..\..\Biblioteki\assimp-3.1.1\code\IRRLoader.h">
      <Filter>Header Files\Assimp</Filter>
    </ClInclude>
    <ClInclude Include="..\..\..\Biblioteki\assimp-3.1.1\code\IRRMeshLoader.h">
      <Filter>Header Files\Assimp</Filter>
    </ClInclude>
    <ClInclude Include="..\..\..\Biblioteki\assimp-3.1.1\code\IRRShared.h">
      <Filter>Header Files\Assimp</Filter>
    </ClInclude>
    <ClInclude Include="..\..\..\Biblioteki\assimp-3.1.1\code\irrXMLWrapper.h">
      <Filter>Header Files\Assimp</Filter>
    </ClInclude>
    <ClInclude Include="..\..\..\Biblioteki\assimp-3.1.1\code\JoinVerticesProcess.h">
      <Filter>Header Files\Assimp</Filter>
    </ClInclude>
    <ClInclude Include="..\..\..\Biblioteki\assimp-3.1.1\code\LimitBoneWeightsProcess.h">
      <Filter>Header Files\Assimp</Filter>
    </ClInclude>
    <ClInclude Include="..\..\..\Biblioteki\assimp-3.1.1\code\LineSplitter.h">
      <Filter>Header Files\Assimp</Filter>
    </ClInclude>
    <ClInclude Include="..\..\..\Biblioteki\assimp-3.1.1\code\LogAux.h">
      <Filter>Header Files\Assimp</Filter>
    </ClInclude>
    <ClInclude Include="..\..\..\Biblioteki\assimp-3.1.1\code\LWOAnimation.h">
      <Filter>Header Files\Assimp</Filter>
    </ClInclude>
    <ClInclude Include="..\..\..\Biblioteki\assimp-3.1.1\code\LWOFileData.h">
      <Filter>Header Files\Assimp</Filter>
    </ClInclude>
    <ClInclude Include="..\..\..\Biblioteki\assimp-3.1.1\code\LWOLoader.h">
      <Filter>Header Files\Assimp</Filter>
    </ClInclude>
    <ClInclude Include="..\..\..\Biblioteki\assimp-3.1.1\code\LWSLoader.h">
      <Filter>Header Files\Assimp</Filter>
    </ClInclude>
    <ClInclude Include="..\..\..\Biblioteki\assimp-3.1.1\code\MakeVerboseFormat.h">
      <Filter>Header Files\Assimp</Filter>
    </ClInclude>
    <ClInclude Include="..\..\..\Biblioteki\assimp-3.1.1\code\MaterialSystem.h">
      <Filter>Header Files\Assimp</Filter>
    </ClInclude>
    <ClInclude Include="..\..\..\Biblioteki\assimp-3.1.1\code\MD2FileData.h">
      <Filter>Header Files\Assimp</Filter>
    </ClInclude>
    <ClInclude Include="..\..\..\Biblioteki\assimp-3.1.1\code\MD2Loader.h">
      <Filter>Header Files\Assimp</Filter>
    </ClInclude>
    <ClInclude Include="..\..\..\Biblioteki\assimp-3.1.1\code\MD2NormalTable.h">
      <Filter>Header Files\Assimp</Filter>
    </ClInclude>
    <ClInclude Include="..\..\..\Biblioteki\assimp-3.1.1\code\MD3FileData.h">
      <Filter>Header Files\Assimp</Filter>
    </ClInclude>
    <ClInclude Include="..\..\..\Biblioteki\assimp-3.1.1\code\MD3Loader.h">
      <Filter>Header Files\Assimp</Filter>
    </ClInclude>
    <ClInclude Include="..\..\..\Biblioteki\assimp-3.1.1\code\MD4FileData.h">
      <Filter>Header Files\Assimp</Filter>
    </ClInclude>
    <ClInclude Include="..\..\..\Biblioteki\assimp-3.1.1\code\MD5Loader.h">
      <Filter>Header Files\Assimp</Filter>
    </ClInclude>
    <ClInclude Include="..\..\..\Biblioteki\assimp-3.1.1\code\MD5Parser.h">
      <Filter>Header Files\Assimp</Filter>
    </ClInclude>
    <ClInclude Include="..\..\..\Biblioteki\assimp-3.1.1\code\MDCFileData.h">
      <Filter>Header Files\Assimp</Filter>
    </ClInclude>
    <ClInclude Include="..\..\..\Biblioteki\assimp-3.1.1\code\MDCLoader.h">
      <Filter>Header Files\Assimp</Filter>
    </ClInclude>
    <ClInclude Include="..\..\..\Biblioteki\assimp-3.1.1\code\MDCNormalTable.h">
      <Filter>Header Files\Assimp</Filter>
    </ClInclude>
    <ClInclude Include="..\..\..\Biblioteki\assimp-3.1.1\code\MDLDefaultColorMap.h">
      <Filter>Header Files\Assimp</Filter>
    </ClInclude>
    <ClInclude Include="..\..\..\Biblioteki\assimp-3.1.1\code\MDLFileData.h">
      <Filter>Header Files\Assimp</Filter>
    </ClInclude>
    <ClInclude Include="..\..\..\Biblioteki\assimp-3.1.1\code\MDLLoader.h">
      <Filter>Header Files\Assimp</Filter>
    </ClInclude>
    <ClInclude Include="..\..\..\Biblioteki\assimp-3.1.1\code\MemoryIOWrapper.h">
      <Filter>Header Files\Assimp</Filter>
    </ClInclude>
    <ClInclude Include="..\..\..\Biblioteki\assimp-3.1.1\code\MS3DLoader.h">
      <Filter>Header Files\Assimp</Filter>
    </ClInclude>
    <ClInclude Include="..\..\..\Biblioteki\assimp-3.1.1\code\NDOLoader.h">
      <Filter>Header Files\Assimp</Filter>
    </ClInclude>
    <ClInclude Include="..\..\..\Biblioteki\assimp-3.1.1\code\NFFLoader.h">
      <Filter>Header Files\Assimp</Filter>
    </ClInclude>
    <ClInclude Include="..\..\..\Biblioteki\assimp-3.1.1\code\ObjExporter.h">
      <Filter>Header Files\Assimp</Filter>
    </ClInclude>
    <ClInclude Include="..\..\..\Biblioteki\assimp-3.1.1\code\ObjFileData.h">
      <Filter>Header Files\Assimp</Filter>
    </ClInclude>
    <ClInclude Include="..\..\..\Biblioteki\assimp-3.1.1\code\ObjFileImporter.h">
      <Filter>Header Files\Assimp</Filter>
    </ClInclude>
    <ClInclude Include="..\..\..\Biblioteki\assimp-3.1.1\code\ObjFileMtlImporter.h">
      <Filter>Header Files\Assimp</Filter>
    </ClInclude>
    <ClInclude Include="..\..\..\Biblioteki\assimp-3.1.1\code\ObjFileParser.h">
      <Filter>Header Files\Assimp</Filter>
    </ClInclude>
    <ClInclude Include="..\..\..\Biblioteki\assimp-3.1.1\code\ObjTools.h">
      <Filter>Header Files\Assimp</Filter>
    </ClInclude>
    <ClInclude Include="..\..\..\Biblioteki\assimp-3.1.1\code\OFFLoader.h">
      <Filter>Header Files\Assimp</Filter>
    </ClInclude>
    <ClInclude Include="..\..\..\Biblioteki\assimp-3.1.1\code\OgreBinarySerializer.h">
      <Filter>Header Files\Assimp</Filter>
    </ClInclude>
    <ClInclude Include="..\..\..\Biblioteki\assimp-3.1.1\code\OgreImporter.h">
      <Filter>Header Files\Assimp</Filter>
    </ClInclude>
    <ClInclude Include="..\..\..\Biblioteki\assimp-3.1.1\code\OgreParsingUtils.h">
      <Filter>Header Files\Assimp</Filter>
    </ClInclude>
    <ClInclude Include="..\..\..\Biblioteki\assimp-3.1.1\code\OgreStructs.h">
      <Filter>Header Files\Assimp</Filter>
    </ClInclude>
    <ClInclude Include="..\..\..\Biblioteki\assimp-3.1.1\code\OgreXmlSerializer.h">
      <Filter>Header Files\Assimp</Filter>
    </ClInclude>
    <ClInclude Include="..\..\..\Biblioteki\assimp-3.1.1\code\OptimizeGraph.h">
      <Filter>Header Files\Assimp</Filter>
    </ClInclude>
    <ClInclude Include="..\..\..\Biblioteki\assimp-3.1.1\code\OptimizeMeshes.h">
      <Filter>Header Files\Assimp</Filter>
    </ClInclude>
    <ClInclude Include="..\..\..\Biblioteki\assimp-3.1.1\code\ParsingUtils.h">
      <Filter>Header Files\Assimp</Filter>
    </ClInclude>
    <ClInclude Include="..\..\..\Biblioteki\assimp-3.1.1\code\PlyExporter.h">
      <Filter>Header Files\Assimp</Filter>
    </ClInclude>
    <ClInclude Include="..\..\..\Biblioteki\assimp-3.1.1\code\PlyLoader.h">
      <Filter>Header Files\Assimp</Filter>
    </ClInclude>
    <ClInclude Include="..\..\..\Biblioteki\assimp-3.1.1\code\PlyParser.h">
      <Filter>Header Files\Assimp</Filter>
    </ClInclude>
    <ClInclude Include="..\..\..\Biblioteki\assimp-3.1.1\code\PolyTools.h">
      <Filter>Header Files\Assimp</Filter>
    </ClInclude>
    <ClInclude Include="..\..\..\Biblioteki\assimp-3.1.1\code\PretransformVertices.h">
      <Filter>Header Files\Assimp</Filter>
    </ClInclude>
    <ClInclude Include="..\..\..\Biblioteki\assimp-3.1.1\code\ProcessHelper.h">
      <Filter>Header Files\Assimp</Filter>
    </ClInclude>
    <ClInclude Include="..\..\..\Biblioteki\assimp-3.1.1\code\Profiler.h">
      <Filter>Header Files\Assimp</Filter>
    </ClInclude>
    <ClInclude Include="..\..\..\Biblioteki\assimp-3.1.1\code\Q3BSPFileData.h">
      <Filter>Header Files\Assimp</Filter>
    </ClInclude>
    <ClInclude Include="..\..\..\Biblioteki\assimp-3.1.1\code\Q3BSPFileImporter.h">
      <Filter>Header Files\Assimp</Filter>
    </ClInclude>
    <ClInclude Include="..\..\..\Biblioteki\assimp-3.1.1\code\Q3BSPFileParser.h">
      <Filter>Header Files\Assimp</Filter>
    </ClInclude>
    <ClInclude Include="..\..\..\Biblioteki\assimp-3.1.1\code\Q3BSPZipArchive.h">
      <Filter>Header Files\Assimp</Filter>
    </ClInclude>
    <ClInclude Include="..\..\..\Biblioteki\assimp-3.1.1\code\Q3DLoader.h">
      <Filter>Header Files\Assimp</Filter>
    </ClInclude>
    <ClInclude Include="..\..\..\Biblioteki\assimp-3.1.1\code\qnan.h">
      <Filter>Header Files\Assimp</Filter>
    </ClInclude>
    <ClInclude Include="..\..\..\Biblioteki\assimp-3.1.1\code\RawLoader.h">
      <Filter>Header Files\Assimp</Filter>
    </ClInclude>
    <ClInclude Include="..\..\..\Biblioteki\assimp-3.1.1\code\RemoveComments.h">
      <Filter>Header Files\Assimp</Filter>
    </ClInclude>
    <ClInclude Include="..\..\..\Biblioteki\assimp-3.1.1\code\RemoveRedundantMaterials.h">
      <Filter>Header Files\Assimp</Filter>
    </ClInclude>
    <ClInclude Include="..\..\..\Biblioteki\assimp-3.1.1\code\RemoveVCProcess.h">
      <Filter>Header Files\Assimp</Filter>
    </ClInclude>
    <ClInclude Include="..\..\..\Biblioteki\assimp-3.1.1\code\SceneCombiner.h">
      <Filter>Header Files\Assimp</Filter>
    </ClInclude>
    <ClInclude Include="..\..\..\Biblioteki\assimp-3.1.1\code\ScenePreprocessor.h">
      <Filter>Header Files\Assimp</Filter>
    </ClInclude>
    <ClInclude Include="..\..\..\Biblioteki\assimp-3.1.1\code\ScenePrivate.h">
      <Filter>Header Files\Assimp</Filter>
    </ClInclude>
    <ClInclude Include="..\..\..\Biblioteki\assimp-3.1.1\code\SGSpatialSort.h">
      <Filter>Header Files\Assimp</Filter>
    </ClInclude>
    <ClInclude Include="..\..\..\Biblioteki\assimp-3.1.1\code\SkeletonMeshBuilder.h">
      <Filter>Header Files\Assimp</Filter>
    </ClInclude>
    <ClInclude Include="..\..\..\Biblioteki\assimp-3.1.1\code\SMDLoader.h">
      <Filter>Header Files\Assimp</Filter>
    </ClInclude>
    <ClInclude Include="..\..\..\Biblioteki\assimp-3.1.1\code\SmoothingGroups.h">
      <Filter>Header Files\Assimp</Filter>
    </ClInclude>
    <ClInclude Include="..\..\..\Biblioteki\assimp-3.1.1\code\SortByPTypeProcess.h">
      <Filter>Header Files\Assimp</Filter>
    </ClInclude>
    <ClInclude Include="..\..\..\Biblioteki\assimp-3.1.1\code\SpatialSort.h">
      <Filter>Header Files\Assimp</Filter>
    </ClInclude>
    <ClInclude Include="..\..\..\Biblioteki\assimp-3.1.1\code\SplitByBoneCountProcess.h">
      <Filter>Header Files\Assimp</Filter>
    </ClInclude>
    <ClInclude Include="..\..\..\Biblioteki\assimp-3.1.1\code\SplitLargeMeshes.h">
      <Filter>Header Files\Assimp</Filter>
    </ClInclude>
    <ClInclude Include="..\..\..\Biblioteki\assimp-3.1.1\code\StandardShapes.h">
      <Filter>Header Files\Assimp</Filter>
    </ClInclude>
    <ClInclude Include="..\..\..\Biblioteki\assimp-3.1.1\code\StdOStreamLogStream.h">
      <Filter>Header Files\Assimp</Filter>
    </ClInclude>
    <ClInclude Include="..\..\..\Biblioteki\assimp-3.1.1\code\STEPFile.h">
      <Filter>Header Files\Assimp</Filter>
    </ClInclude>
    <ClInclude Include="..\..\..\Biblioteki\assimp-3.1.1\code\STEPFileEncoding.h">
      <Filter>Header Files\Assimp</Filter>
    </ClInclude>
    <ClInclude Include="..\..\..\Biblioteki\assimp-3.1.1\code\STEPFileReader.h">
      <Filter>Header Files\Assimp</Filter>
    </ClInclude>
    <ClInclude Include="..\..\..\Biblioteki\assimp-3.1.1\code\STLExporter.h">
      <Filter>Header Files\Assimp</Filter>
    </ClInclude>
    <ClInclude Include="..\..\..\Biblioteki\assimp-3.1.1\code\STLLoader.h">
      <Filter>Header Files\Assimp</Filter>
    </ClInclude>
    <ClInclude Include="..\..\..\Biblioteki\assimp-3.1.1\code\StreamReader.h">
      <Filter>Header Files\Assimp</Filter>
    </ClInclude>
    <ClInclude Include="..\..\..\Biblioteki\assimp-3.1.1\code\StringComparison.h">
      <Filter>Header Files\Assimp</Filter>
    </ClInclude>
    <ClInclude Include="..\..\..\Biblioteki\assimp-3.1.1\code\Subdivision.h">
      <Filter>Header Files\Assimp</Filter>
    </ClInclude>
    <ClInclude Include="..\..\..\Biblioteki\assimp-3.1.1\code\TargetAnimation.h">
      <Filter>Header Files\Assimp</Filter>
    </ClInclude>
    <ClInclude Include="..\..\..\Biblioteki\assimp-3.1.1\code\TerragenLoader.h">
      <Filter>Header Files\Assimp</Filter>
    </ClInclude>
    <ClInclude Include="..\..\..\Biblioteki\assimp-3.1.1\code\TextureTransform.h">
      <Filter>Header Files\Assimp</Filter>
    </ClInclude>
    <ClInclude Include="..\..\..\Biblioteki\assimp-3.1.1\code\TinyFormatter.h">
      <Filter>Header Files\Assimp</Filter>
    </ClInclude>
    <ClInclude Include="..\..\..\Biblioteki\assimp-3.1.1\code\TriangulateProcess.h">
      <Filter>Header Files\Assimp</Filter>
    </ClInclude>
    <ClInclude Include="..\..\..\Biblioteki\assimp-3.1.1\code\UnrealLoader.h">
      <Filter>Header Files\Assimp</Filter>
    </ClInclude>
    <ClInclude Include="..\..\..\Biblioteki\assimp-3.1.1\code\ValidateDataStructure.h">
      <Filter>Header Files\Assimp</Filter>
    </ClInclude>
    <ClInclude Include="..\..\..\Biblioteki\assimp-3.1.1\code\Vertex.h">
      <Filter>Header Files\Assimp</Filter>
    </ClInclude>
    <ClInclude Include="..\..\..\Biblioteki\assimp-3.1.1\code\VertexTriangleAdjacency.h">
      <Filter>Header Files\Assimp</Filter>
    </ClInclude>
    <ClInclude Include="..\..\..\Biblioteki\assimp-3.1.1\code\Win32DebugLogStream.h">
      <Filter>Header Files\Assimp</Filter>
    </ClInclude>
    <ClInclude Include="..\..\..\Biblioteki\assimp-3.1.1\code\XFileHelper.h">
      <Filter>Header Files\Assimp</Filter>
    </ClInclude>
    <ClInclude Include="..\..\..\Biblioteki\assimp-3.1.1\code\XFileImporter.h">
      <Filter>Header Files\Assimp</Filter>
    </ClInclude>
    <ClInclude Include="..\..\..\Biblioteki\assimp-3.1.1\code\XFileParser.h">
      <Filter>Header Files\Assimp</Filter>
    </ClInclude>
    <ClInclude Include="..\..\..\Biblioteki\assimp-3.1.1\code\XGLLoader.h">
      <Filter>Header Files\Assimp</Filter>
    </ClInclude>
    <ClInclude Include="..\..\..\Biblioteki\assimp-3.1.1\contrib\clipper\clipper.hpp">
      <Filter>Header Files\Assimp\contrib</Filter>
    </ClInclude>
    <ClInclude Include="..\..\..\Biblioteki\assimp-3.1.1\contrib\ConvertUTF\ConvertUTF.h">
      <Filter>Header Files\Assimp\contrib</Filter>
    </ClInclude>
    <ClInclude Include="..\..\..\Biblioteki\assimp-3.1.1\contrib\irrXML\irrTypes.h">
      <Filter>Header Files\Assimp\contrib</Filter>
    </ClInclude>
    <ClInclude Include="..\..\..\Biblioteki\assimp-3.1.1\contrib\irrXML\CXMLReaderImpl.h">
      <Filter>Header Files\Assimp\contrib</Filter>
    </ClInclude>
    <ClInclude Include="..\..\..\Biblioteki\assimp-3.1.1\contrib\irrXML\heapsort.h">
      <Filter>Header Files\Assimp\contrib</Filter>
    </ClInclude>
    <ClInclude Include="..\..\..\Biblioteki\assimp-3.1.1\contrib\irrXML\irrArray.h">
      <Filter>Header Files\Assimp\contrib</Filter>
    </ClInclude>
    <ClInclude Include="..\..\..\Biblioteki\assimp-3.1.1\contrib\irrXML\irrString.h">
      <Filter>Header Files\Assimp\contrib</Filter>
    </ClInclude>
    <ClInclude Include="..\..\..\Biblioteki\assimp-3.1.1\contrib\irrXML\irrXML.h">
      <Filter>Header Files\Assimp\contrib</Filter>
    </ClInclude>
    <ClInclude Include="..\..\..\Biblioteki\assimp-3.1.1\contrib\unzip\crypt.h">
      <Filter>Header Files\Assimp\contrib</Filter>
    </ClInclude>
    <ClInclude Include="..\..\..\Biblioteki\assimp-3.1.1\contrib\unzip\ioapi.h">
      <Filter>Header Files\Assimp\contrib</Filter>
    </ClInclude>
    <ClInclude Include="..\..\..\Biblioteki\assimp-3.1.1\contrib\unzip\unzip.h">
      <Filter>Header Files\Assimp\contrib</Filter>
    </ClInclude>
    <ClInclude Include="..\..\..\Biblioteki\assimp-3.1.1\contrib\zlib\crc32.h">
      <Filter>Header Files\Assimp\contrib</Filter>
    </ClInclude>
    <ClInclude Include="..\..\..\Biblioteki\assimp-3.1.1\contrib\zlib\deflate.h">
      <Filter>Header Files\Assimp\contrib</Filter>
    </ClInclude>
    <ClInclude Include="..\..\..\Biblioteki\assimp-3.1.1\contrib\zlib\gzguts.h">
      <Filter>Header Files\Assimp\contrib</Filter>
    </ClInclude>
    <ClInclude Include="..\..\..\Biblioteki\assimp-3.1.1\contrib\zlib\inffast.h">
      <Filter>Header Files\Assimp\contrib</Filter>
    </ClInclude>
    <ClInclude Include="..\..\..\Biblioteki\assimp-3.1.1\contrib\zlib\inffixed.h">
      <Filter>Header Files\Assimp\contrib</Filter>
    </ClInclude>
    <ClInclude Include="..\..\..\Biblioteki\assimp-3.1.1\contrib\zlib\inflate.h">
      <Filter>Header Files\Assimp\contrib</Filter>
    </ClInclude>
    <ClInclude Include="..\..\..\Biblioteki\assimp-3.1.1\contrib\zlib\inftrees.h">
      <Filter>Header Files\Assimp\contrib</Filter>
    </ClInclude>
    <ClInclude Include="..\..\..\Biblioteki\assimp-3.1.1\contrib\zlib\trees.h">
      <Filter>Header Files\Assimp\contrib</Filter>
    </ClInclude>
    <ClInclude Include="..\..\..\Biblioteki\assimp-3.1.1\contrib\zlib\zconf.h">
      <Filter>Header Files\Assimp\contrib</Filter>
    </ClInclude>
    <ClInclude Include="..\..\..\Biblioteki\assimp-3.1.1\contrib\zlib\zlib.h">
      <Filter>Header Files\Assimp\contrib</Filter>
    </ClInclude>
    <ClInclude Include="..\..\..\Biblioteki\assimp-3.1.1\contrib\zlib\zutil.h">
      <Filter>Header Files\Assimp\contrib</Filter>
    </ClInclude>
    <ClInclude Include="..\..\..\Biblioteki\assimp-3.1.1\contrib\poly2tri\poly2tri\sweep\advancing_front.h">
      <Filter>Header Files\Assimp\contrib</Filter>
    </ClInclude>
    <ClInclude Include="..\..\..\Biblioteki\assimp-3.1.1\contrib\poly2tri\poly2tri\sweep\cdt.h">
      <Filter>Header Files\Assimp\contrib</Filter>
    </ClInclude>
    <ClInclude Include="..\..\..\Biblioteki\assimp-3.1.1\contrib\poly2tri\poly2tri\sweep\sweep.h">
      <Filter>Header Files\Assimp\contrib</Filter>
    </ClInclude>
    <ClInclude Include="..\..\..\Biblioteki\assimp-3.1.1\contrib\poly2tri\poly2tri\sweep\sweep_context.h">
      <Filter>Header Files\Assimp\contrib</Filter>
    </ClInclude>
    <ClInclude Include="..\..\..\Biblioteki\assimp-3.1.1\contrib\poly2tri\poly2tri\common\shapes.h">
      <Filter>Header Files\Assimp\contrib</Filter>
    </ClInclude>
    <ClInclude Include="..\..\..\Biblioteki\assimp-3.1.1\contrib\poly2tri\poly2tri\common\utils.h">
      <Filter>Header Files\Assimp\contrib</Filter>
    </ClInclude>
    <ClInclude Include="MyOBJFileParser.h">
      <Filter>Header Files\Mesh\Parsers</Filter>
    </ClInclude>
    <ClInclude Include="MyDAEFileParser.h">
      <Filter>Header Files\Mesh\Parsers</Filter>
    </ClInclude>
    <ClInclude Include="Direct3DUtil.h">
      <Filter>Header Files\Renderer</Filter>
    </ClInclude>
    <ClInclude Include="MyXAFFileParser.h">
      <Filter>Header Files\Mesh\Parsers</Filter>
    </ClInclude>
    <ClInclude Include="rapidxml.hpp">
      <Filter>Header Files\XMLParser</Filter>
    </ClInclude>
    <ClInclude Include="rapidxml_iterators.hpp">
      <Filter>Header Files\XMLParser</Filter>
    </ClInclude>
    <ClInclude Include="rapidxml_print.hpp">
      <Filter>Header Files\XMLParser</Filter>
    </ClInclude>
    <ClInclude Include="rapidxml_utils.hpp">
      <Filter>Header Files\XMLParser</Filter>
    </ClInclude>
    <ClInclude Include="BlockMesh.h">
      <Filter>Header Files\Mesh\BlockMesh</Filter>
    </ClInclude>
    <ClInclude Include="BlockMeshLOD.h">
      <Filter>Header Files\Mesh\BlockMesh</Filter>
    </ClInclude>
    <ClInclude Include="SkeletonAnimation.h">
      <Filter>Header Files\Mesh\Skeleton</Filter>
    </ClInclude>
    <ClInclude Include="SkeletonPose.h">
      <Filter>Header Files\Mesh\Skeleton</Filter>
    </ClInclude>
    <ClInclude Include="SkeletonMesh.h">
      <Filter>Header Files\Mesh\Skeleton</Filter>
    </ClInclude>
    <ClInclude Include="SkeletonMeshVertexShader.h">
      <Filter>Header Files\Shader\SkeletonMeshShaders</Filter>
    </ClInclude>
    <ClInclude Include="SkeletonMeshFragmentShader.h">
      <Filter>Header Files\Shader\SkeletonMeshShaders</Filter>
    </ClInclude>
    <ClInclude Include="RenderTargetTexture2D.h">
      <Filter>Header Files\Texture</Filter>
    </ClInclude>
    <ClInclude Include="RenderTargetDepthTexture2D.h">
      <Filter>Header Files\Texture</Filter>
    </ClInclude>
    <ClInclude Include="Direct3DRendererCore.h">
      <Filter>Header Files\Renderer</Filter>
    </ClInclude>
    <ClInclude Include="Direct3DDefferedRenderer.h">
      <Filter>Header Files\Renderer</Filter>
    </ClInclude>
    <ClInclude Include="Direct3DFrameRenderer.h">
      <Filter>Header Files\Renderer</Filter>
    </ClInclude>
    <ClInclude Include="RectangleMesh.h">
      <Filter>Header Files\Mesh\RectangleMesh</Filter>
    </ClInclude>
    <ClInclude Include="RenderTarget2D.h">
      <Filter>Header Files\Texture</Filter>
    </ClInclude>
    <ClInclude Include="RenderTargetDepth2D.h">
      <Filter>Header Files\Texture</Filter>
    </ClInclude>
    <ClInclude Include="TextureVertexShader.h">
      <Filter>Header Files\Shader\TextureShader</Filter>
    </ClInclude>
    <ClInclude Include="TextureFragmentShader.h">
      <Filter>Header Files\Shader\TextureShader</Filter>
    </ClInclude>
    <ClInclude Include="ImageLibrary.h">
      <Filter>Header Files\Libraries</Filter>
    </ClInclude>
    <ClInclude Include="FontLibrary.h">
      <Filter>Header Files\Libraries</Filter>
    </ClInclude>
    <ClInclude Include="SkeletonMeshEnums.h">
      <Filter>Header Files\Enums</Filter>
    </ClInclude>
    <ClInclude Include="quat.h">
      <Filter>Header Files\Math</Filter>
    </ClInclude>
    <ClInclude Include="TextFile.h">
      <Filter>Header Files\File</Filter>
    </ClInclude>
    <ClInclude Include="BinaryFile.h">
      <Filter>Header Files\File</Filter>
    </ClInclude>
    <ClInclude Include="ModelTexture2DParser.h">
      <Filter>Header Files\Model\Parsers</Filter>
    </ClInclude>
    <ClInclude Include="BlockModelParser.h">
      <Filter>Header Files\Model\Parsers</Filter>
    </ClInclude>
    <ClInclude Include="SkeletonModelParser.h">
      <Filter>Header Files\Model\Parsers</Filter>
    </ClInclude>
    <ClInclude Include="SkeletonModelVertexShader.h">
      <Filter>Header Files\Shader\SkeletonModelShaders</Filter>
    </ClInclude>
    <ClInclude Include="SkeletonModelFragmentShader.h">
      <Filter>Header Files\Shader\SkeletonModelShaders</Filter>
    </ClInclude>
    <ClInclude Include="BlockMeshFileInfo.h">
      <Filter>Header Files\Mesh\BlockMesh</Filter>
    </ClInclude>
    <ClInclude Include="BlockMeshFileInfoParser.h">
      <Filter>Header Files\Mesh\Parsers</Filter>
    </ClInclude>
    <ClInclude Include="SkeletonMeshFileInfo.h">
      <Filter>Header Files\Mesh\Skeleton</Filter>
    </ClInclude>
    <ClInclude Include="SkeletonMeshFileInfoParser.h">
      <Filter>Header Files\Mesh\Parsers</Filter>
    </ClInclude>
    <ClInclude Include="Texture2DFileInfo.h">
      <Filter>Header Files\Texture</Filter>
    </ClInclude>
    <ClInclude Include="Texture2DFileInfoParser.h">
      <Filter>Header Files\Texture\Parsers</Filter>
    </ClInclude>
    <ClInclude Include="FileInfo.h">
      <Filter>Header Files\Asset</Filter>
    </ClInclude>
    <ClInclude Include="Asset.h">
      <Filter>Header Files\Asset</Filter>
    </ClInclude>
    <ClInclude Include="BlockModelFileInfo.h">
      <Filter>Header Files\Model</Filter>
    </ClInclude>
    <ClInclude Include="SkeletonModelFileInfo.h">
      <Filter>Header Files\Model</Filter>
    </ClInclude>
    <ClInclude Include="SkeletonAnimationFileInfo.h">
      <Filter>Header Files\Mesh\Skeleton</Filter>
    </ClInclude>
    <ClInclude Include="SkeletonAnimationFileInfoParser.h">
      <Filter>Header Files\Mesh\Parsers</Filter>
    </ClInclude>
    <ClInclude Include="SkeletonActor.h">
      <Filter>Header Files\Actor</Filter>
    </ClInclude>
    <ClInclude Include="BlockActor.h">
      <Filter>Header Files\Actor</Filter>
    </ClInclude>
    <ClInclude Include="Actor.h">
      <Filter>Header Files\Actor</Filter>
    </ClInclude>
    <ClInclude Include="CScene.h">
      <Filter>Header Files\Scene</Filter>
    </ClInclude>
    <ClInclude Include="SceneParser.h">
      <Filter>Header Files\Scene</Filter>
    </ClInclude>
    <ClInclude Include="BlockModelFileInfoParser.h">
      <Filter>Header Files\Model\Parsers</Filter>
    </ClInclude>
    <ClInclude Include="SkeletonModelFileInfoParser.h">
      <Filter>Header Files\Model\Parsers</Filter>
    </ClInclude>
    <ClInclude Include="PointLight.h">
      <Filter>Header Files\Light</Filter>
    </ClInclude>
    <ClInclude Include="Light.h">
      <Filter>Header Files\Light</Filter>
    </ClInclude>
    <ClInclude Include="PointLightParser.h">
      <Filter>Header Files\Light\Parsers</Filter>
    </ClInclude>
    <ClInclude Include="Renderer.h">
      <Filter>Header Files\Renderer</Filter>
    </ClInclude>
    <ClInclude Include="RaytraceRenderer.h">
      <Filter>Header Files\Renderer</Filter>
    </ClInclude>
    <ClInclude Include="ComputeShader.h">
      <Filter>Header Files\Shader</Filter>
    </ClInclude>
    <ClInclude Include="GenerateRaysComputeShader.h">
      <Filter>Header Files\Shader\GenerateRaysShader</Filter>
    </ClInclude>
    <ClInclude Include="ComputeTargetTexture2D.h">
      <Filter>Header Files\Texture</Filter>
    </ClInclude>
  </ItemGroup>
  <ItemGroup>
    <ClCompile Include="float2.cpp">
      <Filter>Source Files\Math</Filter>
    </ClCompile>
    <ClCompile Include="float3.cpp">
      <Filter>Source Files\Math</Filter>
    </ClCompile>
    <ClCompile Include="float4.cpp">
      <Filter>Source Files\Math</Filter>
    </ClCompile>
    <ClCompile Include="float33.cpp">
      <Filter>Source Files\Math</Filter>
    </ClCompile>
    <ClCompile Include="AssetManager.cpp">
      <Filter>Source Files\AssetManager</Filter>
    </ClCompile>
    <ClCompile Include="int3.cpp">
      <Filter>Source Files\Math</Filter>
    </ClCompile>
    <ClCompile Include="int2.cpp">
      <Filter>Source Files\Math</Filter>
    </ClCompile>
    <ClCompile Include="BlockModel.cpp">
      <Filter>Source Files\Model</Filter>
    </ClCompile>
    <ClCompile Include="Texture2D.cpp">
      <Filter>Source Files\Texture</Filter>
    </ClCompile>
    <ClCompile Include="ComplexModel.cpp">
      <Filter>Source Files\ComplexModel</Filter>
    </ClCompile>
    <ClCompile Include="BlockModelLOD.cpp">
      <Filter>Source Files\Model</Filter>
    </ClCompile>
    <ClCompile Include="float43.cpp">
      <Filter>Source Files\Math</Filter>
    </ClCompile>
    <ClCompile Include="Application.cpp">
      <Filter>Source Files\Application</Filter>
    </ClCompile>
    <ClCompile Include="main.cpp">
      <Filter>Source Files\Application</Filter>
    </ClCompile>
    <ClCompile Include="InputManager.cpp">
      <Filter>Source Files\Input</Filter>
    </ClCompile>
    <ClCompile Include="uint2.cpp">
      <Filter>Source Files\Math</Filter>
    </ClCompile>
    <ClCompile Include="uint3.cpp">
      <Filter>Source Files\Math</Filter>
    </ClCompile>
    <ClCompile Include="ModelTexture2D.cpp">
      <Filter>Source Files\Model</Filter>
    </ClCompile>
    <ClCompile Include="VertexShader.cpp">
      <Filter>Source Files\Shader</Filter>
    </ClCompile>
    <ClCompile Include="FragmentShader.cpp">
      <Filter>Source Files\Shader</Filter>
    </ClCompile>
    <ClCompile Include="BlockMeshFragmentShader.cpp">
      <Filter>Source Files\Shader\BlockMeshShaders</Filter>
    </ClCompile>
    <ClCompile Include="BlockMeshVertexShader.cpp">
      <Filter>Source Files\Shader\BlockMeshShaders</Filter>
    </ClCompile>
    <ClCompile Include="float44.cpp">
      <Filter>Source Files\Math</Filter>
    </ClCompile>
    <ClCompile Include="MathUtil.cpp">
      <Filter>Source Files\Math</Filter>
    </ClCompile>
    <ClCompile Include="BlockModelVertexShader.cpp">
      <Filter>Source Files\Shader\BlockModelShaders</Filter>
    </ClCompile>
    <ClCompile Include="BlockModelFragmentShader.cpp">
      <Filter>Source Files\Shader\BlockModelShaders</Filter>
    </ClCompile>
    <ClCompile Include="Camera.cpp">
      <Filter>Source Files\Camera</Filter>
    </ClCompile>
    <ClCompile Include="FreeCamera.cpp">
      <Filter>Source Files\Camera</Filter>
    </ClCompile>
    <ClCompile Include="Timer.cpp">
      <Filter>Source Files\Timer</Filter>
    </ClCompile>
    <ClCompile Include="StringUtil.cpp">
      <Filter>Source Files\String</Filter>
    </ClCompile>
    <ClCompile Include="Font.cpp">
      <Filter>Source Files\Font</Filter>
    </ClCompile>
    <ClCompile Include="TextVertexShader.cpp">
      <Filter>Source Files\Shader\TextShaders</Filter>
    </ClCompile>
    <ClCompile Include="TextFragmentShader.cpp">
      <Filter>Source Files\Shader\TextShaders</Filter>
    </ClCompile>
    <ClCompile Include="SkeletonModel.cpp">
      <Filter>Source Files\Model</Filter>
    </ClCompile>
    <ClCompile Include="..\..\..\Biblioteki\assimp-3.1.1\code\3DSConverter.cpp">
      <Filter>Source Files\Assimp</Filter>
    </ClCompile>
    <ClCompile Include="..\..\..\Biblioteki\assimp-3.1.1\code\3DSLoader.cpp">
      <Filter>Source Files\Assimp</Filter>
    </ClCompile>
    <ClCompile Include="..\..\..\Biblioteki\assimp-3.1.1\code\ACLoader.cpp">
      <Filter>Source Files\Assimp</Filter>
    </ClCompile>
    <ClCompile Include="..\..\..\Biblioteki\assimp-3.1.1\code\ASELoader.cpp">
      <Filter>Source Files\Assimp</Filter>
    </ClCompile>
    <ClCompile Include="..\..\..\Biblioteki\assimp-3.1.1\code\ASEParser.cpp">
      <Filter>Source Files\Assimp</Filter>
    </ClCompile>
    <ClCompile Include="..\..\..\Biblioteki\assimp-3.1.1\code\Assimp.cpp">
      <Filter>Source Files\Assimp</Filter>
    </ClCompile>
    <ClCompile Include="..\..\..\Biblioteki\assimp-3.1.1\code\AssimpCExport.cpp">
      <Filter>Source Files\Assimp</Filter>
    </ClCompile>
    <ClCompile Include="..\..\..\Biblioteki\assimp-3.1.1\code\AssimpPCH.cpp">
      <Filter>Source Files\Assimp</Filter>
    </ClCompile>
    <ClCompile Include="..\..\..\Biblioteki\assimp-3.1.1\code\B3DImporter.cpp">
      <Filter>Source Files\Assimp</Filter>
    </ClCompile>
    <ClCompile Include="..\..\..\Biblioteki\assimp-3.1.1\code\BaseImporter.cpp">
      <Filter>Source Files\Assimp</Filter>
    </ClCompile>
    <ClCompile Include="..\..\..\Biblioteki\assimp-3.1.1\code\BaseProcess.cpp">
      <Filter>Source Files\Assimp</Filter>
    </ClCompile>
    <ClCompile Include="..\..\..\Biblioteki\assimp-3.1.1\code\Bitmap.cpp">
      <Filter>Source Files\Assimp</Filter>
    </ClCompile>
    <ClCompile Include="..\..\..\Biblioteki\assimp-3.1.1\code\BlenderBMesh.cpp">
      <Filter>Source Files\Assimp</Filter>
    </ClCompile>
    <ClCompile Include="..\..\..\Biblioteki\assimp-3.1.1\code\BlenderDNA.cpp">
      <Filter>Source Files\Assimp</Filter>
    </ClCompile>
    <ClCompile Include="..\..\..\Biblioteki\assimp-3.1.1\code\BlenderLoader.cpp">
      <Filter>Source Files\Assimp</Filter>
    </ClCompile>
    <ClCompile Include="..\..\..\Biblioteki\assimp-3.1.1\code\BlenderModifier.cpp">
      <Filter>Source Files\Assimp</Filter>
    </ClCompile>
    <ClCompile Include="..\..\..\Biblioteki\assimp-3.1.1\code\BlenderScene.cpp">
      <Filter>Source Files\Assimp</Filter>
    </ClCompile>
    <ClCompile Include="..\..\..\Biblioteki\assimp-3.1.1\code\BlenderTessellator.cpp">
      <Filter>Source Files\Assimp</Filter>
    </ClCompile>
    <ClCompile Include="..\..\..\Biblioteki\assimp-3.1.1\code\BVHLoader.cpp">
      <Filter>Source Files\Assimp</Filter>
    </ClCompile>
    <ClCompile Include="..\..\..\Biblioteki\assimp-3.1.1\code\CalcTangentsProcess.cpp">
      <Filter>Source Files\Assimp</Filter>
    </ClCompile>
    <ClCompile Include="..\..\..\Biblioteki\assimp-3.1.1\code\COBLoader.cpp">
      <Filter>Source Files\Assimp</Filter>
    </ClCompile>
    <ClCompile Include="..\..\..\Biblioteki\assimp-3.1.1\code\ColladaExporter.cpp">
      <Filter>Source Files\Assimp</Filter>
    </ClCompile>
    <ClCompile Include="..\..\..\Biblioteki\assimp-3.1.1\code\ColladaLoader.cpp">
      <Filter>Source Files\Assimp</Filter>
    </ClCompile>
    <ClCompile Include="..\..\..\Biblioteki\assimp-3.1.1\code\ColladaParser.cpp">
      <Filter>Source Files\Assimp</Filter>
    </ClCompile>
    <ClCompile Include="..\..\..\Biblioteki\assimp-3.1.1\code\ComputeUVMappingProcess.cpp">
      <Filter>Source Files\Assimp</Filter>
    </ClCompile>
    <ClCompile Include="..\..\..\Biblioteki\assimp-3.1.1\code\ConvertToLHProcess.cpp">
      <Filter>Source Files\Assimp</Filter>
    </ClCompile>
    <ClCompile Include="..\..\..\Biblioteki\assimp-3.1.1\code\CSMLoader.cpp">
      <Filter>Source Files\Assimp</Filter>
    </ClCompile>
    <ClCompile Include="..\..\..\Biblioteki\assimp-3.1.1\code\DeboneProcess.cpp">
      <Filter>Source Files\Assimp</Filter>
    </ClCompile>
    <ClCompile Include="..\..\..\Biblioteki\assimp-3.1.1\code\DefaultIOStream.cpp">
      <Filter>Source Files\Assimp</Filter>
    </ClCompile>
    <ClCompile Include="..\..\..\Biblioteki\assimp-3.1.1\code\DefaultIOSystem.cpp">
      <Filter>Source Files\Assimp</Filter>
    </ClCompile>
    <ClCompile Include="..\..\..\Biblioteki\assimp-3.1.1\code\DefaultLogger.cpp">
      <Filter>Source Files\Assimp</Filter>
    </ClCompile>
    <ClCompile Include="..\..\..\Biblioteki\assimp-3.1.1\code\DXFLoader.cpp">
      <Filter>Source Files\Assimp</Filter>
    </ClCompile>
    <ClCompile Include="..\..\..\Biblioteki\assimp-3.1.1\code\Exporter.cpp">
      <Filter>Source Files\Assimp</Filter>
    </ClCompile>
    <ClCompile Include="..\..\..\Biblioteki\assimp-3.1.1\code\FBXAnimation.cpp">
      <Filter>Source Files\Assimp</Filter>
    </ClCompile>
    <ClCompile Include="..\..\..\Biblioteki\assimp-3.1.1\code\FBXBinaryTokenizer.cpp">
      <Filter>Source Files\Assimp</Filter>
    </ClCompile>
    <ClCompile Include="..\..\..\Biblioteki\assimp-3.1.1\code\FBXConverter.cpp">
      <Filter>Source Files\Assimp</Filter>
    </ClCompile>
    <ClCompile Include="..\..\..\Biblioteki\assimp-3.1.1\code\FBXDeformer.cpp">
      <Filter>Source Files\Assimp</Filter>
    </ClCompile>
    <ClCompile Include="..\..\..\Biblioteki\assimp-3.1.1\code\FBXDocument.cpp">
      <Filter>Source Files\Assimp</Filter>
    </ClCompile>
    <ClCompile Include="..\..\..\Biblioteki\assimp-3.1.1\code\FBXDocumentUtil.cpp">
      <Filter>Source Files\Assimp</Filter>
    </ClCompile>
    <ClCompile Include="..\..\..\Biblioteki\assimp-3.1.1\code\FBXImporter.cpp">
      <Filter>Source Files\Assimp</Filter>
    </ClCompile>
    <ClCompile Include="..\..\..\Biblioteki\assimp-3.1.1\code\FBXMaterial.cpp">
      <Filter>Source Files\Assimp</Filter>
    </ClCompile>
    <ClCompile Include="..\..\..\Biblioteki\assimp-3.1.1\code\FBXMeshGeometry.cpp">
      <Filter>Source Files\Assimp</Filter>
    </ClCompile>
    <ClCompile Include="..\..\..\Biblioteki\assimp-3.1.1\code\FBXModel.cpp">
      <Filter>Source Files\Assimp</Filter>
    </ClCompile>
    <ClCompile Include="..\..\..\Biblioteki\assimp-3.1.1\code\FBXNodeAttribute.cpp">
      <Filter>Source Files\Assimp</Filter>
    </ClCompile>
    <ClCompile Include="..\..\..\Biblioteki\assimp-3.1.1\code\FBXParser.cpp">
      <Filter>Source Files\Assimp</Filter>
    </ClCompile>
    <ClCompile Include="..\..\..\Biblioteki\assimp-3.1.1\code\FBXProperties.cpp">
      <Filter>Source Files\Assimp</Filter>
    </ClCompile>
    <ClCompile Include="..\..\..\Biblioteki\assimp-3.1.1\code\FBXTokenizer.cpp">
      <Filter>Source Files\Assimp</Filter>
    </ClCompile>
    <ClCompile Include="..\..\..\Biblioteki\assimp-3.1.1\code\FBXUtil.cpp">
      <Filter>Source Files\Assimp</Filter>
    </ClCompile>
    <ClCompile Include="..\..\..\Biblioteki\assimp-3.1.1\code\FindDegenerates.cpp">
      <Filter>Source Files\Assimp</Filter>
    </ClCompile>
    <ClCompile Include="..\..\..\Biblioteki\assimp-3.1.1\code\FindInstancesProcess.cpp">
      <Filter>Source Files\Assimp</Filter>
    </ClCompile>
    <ClCompile Include="..\..\..\Biblioteki\assimp-3.1.1\code\FindInvalidDataProcess.cpp">
      <Filter>Source Files\Assimp</Filter>
    </ClCompile>
    <ClCompile Include="..\..\..\Biblioteki\assimp-3.1.1\code\FixNormalsStep.cpp">
      <Filter>Source Files\Assimp</Filter>
    </ClCompile>
    <ClCompile Include="..\..\..\Biblioteki\assimp-3.1.1\code\GenFaceNormalsProcess.cpp">
      <Filter>Source Files\Assimp</Filter>
    </ClCompile>
    <ClCompile Include="..\..\..\Biblioteki\assimp-3.1.1\code\GenVertexNormalsProcess.cpp">
      <Filter>Source Files\Assimp</Filter>
    </ClCompile>
    <ClCompile Include="..\..\..\Biblioteki\assimp-3.1.1\code\HMPLoader.cpp">
      <Filter>Source Files\Assimp</Filter>
    </ClCompile>
    <ClCompile Include="..\..\..\Biblioteki\assimp-3.1.1\code\IFCBoolean.cpp">
      <Filter>Source Files\Assimp</Filter>
    </ClCompile>
    <ClCompile Include="..\..\..\Biblioteki\assimp-3.1.1\code\IFCCurve.cpp">
      <Filter>Source Files\Assimp</Filter>
    </ClCompile>
    <ClCompile Include="..\..\..\Biblioteki\assimp-3.1.1\code\IFCGeometry.cpp">
      <Filter>Source Files\Assimp</Filter>
    </ClCompile>
    <ClCompile Include="..\..\..\Biblioteki\assimp-3.1.1\code\IFCLoader.cpp">
      <Filter>Source Files\Assimp</Filter>
    </ClCompile>
    <ClCompile Include="..\..\..\Biblioteki\assimp-3.1.1\code\IFCMaterial.cpp">
      <Filter>Source Files\Assimp</Filter>
    </ClCompile>
    <ClCompile Include="..\..\..\Biblioteki\assimp-3.1.1\code\IFCOpenings.cpp">
      <Filter>Source Files\Assimp</Filter>
    </ClCompile>
    <ClCompile Include="..\..\..\Biblioteki\assimp-3.1.1\code\IFCProfile.cpp">
      <Filter>Source Files\Assimp</Filter>
    </ClCompile>
    <ClCompile Include="..\..\..\Biblioteki\assimp-3.1.1\code\IFCReaderGen.cpp">
      <Filter>Source Files\Assimp</Filter>
    </ClCompile>
    <ClCompile Include="..\..\..\Biblioteki\assimp-3.1.1\code\IFCUtil.cpp">
      <Filter>Source Files\Assimp</Filter>
    </ClCompile>
    <ClCompile Include="..\..\..\Biblioteki\assimp-3.1.1\code\Importer.cpp">
      <Filter>Source Files\Assimp</Filter>
    </ClCompile>
    <ClCompile Include="..\..\..\Biblioteki\assimp-3.1.1\code\ImporterRegistry.cpp">
      <Filter>Source Files\Assimp</Filter>
    </ClCompile>
    <ClCompile Include="..\..\..\Biblioteki\assimp-3.1.1\code\ImproveCacheLocality.cpp">
      <Filter>Source Files\Assimp</Filter>
    </ClCompile>
    <ClCompile Include="..\..\..\Biblioteki\assimp-3.1.1\code\IRRLoader.cpp">
      <Filter>Source Files\Assimp</Filter>
    </ClCompile>
    <ClCompile Include="..\..\..\Biblioteki\assimp-3.1.1\code\IRRMeshLoader.cpp">
      <Filter>Source Files\Assimp</Filter>
    </ClCompile>
    <ClCompile Include="..\..\..\Biblioteki\assimp-3.1.1\code\IRRShared.cpp">
      <Filter>Source Files\Assimp</Filter>
    </ClCompile>
    <ClCompile Include="..\..\..\Biblioteki\assimp-3.1.1\code\JoinVerticesProcess.cpp">
      <Filter>Source Files\Assimp</Filter>
    </ClCompile>
    <ClCompile Include="..\..\..\Biblioteki\assimp-3.1.1\code\LimitBoneWeightsProcess.cpp">
      <Filter>Source Files\Assimp</Filter>
    </ClCompile>
    <ClCompile Include="..\..\..\Biblioteki\assimp-3.1.1\code\LWOAnimation.cpp">
      <Filter>Source Files\Assimp</Filter>
    </ClCompile>
    <ClCompile Include="..\..\..\Biblioteki\assimp-3.1.1\code\LWOBLoader.cpp">
      <Filter>Source Files\Assimp</Filter>
    </ClCompile>
    <ClCompile Include="..\..\..\Biblioteki\assimp-3.1.1\code\LWOLoader.cpp">
      <Filter>Source Files\Assimp</Filter>
    </ClCompile>
    <ClCompile Include="..\..\..\Biblioteki\assimp-3.1.1\code\LWOMaterial.cpp">
      <Filter>Source Files\Assimp</Filter>
    </ClCompile>
    <ClCompile Include="..\..\..\Biblioteki\assimp-3.1.1\code\LWSLoader.cpp">
      <Filter>Source Files\Assimp</Filter>
    </ClCompile>
    <ClCompile Include="..\..\..\Biblioteki\assimp-3.1.1\code\MakeVerboseFormat.cpp">
      <Filter>Source Files\Assimp</Filter>
    </ClCompile>
    <ClCompile Include="..\..\..\Biblioteki\assimp-3.1.1\code\MaterialSystem.cpp">
      <Filter>Source Files\Assimp</Filter>
    </ClCompile>
    <ClCompile Include="..\..\..\Biblioteki\assimp-3.1.1\code\MD2Loader.cpp">
      <Filter>Source Files\Assimp</Filter>
    </ClCompile>
    <ClCompile Include="..\..\..\Biblioteki\assimp-3.1.1\code\MD3Loader.cpp">
      <Filter>Source Files\Assimp</Filter>
    </ClCompile>
    <ClCompile Include="..\..\..\Biblioteki\assimp-3.1.1\code\MD5Loader.cpp">
      <Filter>Source Files\Assimp</Filter>
    </ClCompile>
    <ClCompile Include="..\..\..\Biblioteki\assimp-3.1.1\code\MD5Parser.cpp">
      <Filter>Source Files\Assimp</Filter>
    </ClCompile>
    <ClCompile Include="..\..\..\Biblioteki\assimp-3.1.1\code\MDCLoader.cpp">
      <Filter>Source Files\Assimp</Filter>
    </ClCompile>
    <ClCompile Include="..\..\..\Biblioteki\assimp-3.1.1\code\MDLLoader.cpp">
      <Filter>Source Files\Assimp</Filter>
    </ClCompile>
    <ClCompile Include="..\..\..\Biblioteki\assimp-3.1.1\code\MDLMaterialLoader.cpp">
      <Filter>Source Files\Assimp</Filter>
    </ClCompile>
    <ClCompile Include="..\..\..\Biblioteki\assimp-3.1.1\code\MS3DLoader.cpp">
      <Filter>Source Files\Assimp</Filter>
    </ClCompile>
    <ClCompile Include="..\..\..\Biblioteki\assimp-3.1.1\code\NDOLoader.cpp">
      <Filter>Source Files\Assimp</Filter>
    </ClCompile>
    <ClCompile Include="..\..\..\Biblioteki\assimp-3.1.1\code\NFFLoader.cpp">
      <Filter>Source Files\Assimp</Filter>
    </ClCompile>
    <ClCompile Include="..\..\..\Biblioteki\assimp-3.1.1\code\ObjExporter.cpp">
      <Filter>Source Files\Assimp</Filter>
    </ClCompile>
    <ClCompile Include="..\..\..\Biblioteki\assimp-3.1.1\code\ObjFileImporter.cpp">
      <Filter>Source Files\Assimp</Filter>
    </ClCompile>
    <ClCompile Include="..\..\..\Biblioteki\assimp-3.1.1\code\ObjFileMtlImporter.cpp">
      <Filter>Source Files\Assimp</Filter>
    </ClCompile>
    <ClCompile Include="..\..\..\Biblioteki\assimp-3.1.1\code\ObjFileParser.cpp">
      <Filter>Source Files\Assimp</Filter>
    </ClCompile>
    <ClCompile Include="..\..\..\Biblioteki\assimp-3.1.1\code\OFFLoader.cpp">
      <Filter>Source Files\Assimp</Filter>
    </ClCompile>
    <ClCompile Include="..\..\..\Biblioteki\assimp-3.1.1\code\OgreBinarySerializer.cpp">
      <Filter>Source Files\Assimp</Filter>
    </ClCompile>
    <ClCompile Include="..\..\..\Biblioteki\assimp-3.1.1\code\OgreImporter.cpp">
      <Filter>Source Files\Assimp</Filter>
    </ClCompile>
    <ClCompile Include="..\..\..\Biblioteki\assimp-3.1.1\code\OgreMaterial.cpp">
      <Filter>Source Files\Assimp</Filter>
    </ClCompile>
    <ClCompile Include="..\..\..\Biblioteki\assimp-3.1.1\code\OgreStructs.cpp">
      <Filter>Source Files\Assimp</Filter>
    </ClCompile>
    <ClCompile Include="..\..\..\Biblioteki\assimp-3.1.1\code\OgreXmlSerializer.cpp">
      <Filter>Source Files\Assimp</Filter>
    </ClCompile>
    <ClCompile Include="..\..\..\Biblioteki\assimp-3.1.1\code\OptimizeGraph.cpp">
      <Filter>Source Files\Assimp</Filter>
    </ClCompile>
    <ClCompile Include="..\..\..\Biblioteki\assimp-3.1.1\code\OptimizeMeshes.cpp">
      <Filter>Source Files\Assimp</Filter>
    </ClCompile>
    <ClCompile Include="..\..\..\Biblioteki\assimp-3.1.1\code\PlyExporter.cpp">
      <Filter>Source Files\Assimp</Filter>
    </ClCompile>
    <ClCompile Include="..\..\..\Biblioteki\assimp-3.1.1\code\PlyLoader.cpp">
      <Filter>Source Files\Assimp</Filter>
    </ClCompile>
    <ClCompile Include="..\..\..\Biblioteki\assimp-3.1.1\code\PlyParser.cpp">
      <Filter>Source Files\Assimp</Filter>
    </ClCompile>
    <ClCompile Include="..\..\..\Biblioteki\assimp-3.1.1\code\PostStepRegistry.cpp">
      <Filter>Source Files\Assimp</Filter>
    </ClCompile>
    <ClCompile Include="..\..\..\Biblioteki\assimp-3.1.1\code\PretransformVertices.cpp">
      <Filter>Source Files\Assimp</Filter>
    </ClCompile>
    <ClCompile Include="..\..\..\Biblioteki\assimp-3.1.1\code\ProcessHelper.cpp">
      <Filter>Source Files\Assimp</Filter>
    </ClCompile>
    <ClCompile Include="..\..\..\Biblioteki\assimp-3.1.1\code\Q3BSPFileImporter.cpp">
      <Filter>Source Files\Assimp</Filter>
    </ClCompile>
    <ClCompile Include="..\..\..\Biblioteki\assimp-3.1.1\code\Q3BSPFileParser.cpp">
      <Filter>Source Files\Assimp</Filter>
    </ClCompile>
    <ClCompile Include="..\..\..\Biblioteki\assimp-3.1.1\code\Q3BSPZipArchive.cpp">
      <Filter>Source Files\Assimp</Filter>
    </ClCompile>
    <ClCompile Include="..\..\..\Biblioteki\assimp-3.1.1\code\Q3DLoader.cpp">
      <Filter>Source Files\Assimp</Filter>
    </ClCompile>
    <ClCompile Include="..\..\..\Biblioteki\assimp-3.1.1\code\RawLoader.cpp">
      <Filter>Source Files\Assimp</Filter>
    </ClCompile>
    <ClCompile Include="..\..\..\Biblioteki\assimp-3.1.1\code\RemoveComments.cpp">
      <Filter>Source Files\Assimp</Filter>
    </ClCompile>
    <ClCompile Include="..\..\..\Biblioteki\assimp-3.1.1\code\RemoveRedundantMaterials.cpp">
      <Filter>Source Files\Assimp</Filter>
    </ClCompile>
    <ClCompile Include="..\..\..\Biblioteki\assimp-3.1.1\code\RemoveVCProcess.cpp">
      <Filter>Source Files\Assimp</Filter>
    </ClCompile>
    <ClCompile Include="..\..\..\Biblioteki\assimp-3.1.1\code\SceneCombiner.cpp">
      <Filter>Source Files\Assimp</Filter>
    </ClCompile>
    <ClCompile Include="..\..\..\Biblioteki\assimp-3.1.1\code\ScenePreprocessor.cpp">
      <Filter>Source Files\Assimp</Filter>
    </ClCompile>
    <ClCompile Include="..\..\..\Biblioteki\assimp-3.1.1\code\SGSpatialSort.cpp">
      <Filter>Source Files\Assimp</Filter>
    </ClCompile>
    <ClCompile Include="..\..\..\Biblioteki\assimp-3.1.1\code\SkeletonMeshBuilder.cpp">
      <Filter>Source Files\Assimp</Filter>
    </ClCompile>
    <ClCompile Include="..\..\..\Biblioteki\assimp-3.1.1\code\SMDLoader.cpp">
      <Filter>Source Files\Assimp</Filter>
    </ClCompile>
    <ClCompile Include="..\..\..\Biblioteki\assimp-3.1.1\code\SortByPTypeProcess.cpp">
      <Filter>Source Files\Assimp</Filter>
    </ClCompile>
    <ClCompile Include="..\..\..\Biblioteki\assimp-3.1.1\code\SpatialSort.cpp">
      <Filter>Source Files\Assimp</Filter>
    </ClCompile>
    <ClCompile Include="..\..\..\Biblioteki\assimp-3.1.1\code\SplitByBoneCountProcess.cpp">
      <Filter>Source Files\Assimp</Filter>
    </ClCompile>
    <ClCompile Include="..\..\..\Biblioteki\assimp-3.1.1\code\SplitLargeMeshes.cpp">
      <Filter>Source Files\Assimp</Filter>
    </ClCompile>
    <ClCompile Include="..\..\..\Biblioteki\assimp-3.1.1\code\StandardShapes.cpp">
      <Filter>Source Files\Assimp</Filter>
    </ClCompile>
    <ClCompile Include="..\..\..\Biblioteki\assimp-3.1.1\code\STEPFileEncoding.cpp">
      <Filter>Source Files\Assimp</Filter>
    </ClCompile>
    <ClCompile Include="..\..\..\Biblioteki\assimp-3.1.1\code\STEPFileReader.cpp">
      <Filter>Source Files\Assimp</Filter>
    </ClCompile>
    <ClCompile Include="..\..\..\Biblioteki\assimp-3.1.1\code\STLExporter.cpp">
      <Filter>Source Files\Assimp</Filter>
    </ClCompile>
    <ClCompile Include="..\..\..\Biblioteki\assimp-3.1.1\code\STLLoader.cpp">
      <Filter>Source Files\Assimp</Filter>
    </ClCompile>
    <ClCompile Include="..\..\..\Biblioteki\assimp-3.1.1\code\Subdivision.cpp">
      <Filter>Source Files\Assimp</Filter>
    </ClCompile>
    <ClCompile Include="..\..\..\Biblioteki\assimp-3.1.1\code\TargetAnimation.cpp">
      <Filter>Source Files\Assimp</Filter>
    </ClCompile>
    <ClCompile Include="..\..\..\Biblioteki\assimp-3.1.1\code\TerragenLoader.cpp">
      <Filter>Source Files\Assimp</Filter>
    </ClCompile>
    <ClCompile Include="..\..\..\Biblioteki\assimp-3.1.1\code\TextureTransform.cpp">
      <Filter>Source Files\Assimp</Filter>
    </ClCompile>
    <ClCompile Include="..\..\..\Biblioteki\assimp-3.1.1\code\TriangulateProcess.cpp">
      <Filter>Source Files\Assimp</Filter>
    </ClCompile>
    <ClCompile Include="..\..\..\Biblioteki\assimp-3.1.1\code\UnrealLoader.cpp">
      <Filter>Source Files\Assimp</Filter>
    </ClCompile>
    <ClCompile Include="..\..\..\Biblioteki\assimp-3.1.1\code\ValidateDataStructure.cpp">
      <Filter>Source Files\Assimp</Filter>
    </ClCompile>
    <ClCompile Include="..\..\..\Biblioteki\assimp-3.1.1\code\VertexTriangleAdjacency.cpp">
      <Filter>Source Files\Assimp</Filter>
    </ClCompile>
    <ClCompile Include="..\..\..\Biblioteki\assimp-3.1.1\code\XFileImporter.cpp">
      <Filter>Source Files\Assimp</Filter>
    </ClCompile>
    <ClCompile Include="..\..\..\Biblioteki\assimp-3.1.1\code\XFileParser.cpp">
      <Filter>Source Files\Assimp</Filter>
    </ClCompile>
    <ClCompile Include="..\..\..\Biblioteki\assimp-3.1.1\code\XGLLoader.cpp">
      <Filter>Source Files\Assimp</Filter>
    </ClCompile>
    <ClCompile Include="..\..\..\Biblioteki\assimp-3.1.1\contrib\clipper\clipper.cpp">
      <Filter>Source Files\Assimp\contrib</Filter>
    </ClCompile>
    <ClCompile Include="..\..\..\Biblioteki\assimp-3.1.1\contrib\ConvertUTF\ConvertUTF.c">
      <Filter>Source Files\Assimp\contrib</Filter>
    </ClCompile>
    <ClCompile Include="..\..\..\Biblioteki\assimp-3.1.1\contrib\irrXML\irrXML.cpp">
      <Filter>Source Files\Assimp\contrib</Filter>
    </ClCompile>
    <ClCompile Include="..\..\..\Biblioteki\assimp-3.1.1\contrib\unzip\ioapi.c">
      <Filter>Source Files\Assimp\contrib</Filter>
    </ClCompile>
    <ClCompile Include="..\..\..\Biblioteki\assimp-3.1.1\contrib\unzip\unzip.c">
      <Filter>Source Files\Assimp\contrib</Filter>
    </ClCompile>
    <ClCompile Include="..\..\..\Biblioteki\assimp-3.1.1\contrib\zlib\adler32.c">
      <Filter>Source Files\Assimp\contrib</Filter>
    </ClCompile>
    <ClCompile Include="..\..\..\Biblioteki\assimp-3.1.1\contrib\zlib\compress.c">
      <Filter>Source Files\Assimp\contrib</Filter>
    </ClCompile>
    <ClCompile Include="..\..\..\Biblioteki\assimp-3.1.1\contrib\zlib\crc32.c">
      <Filter>Source Files\Assimp\contrib</Filter>
    </ClCompile>
    <ClCompile Include="..\..\..\Biblioteki\assimp-3.1.1\contrib\zlib\deflate.c">
      <Filter>Source Files\Assimp\contrib</Filter>
    </ClCompile>
    <ClCompile Include="..\..\..\Biblioteki\assimp-3.1.1\contrib\zlib\gzclose.c">
      <Filter>Source Files\Assimp\contrib</Filter>
    </ClCompile>
    <ClCompile Include="..\..\..\Biblioteki\assimp-3.1.1\contrib\zlib\gzlib.c">
      <Filter>Source Files\Assimp\contrib</Filter>
    </ClCompile>
    <ClCompile Include="..\..\..\Biblioteki\assimp-3.1.1\contrib\zlib\gzread.c">
      <Filter>Source Files\Assimp\contrib</Filter>
    </ClCompile>
    <ClCompile Include="..\..\..\Biblioteki\assimp-3.1.1\contrib\zlib\gzwrite.c">
      <Filter>Source Files\Assimp\contrib</Filter>
    </ClCompile>
    <ClCompile Include="..\..\..\Biblioteki\assimp-3.1.1\contrib\zlib\infback.c">
      <Filter>Source Files\Assimp\contrib</Filter>
    </ClCompile>
    <ClCompile Include="..\..\..\Biblioteki\assimp-3.1.1\contrib\zlib\inffast.c">
      <Filter>Source Files\Assimp\contrib</Filter>
    </ClCompile>
    <ClCompile Include="..\..\..\Biblioteki\assimp-3.1.1\contrib\zlib\inflate.c">
      <Filter>Source Files\Assimp\contrib</Filter>
    </ClCompile>
    <ClCompile Include="..\..\..\Biblioteki\assimp-3.1.1\contrib\zlib\inftrees.c">
      <Filter>Source Files\Assimp\contrib</Filter>
    </ClCompile>
    <ClCompile Include="..\..\..\Biblioteki\assimp-3.1.1\contrib\zlib\trees.c">
      <Filter>Source Files\Assimp\contrib</Filter>
    </ClCompile>
    <ClCompile Include="..\..\..\Biblioteki\assimp-3.1.1\contrib\zlib\uncompr.c">
      <Filter>Source Files\Assimp\contrib</Filter>
    </ClCompile>
    <ClCompile Include="..\..\..\Biblioteki\assimp-3.1.1\contrib\zlib\zutil.c">
      <Filter>Source Files\Assimp\contrib</Filter>
    </ClCompile>
    <ClCompile Include="..\..\..\Biblioteki\assimp-3.1.1\contrib\poly2tri\poly2tri\common\shapes.cc">
      <Filter>Source Files\Assimp\contrib</Filter>
    </ClCompile>
    <ClCompile Include="..\..\..\Biblioteki\assimp-3.1.1\contrib\poly2tri\poly2tri\sweep\advancing_front.cc">
      <Filter>Source Files\Assimp\contrib</Filter>
    </ClCompile>
    <ClCompile Include="..\..\..\Biblioteki\assimp-3.1.1\contrib\poly2tri\poly2tri\sweep\cdt.cc">
      <Filter>Source Files\Assimp\contrib</Filter>
    </ClCompile>
    <ClCompile Include="..\..\..\Biblioteki\assimp-3.1.1\contrib\poly2tri\poly2tri\sweep\sweep.cc">
      <Filter>Source Files\Assimp\contrib</Filter>
    </ClCompile>
    <ClCompile Include="..\..\..\Biblioteki\assimp-3.1.1\contrib\poly2tri\poly2tri\sweep\sweep_context.cc">
      <Filter>Source Files\Assimp\contrib</Filter>
    </ClCompile>
    <ClCompile Include="MyOBJFileParser.cpp">
      <Filter>Source Files\Mesh\Parsers</Filter>
    </ClCompile>
    <ClCompile Include="MyDAEFileParser.cpp">
      <Filter>Source Files\Mesh\Parsers</Filter>
    </ClCompile>
    <ClCompile Include="Direct3DUtil.cpp">
      <Filter>Source Files\Renderer</Filter>
    </ClCompile>
    <ClCompile Include="MyXAFFileParser.cpp">
      <Filter>Source Files\Mesh\Parsers</Filter>
    </ClCompile>
    <ClCompile Include="BlockMesh.cpp">
      <Filter>Source Files\Mesh\BlockMesh</Filter>
    </ClCompile>
    <ClCompile Include="BlockMeshLOD.cpp">
      <Filter>Source Files\Mesh\BlockMesh</Filter>
    </ClCompile>
    <ClCompile Include="SkeletonAnimation.cpp">
      <Filter>Source Files\Mesh\Skeleton</Filter>
    </ClCompile>
    <ClCompile Include="SkeletonPose.cpp">
      <Filter>Source Files\Mesh\Skeleton</Filter>
    </ClCompile>
    <ClCompile Include="SkeletonMesh.cpp">
      <Filter>Source Files\Mesh\Skeleton</Filter>
    </ClCompile>
    <ClCompile Include="SkeletonMeshVertexShader.cpp">
      <Filter>Source Files\Shader\SkeletonMeshShaders</Filter>
    </ClCompile>
    <ClCompile Include="SkeletonMeshFragmentShader.cpp">
      <Filter>Source Files\Shader\SkeletonMeshShaders</Filter>
    </ClCompile>
    <ClCompile Include="RenderTargetTexture2D.cpp">
      <Filter>Source Files\Texture</Filter>
    </ClCompile>
    <ClCompile Include="RenderTargetDepthTexture2D.cpp">
      <Filter>Source Files\Texture</Filter>
    </ClCompile>
    <ClCompile Include="Direct3DRendererCore.cpp">
      <Filter>Source Files\Renderer</Filter>
    </ClCompile>
    <ClCompile Include="Direct3DDefferedRenderer.cpp">
      <Filter>Source Files\Renderer</Filter>
    </ClCompile>
    <ClCompile Include="Direct3DFrameRenderer.cpp">
      <Filter>Source Files\Renderer</Filter>
    </ClCompile>
    <ClCompile Include="RectangleMesh.cpp">
      <Filter>Source Files\Mesh\RectangleMesh</Filter>
    </ClCompile>
    <ClCompile Include="RenderTarget2D.cpp">
      <Filter>Source Files\Texture</Filter>
    </ClCompile>
    <ClCompile Include="RenderTargetDepth2D.cpp">
      <Filter>Source Files\Texture</Filter>
    </ClCompile>
    <ClCompile Include="TextureVertexShader.cpp">
      <Filter>Source Files\Shader\TextureShader</Filter>
    </ClCompile>
    <ClCompile Include="TextureFragmentShader.cpp">
      <Filter>Source Files\Shader\TextureShader</Filter>
    </ClCompile>
    <ClCompile Include="ImageLibrary.cpp">
      <Filter>Source Files\Libraries</Filter>
    </ClCompile>
    <ClCompile Include="FontLibrary.cpp">
      <Filter>Source Files\Libraries</Filter>
    </ClCompile>
    <ClCompile Include="SkeletonMeshEnums.cpp">
      <Filter>Source Files\Enums</Filter>
    </ClCompile>
    <ClCompile Include="quat.cpp">
      <Filter>Source Files\Math</Filter>
    </ClCompile>
    <ClCompile Include="BinaryFile.cpp">
      <Filter>Source Files\File</Filter>
    </ClCompile>
    <ClCompile Include="TextFile.cpp">
      <Filter>Source Files\File</Filter>
    </ClCompile>
    <ClCompile Include="ModelTexture2DParser.cpp">
      <Filter>Source Files\Model\Parsers</Filter>
    </ClCompile>
    <ClCompile Include="BlockModelParser.cpp">
      <Filter>Source Files\Model\Parsers</Filter>
    </ClCompile>
    <ClCompile Include="SkeletonModelParser.cpp">
      <Filter>Source Files\Model\Parsers</Filter>
    </ClCompile>
    <ClCompile Include="SkeletonModelVertexShader.cpp">
      <Filter>Source Files\Shader\SkeletonModelShaders</Filter>
    </ClCompile>
    <ClCompile Include="SkeletonModelFragmentShader.cpp">
      <Filter>Source Files\Shader\SkeletonModelShaders</Filter>
    </ClCompile>
    <ClCompile Include="BlockMeshFileInfo.cpp">
      <Filter>Source Files\Mesh\BlockMesh</Filter>
    </ClCompile>
    <ClCompile Include="BlockMeshFileInfoParser.cpp">
      <Filter>Source Files\Mesh\Parsers</Filter>
    </ClCompile>
    <ClCompile Include="SkeletonMeshFileInfo.cpp">
      <Filter>Source Files\Mesh\Skeleton</Filter>
    </ClCompile>
    <ClCompile Include="SkeletonMeshFileInfoParser.cpp">
      <Filter>Source Files\Mesh\Parsers</Filter>
    </ClCompile>
    <ClCompile Include="Texture2DFileInfo.cpp">
      <Filter>Source Files\Texture</Filter>
    </ClCompile>
    <ClCompile Include="Texture2DFileInfoParser.cpp">
      <Filter>Source Files\Texture\FileParsers</Filter>
    </ClCompile>
    <ClCompile Include="BlockModelFileInfo.cpp">
      <Filter>Source Files\Model</Filter>
    </ClCompile>
    <ClCompile Include="SkeletonModelFileInfo.cpp">
      <Filter>Source Files\Model</Filter>
    </ClCompile>
    <ClCompile Include="SkeletonAnimationFileInfo.cpp">
      <Filter>Source Files\Mesh\Skeleton</Filter>
    </ClCompile>
    <ClCompile Include="SkeletonAnimationFileInfoParser.cpp">
      <Filter>Source Files\Mesh\Parsers</Filter>
    </ClCompile>
    <ClCompile Include="BlockActor.cpp">
      <Filter>Source Files\Actor</Filter>
    </ClCompile>
    <ClCompile Include="SkeletonActor.cpp">
      <Filter>Source Files\Actor</Filter>
    </ClCompile>
    <ClCompile Include="Actor.cpp">
      <Filter>Source Files\Actor</Filter>
    </ClCompile>
    <ClCompile Include="Asset.cpp">
      <Filter>Source Files\Asset</Filter>
    </ClCompile>
    <ClCompile Include="CScene.cpp">
      <Filter>Source Files\Scene</Filter>
    </ClCompile>
    <ClCompile Include="SceneParser.cpp">
      <Filter>Source Files\Scene</Filter>
    </ClCompile>
    <ClCompile Include="BlockModelFileInfoParser.cpp">
      <Filter>Source Files\Model\Parsers</Filter>
    </ClCompile>
    <ClCompile Include="SkeletonModelFileInfoParser.cpp">
      <Filter>Source Files\Model\Parsers</Filter>
    </ClCompile>
    <ClCompile Include="PointLight.cpp">
      <Filter>Source Files\Light</Filter>
    </ClCompile>
    <ClCompile Include="Light.cpp">
      <Filter>Source Files\Light</Filter>
    </ClCompile>
    <ClCompile Include="PointLightParser.cpp">
      <Filter>Source Files\Light\Parsers</Filter>
    </ClCompile>
    <ClCompile Include="Renderer.cpp">
      <Filter>Source Files\Renderer</Filter>
    </ClCompile>
    <ClCompile Include="RaytraceRenderer.cpp">
      <Filter>Source Files\Renderer</Filter>
    </ClCompile>
    <ClCompile Include="ComputeShader.cpp">
      <Filter>Source Files\Shader</Filter>
    </ClCompile>
    <ClCompile Include="GenerateRaysComputeShader.cpp">
      <Filter>Source Files\Shader\GenerateRaysShader</Filter>
    </ClCompile>
    <ClCompile Include="ComputeTargetTexture2D.cpp">
      <Filter>Source Files\Texture</Filter>
    </ClCompile>
  </ItemGroup>
  <ItemGroup>
    <Text Include="Time.txt">
      <Filter>Source Files\Notes</Filter>
    </Text>
    <Text Include="To do.txt">
      <Filter>Source Files\Notes</Filter>
    </Text>
    <Text Include="Ideas.txt">
      <Filter>Source Files\Notes</Filter>
    </Text>
    <Text Include="Rules.txt">
      <Filter>Source Files\Notes</Filter>
    </Text>
    <Text Include="Notes.txt">
      <Filter>Source Files\Notes</Filter>
    </Text>
    <Text Include="Tests To do.txt">
      <Filter>Source Files\Notes</Filter>
    </Text>
    <Text Include="Asset Rules.txt">
      <Filter>Source Files\Notes</Filter>
    </Text>
  </ItemGroup>
  <ItemGroup>
    <FxCompile Include="Shaders\BlockMeshShader\ps.hlsl">
      <Filter>Source Files\Shader\BlockMeshShaders</Filter>
    </FxCompile>
    <FxCompile Include="Shaders\BlockMeshShader\vs.hlsl">
      <Filter>Source Files\Shader\BlockMeshShaders</Filter>
    </FxCompile>
    <FxCompile Include="Shaders\BlockModelShader\ps.hlsl">
      <Filter>Source Files\Shader\BlockModelShaders</Filter>
    </FxCompile>
    <FxCompile Include="Shaders\BlockModelShader\vs.hlsl">
      <Filter>Source Files\Shader\BlockModelShaders</Filter>
    </FxCompile>
    <FxCompile Include="Shaders\TextShader\ps.hlsl">
      <Filter>Source Files\Shader\TextShaders</Filter>
    </FxCompile>
    <FxCompile Include="Shaders\TextShader\vs.hlsl">
      <Filter>Source Files\Shader\TextShaders</Filter>
    </FxCompile>
    <FxCompile Include="Shaders\SkeletonMeshShader\ps.hlsl">
      <Filter>Source Files\Shader\SkeletonMeshShaders</Filter>
    </FxCompile>
    <FxCompile Include="Shaders\SkeletonMeshShader\vs.hlsl">
      <Filter>Source Files\Shader\SkeletonMeshShaders</Filter>
    </FxCompile>
    <FxCompile Include="Shaders\TextureShader\ps.hlsl">
      <Filter>Source Files\Shader\TextureShader</Filter>
    </FxCompile>
    <FxCompile Include="Shaders\TextureShader\vs.hlsl">
      <Filter>Source Files\Shader\TextureShader</Filter>
    </FxCompile>
    <FxCompile Include="Shaders\SkeletonModelShader\ps.hlsl">
      <Filter>Source Files\Shader\SkeletonModelShaders</Filter>
    </FxCompile>
    <FxCompile Include="Shaders\SkeletonModelShader\vs.hlsl">
      <Filter>Source Files\Shader\SkeletonModelShaders</Filter>
    </FxCompile>
    <FxCompile Include="Shaders\GenerateRaysShader\cs.hlsl">
      <Filter>Source Files\Shader\GenerateRaysShader</Filter>
    </FxCompile>
  </ItemGroup>
</Project>