<?xml version="1.0" encoding="utf-8"?>
<Project ToolsVersion="4.0" xmlns="http://schemas.microsoft.com/developer/msbuild/2003">
  <ItemGroup>
    <Filter Include="Source Files">
      <UniqueIdentifier>{4FC737F1-C7A5-4376-A066-2A32D752A2FF}</UniqueIdentifier>
      <Extensions>cpp;c;cc;cxx;def;odl;idl;hpj;bat;asm;asmx</Extensions>
    </Filter>
    <Filter Include="Header Files">
      <UniqueIdentifier>{93995380-89BD-4b04-88EB-625FBE52EBFB}</UniqueIdentifier>
      <Extensions>h;hh;hpp;hxx;hm;inl;inc;xsd</Extensions>
    </Filter>
    <Filter Include="Resource Files">
      <UniqueIdentifier>{67DA6AB6-F800-4c08-8B7A-83BB121AAD01}</UniqueIdentifier>
      <Extensions>rc;ico;cur;bmp;dlg;rc2;rct;bin;rgs;gif;jpg;jpeg;jpe;resx;tiff;tif;png;wav;mfcribbon-ms</Extensions>
    </Filter>
    <Filter Include="Source Files\Mesh">
      <UniqueIdentifier>{598d1375-2db9-4814-8530-ec6740d486a1}</UniqueIdentifier>
    </Filter>
    <Filter Include="Header Files\Mesh">
      <UniqueIdentifier>{b0e53ad2-6417-4763-b3bc-1c4337090ad0}</UniqueIdentifier>
    </Filter>
    <Filter Include="Source Files\Notes">
      <UniqueIdentifier>{492615c7-fa11-447e-af48-663d6f69cbd5}</UniqueIdentifier>
    </Filter>
    <Filter Include="Source Files\Math">
      <UniqueIdentifier>{9549506e-13f3-4db6-97eb-b64a8533ead8}</UniqueIdentifier>
    </Filter>
    <Filter Include="Header Files\Math">
      <UniqueIdentifier>{58a59702-ba95-4301-88f7-bce5cd43308c}</UniqueIdentifier>
    </Filter>
    <Filter Include="Source Files\AssetManager">
      <UniqueIdentifier>{b4bc553f-092f-41b5-bc38-5e6f1200e66c}</UniqueIdentifier>
    </Filter>
    <Filter Include="Header Files\AssetManager">
      <UniqueIdentifier>{8a6a8dc5-cdf0-4c58-987a-e99e3f664e44}</UniqueIdentifier>
    </Filter>
    <Filter Include="Header Files\Texture">
      <UniqueIdentifier>{c1af6565-db85-4731-9fe4-329ec2278bea}</UniqueIdentifier>
    </Filter>
    <Filter Include="Source Files\Texture">
      <UniqueIdentifier>{c1ccc857-dfb6-409b-b8f3-882200490858}</UniqueIdentifier>
    </Filter>
    <Filter Include="Header Files\Model">
      <UniqueIdentifier>{8eec353d-d66d-4d2c-8202-ca423978683a}</UniqueIdentifier>
    </Filter>
    <Filter Include="Source Files\Model">
      <UniqueIdentifier>{63682e21-097a-4c5f-9873-dc21e648d71e}</UniqueIdentifier>
    </Filter>
    <Filter Include="Header Files\ComplexModel">
      <UniqueIdentifier>{1a315f9f-605c-4c5e-aca4-8a0fcfb230f9}</UniqueIdentifier>
    </Filter>
    <Filter Include="Source Files\ComplexModel">
      <UniqueIdentifier>{9cf4d8e1-45f0-4e4e-8c0a-f48fe79a2391}</UniqueIdentifier>
    </Filter>
    <Filter Include="Header Files\Asset">
      <UniqueIdentifier>{86496632-f339-4672-9dd7-d3932292ee9d}</UniqueIdentifier>
    </Filter>
    <Filter Include="Header Files\Application">
      <UniqueIdentifier>{a42133dc-f1bc-49f0-afe9-14144a7c74cc}</UniqueIdentifier>
    </Filter>
    <Filter Include="Source Files\Application">
      <UniqueIdentifier>{6ab1163b-7cc1-4bcf-b622-146d0449a0c8}</UniqueIdentifier>
    </Filter>
    <Filter Include="Header Files\Input">
      <UniqueIdentifier>{fef08338-fd0d-4cf0-a9ab-8bbee1818866}</UniqueIdentifier>
    </Filter>
    <Filter Include="Source Files\Input">
      <UniqueIdentifier>{f43ded10-8050-461a-adae-5b3578d7735c}</UniqueIdentifier>
    </Filter>
    <Filter Include="Header Files\Renderer">
      <UniqueIdentifier>{204f9dbb-719f-4613-8a49-b1573a19c514}</UniqueIdentifier>
    </Filter>
    <Filter Include="Header Files\Shader">
      <UniqueIdentifier>{e8f539ce-c5dd-4973-92d5-c814a508114d}</UniqueIdentifier>
    </Filter>
    <Filter Include="Source Files\Shader">
      <UniqueIdentifier>{9cadc32f-e1ea-4e2f-a9b0-a88db076d257}</UniqueIdentifier>
    </Filter>
    <Filter Include="Header Files\Camera">
      <UniqueIdentifier>{b4e734e3-d9a4-4e30-a468-4c83e4037c88}</UniqueIdentifier>
    </Filter>
    <Filter Include="Source Files\Camera">
      <UniqueIdentifier>{c4571a78-91dc-456f-8daf-0862aced43bf}</UniqueIdentifier>
    </Filter>
    <Filter Include="Header Files\Timer">
      <UniqueIdentifier>{f1c38ddb-28ea-4fa7-8432-2421457d2eab}</UniqueIdentifier>
    </Filter>
    <Filter Include="Source Files\Timer">
      <UniqueIdentifier>{f90418dd-9f8f-484a-8903-f1178c64955e}</UniqueIdentifier>
    </Filter>
    <Filter Include="Header Files\String">
      <UniqueIdentifier>{1a53bed3-bbd2-42c4-8520-b6d2599502ad}</UniqueIdentifier>
    </Filter>
    <Filter Include="Source Files\String">
      <UniqueIdentifier>{dbb3cb79-393f-4b6f-bed7-bb26f1c26ef7}</UniqueIdentifier>
    </Filter>
    <Filter Include="Header Files\Log">
      <UniqueIdentifier>{3bba02b2-e97f-4086-be6b-3f40c929298d}</UniqueIdentifier>
    </Filter>
    <Filter Include="Header Files\Font">
      <UniqueIdentifier>{1ce3fc52-bd82-4670-98ef-12f855ec5131}</UniqueIdentifier>
    </Filter>
    <Filter Include="Source Files\Font">
      <UniqueIdentifier>{e5c7ca56-cd88-4da7-a445-be2bde7d40dd}</UniqueIdentifier>
    </Filter>
    <Filter Include="Header Files\XMLParser">
      <UniqueIdentifier>{20b74e6a-2f11-454e-a9bc-2159ebdbb16f}</UniqueIdentifier>
    </Filter>
    <Filter Include="Header Files\Mesh\BlockMesh">
      <UniqueIdentifier>{e2e14d13-d03d-4a6e-a08e-fe32772613f6}</UniqueIdentifier>
    </Filter>
    <Filter Include="Header Files\Mesh\Skeleton">
      <UniqueIdentifier>{458ec210-40a2-4c6d-b437-d2d72ced6c17}</UniqueIdentifier>
    </Filter>
    <Filter Include="Source Files\Mesh\BlockMesh">
      <UniqueIdentifier>{a39737cf-6a16-4d90-b14f-cb34709adb3a}</UniqueIdentifier>
    </Filter>
    <Filter Include="Source Files\Mesh\Skeleton">
      <UniqueIdentifier>{85ebd21b-92e3-4ab9-ab4f-8c4f8989f470}</UniqueIdentifier>
    </Filter>
    <Filter Include="Header Files\File">
      <UniqueIdentifier>{82d12bc5-24d6-4619-a9c7-690188d09cd9}</UniqueIdentifier>
    </Filter>
    <Filter Include="Source Files\File">
      <UniqueIdentifier>{e86cd7d0-0c54-4cf3-957f-d7d29b789f7a}</UniqueIdentifier>
    </Filter>
    <Filter Include="Source Files\Renderer">
      <UniqueIdentifier>{27ec3a4f-22bd-4809-ac36-05ecdd75186d}</UniqueIdentifier>
    </Filter>
    <Filter Include="Header Files\Mesh\RectangleMesh">
      <UniqueIdentifier>{6e7168fb-7c7e-4bc8-bc8b-4eb20310dc14}</UniqueIdentifier>
    </Filter>
    <Filter Include="Source Files\Mesh\RectangleMesh">
      <UniqueIdentifier>{93721a77-58c1-45c2-b7e6-6a29f37efa48}</UniqueIdentifier>
    </Filter>
    <Filter Include="Header Files\Libraries">
      <UniqueIdentifier>{518752d4-440f-4312-b453-40ff2411510e}</UniqueIdentifier>
    </Filter>
    <Filter Include="Source Files\Libraries">
      <UniqueIdentifier>{29a21826-c157-4142-8576-d58d1407961a}</UniqueIdentifier>
    </Filter>
    <Filter Include="Header Files\Enums">
      <UniqueIdentifier>{185e99ab-9ddc-4a57-9685-8f72aa1554aa}</UniqueIdentifier>
    </Filter>
    <Filter Include="Source Files\Enums">
      <UniqueIdentifier>{b0d388f8-cce6-4972-bb90-88b08e571a64}</UniqueIdentifier>
    </Filter>
    <Filter Include="Source Files\Texture\FileParsers">
      <UniqueIdentifier>{3186774f-9295-4c4a-8730-d9ff09daba58}</UniqueIdentifier>
    </Filter>
    <Filter Include="Header Files\Texture\Parsers">
      <UniqueIdentifier>{c92b33e2-00bc-43ac-882e-d212ece8a6e1}</UniqueIdentifier>
    </Filter>
    <Filter Include="Header Files\Model\Parsers">
      <UniqueIdentifier>{48f2175b-5f96-4727-9ba8-97394d4b77b1}</UniqueIdentifier>
    </Filter>
    <Filter Include="Source Files\Model\Parsers">
      <UniqueIdentifier>{67129fc8-d9c5-4033-a1cb-2b8424c851f8}</UniqueIdentifier>
    </Filter>
    <Filter Include="Source Files\Mesh\Parsers">
      <UniqueIdentifier>{abca199d-c08e-43c6-96a0-3acc5aab158f}</UniqueIdentifier>
    </Filter>
    <Filter Include="Header Files\Mesh\Parsers">
      <UniqueIdentifier>{a32c2290-5249-4891-8868-74b5776ee680}</UniqueIdentifier>
    </Filter>
    <Filter Include="Header Files\Scene">
      <UniqueIdentifier>{07d79141-eccc-4395-aa9b-e7d0036a5213}</UniqueIdentifier>
    </Filter>
    <Filter Include="Source Files\Scene">
      <UniqueIdentifier>{70113fe2-73d9-423d-b9af-9978be836c6d}</UniqueIdentifier>
    </Filter>
    <Filter Include="Header Files\Actor">
      <UniqueIdentifier>{db57a350-3a39-414a-9f37-61b2b49aa872}</UniqueIdentifier>
    </Filter>
    <Filter Include="Source Files\Actor">
      <UniqueIdentifier>{18ff996e-763b-44b3-a2dd-d141099c3e43}</UniqueIdentifier>
    </Filter>
    <Filter Include="Source Files\Asset">
      <UniqueIdentifier>{12e5e566-64c1-429a-be32-6ad5abbfdeed}</UniqueIdentifier>
    </Filter>
    <Filter Include="Header Files\Light">
      <UniqueIdentifier>{6d071e0e-7f80-4ddc-9ae2-c154d953b187}</UniqueIdentifier>
    </Filter>
    <Filter Include="Source Files\Light">
      <UniqueIdentifier>{2e485015-3d5d-485a-bd10-7770c257220c}</UniqueIdentifier>
    </Filter>
    <Filter Include="Header Files\Light\Parsers">
      <UniqueIdentifier>{bac5fec5-91f5-4a3f-a650-deeac2fa0e11}</UniqueIdentifier>
    </Filter>
    <Filter Include="Source Files\Light\Parsers">
      <UniqueIdentifier>{a7a968b4-a1b3-49c3-b05a-a7110031a107}</UniqueIdentifier>
    </Filter>
    <Filter Include="Source Files\Tools">
      <UniqueIdentifier>{a2e6d0fe-fcfd-4329-9c3d-8df1a5008aaf}</UniqueIdentifier>
    </Filter>
    <Filter Include="Header Files\Tools">
      <UniqueIdentifier>{9fac2a2e-f24f-4d3c-ae6c-0e0591462b26}</UniqueIdentifier>
    </Filter>
    <Filter Include="Header Files\Tools\BVH">
      <UniqueIdentifier>{d7e9a9da-d230-4c04-ac7c-734577f790ff}</UniqueIdentifier>
    </Filter>
    <Filter Include="Source Files\Tools\BVH">
      <UniqueIdentifier>{862b2cbf-a91e-4aee-b34d-94d21010aa01}</UniqueIdentifier>
    </Filter>
    <Filter Include="Source Files\Shader\BlockMesh">
      <UniqueIdentifier>{be418864-ec1e-4e31-ae35-6d9c1e2a3579}</UniqueIdentifier>
    </Filter>
    <Filter Include="Source Files\Shader\BlockModel">
      <UniqueIdentifier>{0c55a1bd-a5ad-4cf7-8dea-2c7cb69f73d6}</UniqueIdentifier>
    </Filter>
    <Filter Include="Source Files\Shader\GenerateRays">
      <UniqueIdentifier>{34507f44-7cd8-4011-af77-b370ee9bb73b}</UniqueIdentifier>
    </Filter>
    <Filter Include="Source Files\Shader\RaytracingPrimaryRays">
      <UniqueIdentifier>{d0d3698f-43aa-4304-96d8-467399b27f95}</UniqueIdentifier>
    </Filter>
    <Filter Include="Source Files\Shader\RaytracingSecondaryRays">
      <UniqueIdentifier>{428c1a9e-e786-481f-9c42-18236584894f}</UniqueIdentifier>
    </Filter>
    <Filter Include="Source Files\Shader\SkeletonMesh">
      <UniqueIdentifier>{c2ba8663-f000-47fa-92b2-1f57c73ec791}</UniqueIdentifier>
    </Filter>
    <Filter Include="Source Files\Shader\SkeletonModel">
      <UniqueIdentifier>{721eec6f-9be2-4544-843b-15e30ec4303d}</UniqueIdentifier>
    </Filter>
    <Filter Include="Source Files\Shader\Text">
      <UniqueIdentifier>{35266adb-488a-41b6-9e6e-c69a8cd16f3d}</UniqueIdentifier>
    </Filter>
    <Filter Include="Source Files\Shader\Texture">
      <UniqueIdentifier>{3a96274e-c5de-46f5-bc84-52ac8b58ac6f}</UniqueIdentifier>
    </Filter>
    <Filter Include="Source Files\Shader\Shading">
      <UniqueIdentifier>{36bf9c95-3078-4808-a07b-865648fc645b}</UniqueIdentifier>
    </Filter>
    <Filter Include="Header Files\Shader\BlockMesh">
      <UniqueIdentifier>{a3ec6ae4-bfea-4bf6-8221-e18c1a57e053}</UniqueIdentifier>
    </Filter>
    <Filter Include="Header Files\Shader\BlockModel">
      <UniqueIdentifier>{aa3ab730-08b6-4c6a-b1b4-beb9329ef30b}</UniqueIdentifier>
    </Filter>
    <Filter Include="Header Files\Shader\GenerateRays">
      <UniqueIdentifier>{40eb866b-6bcf-4fcb-a890-6e3f15d96a15}</UniqueIdentifier>
    </Filter>
    <Filter Include="Header Files\Shader\RaytracingPrimaryRays">
      <UniqueIdentifier>{dc231a18-1f39-427d-909f-77d193c8711e}</UniqueIdentifier>
    </Filter>
    <Filter Include="Header Files\Shader\RaytracingSecondaryRays">
      <UniqueIdentifier>{f42192b2-0eae-4d96-a517-c6e317095d6c}</UniqueIdentifier>
    </Filter>
    <Filter Include="Header Files\Shader\SkeletonMesh">
      <UniqueIdentifier>{be6ac98a-cc9e-4304-a002-75312f0e87fe}</UniqueIdentifier>
    </Filter>
    <Filter Include="Header Files\Shader\SkeletonModel">
      <UniqueIdentifier>{e568e6b0-fb8f-4cc2-aa12-0851742435ef}</UniqueIdentifier>
    </Filter>
    <Filter Include="Header Files\Shader\Text">
      <UniqueIdentifier>{93eee9ed-db22-49f6-882e-6ad9b4663f11}</UniqueIdentifier>
    </Filter>
    <Filter Include="Header Files\Shader\Texture">
      <UniqueIdentifier>{f689cad5-1317-43cf-9195-c4771ed5c636}</UniqueIdentifier>
    </Filter>
    <Filter Include="Header Files\Shader\Shading">
      <UniqueIdentifier>{bd1568a1-6a04-4347-856a-08b79deac0c4}</UniqueIdentifier>
    </Filter>
    <Filter Include="Source Files\Shader\Combining">
      <UniqueIdentifier>{5895f6ff-fc11-46f7-8d8a-cba127718302}</UniqueIdentifier>
    </Filter>
    <Filter Include="Header Files\Shader\Combining">
      <UniqueIdentifier>{d5d4dc53-94bf-469a-ba6e-c6ba6d9ede94}</UniqueIdentifier>
    </Filter>
    <Filter Include="Source Files\Shader\EdgeDetection">
      <UniqueIdentifier>{dfa38a37-435e-4bae-9fce-a4c6343a2eca}</UniqueIdentifier>
    </Filter>
    <Filter Include="Header Files\Shader\EdgeDetection">
      <UniqueIdentifier>{f202cd24-e82d-4fd1-aa21-078a1dceb357}</UniqueIdentifier>
    </Filter>
    <Filter Include="Source Files\Shader\EdgeDistance">
      <UniqueIdentifier>{bd544cfd-240b-44fd-8e0f-710354e593a2}</UniqueIdentifier>
    </Filter>
    <Filter Include="Header Files\Shader\EdgeDistance">
      <UniqueIdentifier>{64c1ac24-81aa-4ebe-af25-c4e0003b7184}</UniqueIdentifier>
    </Filter>
    <Filter Include="Source Files\Shader\TextureRescale">
      <UniqueIdentifier>{cc330be3-35cc-49f4-811d-6c3a674cb1b1}</UniqueIdentifier>
    </Filter>
    <Filter Include="Header Files\Shader\TextureRescale">
      <UniqueIdentifier>{22885fb1-8f59-456f-ae79-3faf97e19e85}</UniqueIdentifier>
    </Filter>
    <Filter Include="Header Files\Shader\GenerateReflectedRefractedRays">
      <UniqueIdentifier>{9105f580-caf7-4b31-b0fa-2cb1253cd105}</UniqueIdentifier>
    </Filter>
    <Filter Include="Source Files\Shader\ReflectionShading">
      <UniqueIdentifier>{7de113cf-84e3-4970-a1f6-2915973d9df2}</UniqueIdentifier>
    </Filter>
    <Filter Include="Header Files\Shader\ReflectionShading">
      <UniqueIdentifier>{8e3feadd-766e-4eae-9c6f-e4a114fe948f}</UniqueIdentifier>
    </Filter>
    <Filter Include="Source Files\Shader\GenerateReflectedRays">
      <UniqueIdentifier>{cb46a1d6-6c4d-43ad-af95-1b1fbabfcff2}</UniqueIdentifier>
    </Filter>
    <Filter Include="Source Files\Shader\GenerateRefractedRays">
      <UniqueIdentifier>{0f4b9495-efc0-4aed-bb48-2e035d276325}</UniqueIdentifier>
    </Filter>
    <Filter Include="Source Files\Shader\GenerateFirstRefractedRays">
      <UniqueIdentifier>{c04e3fdd-3320-4d86-b0f6-1cbe9414ee39}</UniqueIdentifier>
    </Filter>
    <Filter Include="Header Files\Shader\GenerateFirstRefractedRays">
      <UniqueIdentifier>{60cabe9e-cb23-48d9-87e7-2472b026b678}</UniqueIdentifier>
    </Filter>
    <Filter Include="Header Files\Shader\GenerateRefractedRays">
      <UniqueIdentifier>{ca2624e9-4cb3-4b22-b2fe-2cf9681722d4}</UniqueIdentifier>
    </Filter>
    <Filter Include="Header Files\Shader\RefractionShading">
      <UniqueIdentifier>{bbc37afe-3d71-4138-badf-bf8ba2f21c31}</UniqueIdentifier>
    </Filter>
    <Filter Include="Source Files\Shader\RefractionShading">
      <UniqueIdentifier>{f8a50721-7235-4b15-a440-3629eb049cfc}</UniqueIdentifier>
    </Filter>
    <Filter Include="Source Files\Shader\GenerateFirstReflectedRays">
      <UniqueIdentifier>{bf5a5b0f-8e03-4525-ad9b-0ef3a2be9beb}</UniqueIdentifier>
    </Filter>
    <Filter Include="Header Files\Shader\GenerateFirstReflectedRays">
      <UniqueIdentifier>{868a2301-3bb6-4cb7-93f3-dce774de2875}</UniqueIdentifier>
    </Filter>
    <Filter Include="Source Files\Shader\RaytracingShadows">
      <UniqueIdentifier>{535a43b8-3955-4e1f-a723-d65730d958a5}</UniqueIdentifier>
    </Filter>
    <Filter Include="Header Files\Shader\RaytracingShadows">
      <UniqueIdentifier>{4fdd38d7-70e1-4349-9e86-bb65d75ad41c}</UniqueIdentifier>
    </Filter>
    <Filter Include="Source Files\Camera\Parsers">
      <UniqueIdentifier>{ca7018a8-25e6-46c0-97e9-f96f043fa597}</UniqueIdentifier>
    </Filter>
    <Filter Include="Header Files\Camera\Parsers">
      <UniqueIdentifier>{54ee76b8-6d4a-43d2-8335-ddb2cad06d54}</UniqueIdentifier>
    </Filter>
    <Filter Include="Source Files\Profiler">
      <UniqueIdentifier>{127d685e-2dc9-4126-80a0-9ffcbc61ea8a}</UniqueIdentifier>
    </Filter>
    <Filter Include="Header Files\Profiler">
      <UniqueIdentifier>{c24c4259-dc1f-498c-8c40-e1a28cb11d6c}</UniqueIdentifier>
    </Filter>
    <Filter Include="Header Files\Tools\BVH\Parsers">
      <UniqueIdentifier>{ad29f01f-7599-4a98-9e34-0391186d1da1}</UniqueIdentifier>
    </Filter>
    <Filter Include="Source Files\Tools\BVH\Parsers">
      <UniqueIdentifier>{0e0446c6-b0d2-498f-b8dc-1499dc830fca}</UniqueIdentifier>
    </Filter>
    <Filter Include="Header Files\SceneManager">
      <UniqueIdentifier>{6e0e2188-fe5d-4d12-b822-a831cf8ae2c7}</UniqueIdentifier>
    </Filter>
    <Filter Include="Source Files\SceneManager">
      <UniqueIdentifier>{0000023b-b85f-4d1a-8190-4bdf50fed411}</UniqueIdentifier>
    </Filter>
    <Filter Include="Header Files\Shader\RasterizingShadows">
      <UniqueIdentifier>{04aa38fa-d233-440c-982e-a64c836b967c}</UniqueIdentifier>
    </Filter>
    <Filter Include="Source Files\Shader\RasterizingShadows">
      <UniqueIdentifier>{d44c1ef0-eec1-4f00-9008-f1e7bf977f3d}</UniqueIdentifier>
    </Filter>
    <Filter Include="Source Files\Shader\BlurShadows">
      <UniqueIdentifier>{ad40b482-14d7-4cdf-9482-228dba83e550}</UniqueIdentifier>
    </Filter>
    <Filter Include="Header Files\Shader\BlurShadows">
      <UniqueIdentifier>{c8529707-0f7c-4333-9fb4-0e86a8e5791a}</UniqueIdentifier>
    </Filter>
    <Filter Include="Source Files\Shader\GenerateMipmap">
      <UniqueIdentifier>{9e96639e-71dc-4be5-ba4a-2212ff47310b}</UniqueIdentifier>
    </Filter>
    <Filter Include="Header Files\Shader\GenerateMipmap">
      <UniqueIdentifier>{5e388846-a3d8-43de-9df4-f15be78662af}</UniqueIdentifier>
    </Filter>
    <Filter Include="Source Files\Shader\Utility">
      <UniqueIdentifier>{9826791d-875c-406a-84d2-68dca99a45af}</UniqueIdentifier>
    </Filter>
    <Filter Include="Source Files\Shader\Utility\ConvertValueFromScreenSpaceToWorldSpace">
      <UniqueIdentifier>{f4b7ae61-fd32-4412-ae34-cd8e58d95ed5}</UniqueIdentifier>
    </Filter>
    <Filter Include="Source Files\Shader\Utility\MergeValue">
      <UniqueIdentifier>{24e3e6da-1767-4bba-9063-7c606a1fa5c6}</UniqueIdentifier>
    </Filter>
    <Filter Include="Source Files\Shader\Utility\SpreadValue">
      <UniqueIdentifier>{ac469873-20f9-4511-bca8-633da842f26f}</UniqueIdentifier>
    </Filter>
    <Filter Include="Source Files\Shader\Utility\ReplaceValue">
      <UniqueIdentifier>{7cf89a87-1c88-434d-98fd-010807d97b9e}</UniqueIdentifier>
    </Filter>
    <Filter Include="Header Files\Shader\Utility">
      <UniqueIdentifier>{2d8715ed-0c76-45c6-9e97-100743eed767}</UniqueIdentifier>
    </Filter>
    <Filter Include="Header Files\Shader\Utility\ReplaceValue">
      <UniqueIdentifier>{887dba40-9150-4a80-9248-f5da893fd4f2}</UniqueIdentifier>
    </Filter>
    <Filter Include="Header Files\Shader\Utility\SpreadValue">
      <UniqueIdentifier>{c66bba5d-d6ed-4d3c-972a-5f550cc25952}</UniqueIdentifier>
    </Filter>
    <Filter Include="Header Files\Shader\Utility\MergeValue">
      <UniqueIdentifier>{b784cfaf-b5dd-4c68-afb4-f65d48c5c6d1}</UniqueIdentifier>
    </Filter>
    <Filter Include="Header Files\Shader\Utility\ConvertValueFromScreenSpaceToWorldSpace">
      <UniqueIdentifier>{4e2cf4b9-819c-4ea0-be56-011cd42d27b7}</UniqueIdentifier>
    </Filter>
    <Filter Include="Source Files\Shader\DistanceToOccluderSearch">
      <UniqueIdentifier>{9e0e48e1-6e2b-4dc2-9889-00c49f73eb06}</UniqueIdentifier>
    </Filter>
    <Filter Include="Header Files\Shader\DistanceToOccluderSearch">
      <UniqueIdentifier>{2e56f0f2-9221-4497-aac7-8ef0763df74b}</UniqueIdentifier>
    </Filter>
    <Filter Include="Source Files\Shader\ExtractBrightPixels">
      <UniqueIdentifier>{1c7a6274-3511-494c-968c-237977da8ee8}</UniqueIdentifier>
    </Filter>
    <Filter Include="Header Files\Shader\ExtractBrightPixels">
      <UniqueIdentifier>{a1ccb28c-60f9-4082-95a6-48ac7932cc66}</UniqueIdentifier>
    </Filter>
    <Filter Include="Source Files\Shader\Utility\BlurValue">
      <UniqueIdentifier>{fc8f935d-9bfc-4714-90f1-fa46b62cf821}</UniqueIdentifier>
    </Filter>
    <Filter Include="Header Files\Shader\Utility\BlurValue">
      <UniqueIdentifier>{8a9fc3fb-9c70-4a87-8d63-1e4b59127bca}</UniqueIdentifier>
    </Filter>
    <Filter Include="Source Files\Shader\Utility\MergeMipmapsValue">
      <UniqueIdentifier>{3f57673c-5c22-48ec-bbb3-5b73e66b1763}</UniqueIdentifier>
    </Filter>
    <Filter Include="Header Files\Shader\Utility\MergeMipmapsValue">
      <UniqueIdentifier>{c6e0c85a-56bf-47e2-b016-02539a38a7d5}</UniqueIdentifier>
    </Filter>
    <Filter Include="Source Files\Shader\ToneMapping">
      <UniqueIdentifier>{3bfafe9a-e5d3-4817-abcb-2217da312aca}</UniqueIdentifier>
    </Filter>
    <Filter Include="Header Files\Shader\ToneMapping">
      <UniqueIdentifier>{b3ef7f52-2fa4-4d5e-ae2e-fa522476e9de}</UniqueIdentifier>
    </Filter>
    <Filter Include="Source Files\Shader\HitDistanceSearch">
      <UniqueIdentifier>{f8e8c579-86ce-447f-a34b-74790d5ac714}</UniqueIdentifier>
    </Filter>
    <Filter Include="Header Files\Shader\HitDistanceSearch">
      <UniqueIdentifier>{cd7ec478-55c3-46df-8388-9c64a5b0983a}</UniqueIdentifier>
    </Filter>
    <Filter Include="Source Files\Shader\Common">
      <UniqueIdentifier>{b9e46b03-6c71-45f8-8b08-a38c232c7369}</UniqueIdentifier>
    </Filter>
    <Filter Include="Header Files\Settings">
      <UniqueIdentifier>{b3254e63-ea04-4728-8e5b-06db850d42ff}</UniqueIdentifier>
    </Filter>
    <Filter Include="Source Files\Settings">
      <UniqueIdentifier>{1d034e61-d4cc-4143-bcbd-59b30aabcad9}</UniqueIdentifier>
    </Filter>
    <Filter Include="Header Files\RenderTargetManager">
      <UniqueIdentifier>{9c91a9b6-ab42-4126-a9ed-7489d1f5b5db}</UniqueIdentifier>
    </Filter>
    <Filter Include="Source Files\RenderTargetManager">
      <UniqueIdentifier>{54fe07db-eb44-43e7-a0c4-53bc4b783309}</UniqueIdentifier>
    </Filter>
    <Filter Include="Source Files\Shader\Antialiasing">
      <UniqueIdentifier>{31146567-5599-455b-8b70-f3f1b51606b4}</UniqueIdentifier>
    </Filter>
    <Filter Include="Header Files\Shader\Antialiasing">
      <UniqueIdentifier>{e0fb5977-91a0-4fb5-a0b9-06376e539d8a}</UniqueIdentifier>
    </Filter>
    <Filter Include="Header Files\Shader\Utility\SumValue">
      <UniqueIdentifier>{4dcce508-ccef-454c-9398-2ee577013656}</UniqueIdentifier>
    </Filter>
    <Filter Include="Source Files\Shader\Utility\SumValue">
      <UniqueIdentifier>{f9e9af48-052a-458c-893f-b94ece517978}</UniqueIdentifier>
    </Filter>
    <Filter Include="Header Files\Physics">
      <UniqueIdentifier>{99490892-aab9-418e-a0ae-0b82b42009a4}</UniqueIdentifier>
    </Filter>
    <Filter Include="Source Files\Physics">
      <UniqueIdentifier>{8904755a-1c42-4d7e-82a7-c3098288018f}</UniqueIdentifier>
    </Filter>
    <Filter Include="Source Files\Shader\CombineShadowLayers">
      <UniqueIdentifier>{4ccc6a1b-0422-4e0c-8c9e-47238dbc1e57}</UniqueIdentifier>
    </Filter>
    <Filter Include="Header Files\Shader\CombineShadowLayers">
      <UniqueIdentifier>{dd159c99-8cad-40f5-b37c-e9a43a49313b}</UniqueIdentifier>
    </Filter>
    <Filter Include="Header Files\Animation">
      <UniqueIdentifier>{e96300f4-a22d-447d-b616-f849ceae344c}</UniqueIdentifier>
    </Filter>
    <Filter Include="Header Files\Benchmark">
      <UniqueIdentifier>{1ff32405-0880-497c-ad87-df3e58a9a584}</UniqueIdentifier>
    </Filter>
    <Filter Include="Source Files\Benchmark">
      <UniqueIdentifier>{72f19228-0255-40ee-92b1-d178e57ebdab}</UniqueIdentifier>
    </Filter>
    <Filter Include="Source Files\Shader\ASSAO">
      <UniqueIdentifier>{2c4b4ff9-3933-404c-a8df-6affaaad7088}</UniqueIdentifier>
    </Filter>
    <Filter Include="Source Files\Shader\BlurShadowPattern">
      <UniqueIdentifier>{0d3d3a1f-516e-4dc2-a49a-c9d02c43efa5}</UniqueIdentifier>
    </Filter>
    <Filter Include="Header Files\Shader\BlurShadowPattern">
      <UniqueIdentifier>{6c2e7520-9693-4ee7-ae38-e39571c0746d}</UniqueIdentifier>
    </Filter>
  </ItemGroup>
  <ItemGroup>
    <ClInclude Include="float2.h">
      <Filter>Header Files\Math</Filter>
    </ClInclude>
    <ClInclude Include="float3.h">
      <Filter>Header Files\Math</Filter>
    </ClInclude>
    <ClInclude Include="float4.h">
      <Filter>Header Files\Math</Filter>
    </ClInclude>
    <ClInclude Include="float33.h">
      <Filter>Header Files\Math</Filter>
    </ClInclude>
    <ClInclude Include="AssetManager.h">
      <Filter>Header Files\AssetManager</Filter>
    </ClInclude>
    <ClInclude Include="int3.h">
      <Filter>Header Files\Math</Filter>
    </ClInclude>
    <ClInclude Include="int2.h">
      <Filter>Header Files\Math</Filter>
    </ClInclude>
    <ClInclude Include="MathUtil.h">
      <Filter>Header Files\Math</Filter>
    </ClInclude>
    <ClInclude Include="BlockModel.h">
      <Filter>Header Files\Model</Filter>
    </ClInclude>
    <ClInclude Include="ComplexModel.h">
      <Filter>Header Files\ComplexModel</Filter>
    </ClInclude>
    <ClInclude Include="BlockModelLOD.h">
      <Filter>Header Files\Model</Filter>
    </ClInclude>
    <ClInclude Include="float43.h">
      <Filter>Header Files\Math</Filter>
    </ClInclude>
    <ClInclude Include="Application.h">
      <Filter>Header Files\Application</Filter>
    </ClInclude>
    <ClInclude Include="InputManager.h">
      <Filter>Header Files\Input</Filter>
    </ClInclude>
    <ClInclude Include="uint2.h">
      <Filter>Header Files\Math</Filter>
    </ClInclude>
    <ClInclude Include="uint3.h">
      <Filter>Header Files\Math</Filter>
    </ClInclude>
    <ClInclude Include="ModelTexture2D.h">
      <Filter>Header Files\Model</Filter>
    </ClInclude>
    <ClInclude Include="VertexShader.h">
      <Filter>Header Files\Shader</Filter>
    </ClInclude>
    <ClInclude Include="FragmentShader.h">
      <Filter>Header Files\Shader</Filter>
    </ClInclude>
    <ClInclude Include="BlockMeshFragmentShader.h">
      <Filter>Header Files\Shader\BlockMesh</Filter>
    </ClInclude>
    <ClInclude Include="BlockMeshVertexShader.h">
      <Filter>Header Files\Shader\BlockMesh</Filter>
    </ClInclude>
    <ClInclude Include="float44.h">
      <Filter>Header Files\Math</Filter>
    </ClInclude>
    <ClInclude Include="BlockModelVertexShader.h">
      <Filter>Header Files\Shader\BlockModel</Filter>
    </ClInclude>
    <ClInclude Include="BlockModelFragmentShader.h">
      <Filter>Header Files\Shader\BlockModel</Filter>
    </ClInclude>
    <ClInclude Include="Camera.h">
      <Filter>Header Files\Camera</Filter>
    </ClInclude>
    <ClInclude Include="FreeCamera.h">
      <Filter>Header Files\Camera</Filter>
    </ClInclude>
    <ClInclude Include="Timer.h">
      <Filter>Header Files\Timer</Filter>
    </ClInclude>
    <ClInclude Include="StringUtil.h">
      <Filter>Header Files\String</Filter>
    </ClInclude>
    <ClInclude Include="Font.h">
      <Filter>Header Files\Font</Filter>
    </ClInclude>
    <ClInclude Include="TextVertexShader.h">
      <Filter>Header Files\Shader\Text</Filter>
    </ClInclude>
    <ClInclude Include="TextFragmentShader.h">
      <Filter>Header Files\Shader\Text</Filter>
    </ClInclude>
    <ClInclude Include="SkeletonModel.h">
      <Filter>Header Files\Model</Filter>
    </ClInclude>
    <ClInclude Include="Direct3DUtil.h">
      <Filter>Header Files\Renderer</Filter>
    </ClInclude>
    <ClInclude Include="MyXAFFileParser.h">
      <Filter>Header Files\Mesh\Parsers</Filter>
    </ClInclude>
    <ClInclude Include="rapidxml.hpp">
      <Filter>Header Files\XMLParser</Filter>
    </ClInclude>
    <ClInclude Include="rapidxml_iterators.hpp">
      <Filter>Header Files\XMLParser</Filter>
    </ClInclude>
    <ClInclude Include="rapidxml_print.hpp">
      <Filter>Header Files\XMLParser</Filter>
    </ClInclude>
    <ClInclude Include="rapidxml_utils.hpp">
      <Filter>Header Files\XMLParser</Filter>
    </ClInclude>
    <ClInclude Include="BlockMesh.h">
      <Filter>Header Files\Mesh\BlockMesh</Filter>
    </ClInclude>
    <ClInclude Include="BlockMeshLOD.h">
      <Filter>Header Files\Mesh\BlockMesh</Filter>
    </ClInclude>
    <ClInclude Include="SkeletonAnimation.h">
      <Filter>Header Files\Mesh\Skeleton</Filter>
    </ClInclude>
    <ClInclude Include="SkeletonPose.h">
      <Filter>Header Files\Mesh\Skeleton</Filter>
    </ClInclude>
    <ClInclude Include="SkeletonMesh.h">
      <Filter>Header Files\Mesh\Skeleton</Filter>
    </ClInclude>
    <ClInclude Include="SkeletonMeshVertexShader.h">
      <Filter>Header Files\Shader\SkeletonMesh</Filter>
    </ClInclude>
    <ClInclude Include="SkeletonMeshFragmentShader.h">
      <Filter>Header Files\Shader\SkeletonMesh</Filter>
    </ClInclude>
    <ClInclude Include="Direct3DRendererCore.h">
      <Filter>Header Files\Renderer</Filter>
    </ClInclude>
    <ClInclude Include="Direct3DFrameRenderer.h">
      <Filter>Header Files\Renderer</Filter>
    </ClInclude>
    <ClInclude Include="RectangleMesh.h">
      <Filter>Header Files\Mesh\RectangleMesh</Filter>
    </ClInclude>
    <ClInclude Include="TextureVertexShader.h">
      <Filter>Header Files\Shader\Texture</Filter>
    </ClInclude>
    <ClInclude Include="TextureFragmentShader.h">
      <Filter>Header Files\Shader\Texture</Filter>
    </ClInclude>
    <ClInclude Include="ImageLibrary.h">
      <Filter>Header Files\Libraries</Filter>
    </ClInclude>
    <ClInclude Include="FontLibrary.h">
      <Filter>Header Files\Libraries</Filter>
    </ClInclude>
    <ClInclude Include="SkeletonMeshEnums.h">
      <Filter>Header Files\Enums</Filter>
    </ClInclude>
    <ClInclude Include="quat.h">
      <Filter>Header Files\Math</Filter>
    </ClInclude>
    <ClInclude Include="TextFile.h">
      <Filter>Header Files\File</Filter>
    </ClInclude>
    <ClInclude Include="BinaryFile.h">
      <Filter>Header Files\File</Filter>
    </ClInclude>
    <ClInclude Include="ModelTexture2DParser.h">
      <Filter>Header Files\Model\Parsers</Filter>
    </ClInclude>
    <ClInclude Include="BlockModelParser.h">
      <Filter>Header Files\Model\Parsers</Filter>
    </ClInclude>
    <ClInclude Include="SkeletonModelParser.h">
      <Filter>Header Files\Model\Parsers</Filter>
    </ClInclude>
    <ClInclude Include="SkeletonModelVertexShader.h">
      <Filter>Header Files\Shader\SkeletonModel</Filter>
    </ClInclude>
    <ClInclude Include="SkeletonModelFragmentShader.h">
      <Filter>Header Files\Shader\SkeletonModel</Filter>
    </ClInclude>
    <ClInclude Include="BlockMeshFileInfo.h">
      <Filter>Header Files\Mesh\BlockMesh</Filter>
    </ClInclude>
    <ClInclude Include="BlockMeshFileInfoParser.h">
      <Filter>Header Files\Mesh\Parsers</Filter>
    </ClInclude>
    <ClInclude Include="SkeletonMeshFileInfo.h">
      <Filter>Header Files\Mesh\Skeleton</Filter>
    </ClInclude>
    <ClInclude Include="SkeletonMeshFileInfoParser.h">
      <Filter>Header Files\Mesh\Parsers</Filter>
    </ClInclude>
    <ClInclude Include="Texture2DFileInfo.h">
      <Filter>Header Files\Texture</Filter>
    </ClInclude>
    <ClInclude Include="Texture2DFileInfoParser.h">
      <Filter>Header Files\Texture\Parsers</Filter>
    </ClInclude>
    <ClInclude Include="FileInfo.h">
      <Filter>Header Files\Asset</Filter>
    </ClInclude>
    <ClInclude Include="Asset.h">
      <Filter>Header Files\Asset</Filter>
    </ClInclude>
    <ClInclude Include="BlockModelFileInfo.h">
      <Filter>Header Files\Model</Filter>
    </ClInclude>
    <ClInclude Include="SkeletonModelFileInfo.h">
      <Filter>Header Files\Model</Filter>
    </ClInclude>
    <ClInclude Include="SkeletonAnimationFileInfo.h">
      <Filter>Header Files\Mesh\Skeleton</Filter>
    </ClInclude>
    <ClInclude Include="SkeletonAnimationFileInfoParser.h">
      <Filter>Header Files\Mesh\Parsers</Filter>
    </ClInclude>
    <ClInclude Include="SkeletonActor.h">
      <Filter>Header Files\Actor</Filter>
    </ClInclude>
    <ClInclude Include="BlockActor.h">
      <Filter>Header Files\Actor</Filter>
    </ClInclude>
    <ClInclude Include="Actor.h">
      <Filter>Header Files\Actor</Filter>
    </ClInclude>
    <ClInclude Include="SceneParser.h">
      <Filter>Header Files\Scene</Filter>
    </ClInclude>
    <ClInclude Include="BlockModelFileInfoParser.h">
      <Filter>Header Files\Model\Parsers</Filter>
    </ClInclude>
    <ClInclude Include="SkeletonModelFileInfoParser.h">
      <Filter>Header Files\Model\Parsers</Filter>
    </ClInclude>
    <ClInclude Include="PointLight.h">
      <Filter>Header Files\Light</Filter>
    </ClInclude>
    <ClInclude Include="Light.h">
      <Filter>Header Files\Light</Filter>
    </ClInclude>
    <ClInclude Include="PointLightParser.h">
      <Filter>Header Files\Light\Parsers</Filter>
    </ClInclude>
    <ClInclude Include="Renderer.h">
      <Filter>Header Files\Renderer</Filter>
    </ClInclude>
    <ClInclude Include="RaytraceRenderer.h">
      <Filter>Header Files\Renderer</Filter>
    </ClInclude>
    <ClInclude Include="ComputeShader.h">
      <Filter>Header Files\Shader</Filter>
    </ClInclude>
    <ClInclude Include="GenerateRaysComputeShader.h">
      <Filter>Header Files\Shader\GenerateRays</Filter>
    </ClInclude>
    <ClInclude Include="uchar4.h">
      <Filter>Header Files\Math</Filter>
    </ClInclude>
    <ClInclude Include="BoundingBox.h">
      <Filter>Header Files\Tools</Filter>
    </ClInclude>
    <ClInclude Include="BVHTree.h">
      <Filter>Header Files\Tools\BVH</Filter>
    </ClInclude>
    <ClInclude Include="BVHNode.h">
      <Filter>Header Files\Tools\BVH</Filter>
    </ClInclude>
    <ClInclude Include="BVHTreeBuffer.h">
      <Filter>Header Files\Tools\BVH</Filter>
    </ClInclude>
    <ClInclude Include="uint4.h">
      <Filter>Header Files\Math</Filter>
    </ClInclude>
    <ClInclude Include="uchar2.h">
      <Filter>Header Files\Math</Filter>
    </ClInclude>
    <ClInclude Include="Direct3DDeferredRenderer.h">
      <Filter>Header Files\Renderer</Filter>
    </ClInclude>
    <ClInclude Include="RaytracingPrimaryRaysComputeShader.h">
      <Filter>Header Files\Shader\RaytracingPrimaryRays</Filter>
    </ClInclude>
    <ClInclude Include="RaytracingSecondaryRaysComputeShader.h">
      <Filter>Header Files\Shader\RaytracingSecondaryRays</Filter>
    </ClInclude>
    <ClInclude Include="ShadingComputeShader.h">
      <Filter>Header Files\Shader\Shading</Filter>
    </ClInclude>
    <ClInclude Include="ShadingRenderer.h">
      <Filter>Header Files\Renderer</Filter>
    </ClInclude>
    <ClInclude Include="CombiningRenderer.h">
      <Filter>Header Files\Renderer</Filter>
    </ClInclude>
    <ClInclude Include="CombiningVertexShader.h">
      <Filter>Header Files\Shader\Combining</Filter>
    </ClInclude>
    <ClInclude Include="CombiningFragmentShader.h">
      <Filter>Header Files\Shader\Combining</Filter>
    </ClInclude>
    <ClInclude Include="EdgeDetectionComputeShader.h">
      <Filter>Header Files\Shader\EdgeDetection</Filter>
    </ClInclude>
    <ClInclude Include="EdgeDetectionRenderer.h">
      <Filter>Header Files\Renderer</Filter>
    </ClInclude>
    <ClInclude Include="EdgeDistanceComputeShader.h">
      <Filter>Header Files\Shader\EdgeDistance</Filter>
    </ClInclude>
    <ClInclude Include="TextureRescaleComputeShader.h">
      <Filter>Header Files\Shader\TextureRescale</Filter>
    </ClInclude>
    <ClInclude Include="TextureRescaleRenderer.h">
      <Filter>Header Files\Renderer</Filter>
    </ClInclude>
    <ClInclude Include="MeshFileParser.h">
      <Filter>Header Files\Mesh\Parsers</Filter>
    </ClInclude>
    <ClInclude Include="CombiningFragmentShader2.h">
      <Filter>Header Files\Shader\Combining</Filter>
    </ClInclude>
    <ClInclude Include="ShadingComputeShader2.h">
      <Filter>Header Files\Shader\Shading</Filter>
    </ClInclude>
    <ClInclude Include="ReflectionShadingComputeShader.h">
      <Filter>Header Files\Shader\ReflectionShading</Filter>
    </ClInclude>
    <ClInclude Include="GenerateReflectedRaysComputeShader.h">
      <Filter>Header Files\Shader\GenerateReflectedRefractedRays</Filter>
    </ClInclude>
    <ClInclude Include="GenerateFirstReflectedRaysComputeShader.h">
      <Filter>Header Files\Shader\GenerateFirstReflectedRays</Filter>
    </ClInclude>
    <ClInclude Include="GenerateFirstRefractedRaysComputeShader.h">
      <Filter>Header Files\Shader\GenerateFirstRefractedRays</Filter>
    </ClInclude>
    <ClInclude Include="GenerateRefractedRaysComputeShader.h">
      <Filter>Header Files\Shader\GenerateRefractedRays</Filter>
    </ClInclude>
    <ClInclude Include="RefractionShadingComputeShader.h">
      <Filter>Header Files\Shader\RefractionShading</Filter>
    </ClInclude>
    <ClInclude Include="ReflectionRefractionShadingRenderer.h">
      <Filter>Header Files\Renderer</Filter>
    </ClInclude>
    <ClInclude Include="ReflectionShadingComputeShader2.h">
      <Filter>Header Files\Shader\ReflectionShading</Filter>
    </ClInclude>
    <ClInclude Include="RefractionShadingComputeShader2.h">
      <Filter>Header Files\Shader\RefractionShading</Filter>
    </ClInclude>
    <ClInclude Include="Texture2DEnums.h">
      <Filter>Header Files\Texture</Filter>
    </ClInclude>
    <ClInclude Include="Texture2DGeneric.h">
      <Filter>Header Files\Texture</Filter>
    </ClInclude>
    <ClInclude Include="Texture2DSpecBind.h">
      <Filter>Header Files\Texture</Filter>
    </ClInclude>
    <ClInclude Include="Texture2DSpecUsage.h">
      <Filter>Header Files\Texture</Filter>
    </ClInclude>
    <ClInclude Include="StagingTexture2D.h">
      <Filter>Header Files\Texture</Filter>
    </ClInclude>
    <ClInclude Include="Texture2D.h">
      <Filter>Header Files\Texture</Filter>
    </ClInclude>
    <ClInclude Include="RaytraceShadowRenderer.h">
      <Filter>Header Files\Renderer</Filter>
    </ClInclude>
    <ClInclude Include="RaytracingShadowsComputeShader.h">
      <Filter>Header Files\Shader\RaytracingShadows</Filter>
    </ClInclude>
    <ClInclude Include="ShadowMapRenderer.h">
      <Filter>Header Files\Renderer</Filter>
    </ClInclude>
    <ClInclude Include="ShadingComputeShader0.h">
      <Filter>Header Files\Shader\Shading</Filter>
    </ClInclude>
    <ClInclude Include="FreeCameraParser.h">
      <Filter>Header Files\Camera\Parsers</Filter>
    </ClInclude>
    <ClInclude Include="Profiler.h">
      <Filter>Header Files\Profiler</Filter>
    </ClInclude>
    <ClInclude Include="TextureUtil.h">
      <Filter>Header Files\Texture</Filter>
    </ClInclude>
    <ClInclude Include="MeshUtil.h">
      <Filter>Header Files\Mesh</Filter>
    </ClInclude>
    <ClInclude Include="ModelUtil.h">
      <Filter>Header Files\Model</Filter>
    </ClInclude>
    <ClInclude Include="BVHTreeBufferParser.h">
      <Filter>Header Files\Tools\BVH\Parsers</Filter>
    </ClInclude>
    <ClInclude Include="ShadingNoShadowsComputeShader.h">
      <Filter>Header Files\Shader\Shading</Filter>
    </ClInclude>
    <ClInclude Include="ShadingNoShadowsComputeShader2.h">
      <Filter>Header Files\Shader\Shading</Filter>
    </ClInclude>
    <ClInclude Include="Model.h">
      <Filter>Header Files\Model</Filter>
    </ClInclude>
    <ClInclude Include="SceneManager.h">
      <Filter>Header Files\SceneManager</Filter>
    </ClInclude>
    <ClInclude Include="Scene.h">
      <Filter>Header Files\Scene</Filter>
    </ClInclude>
    <ClInclude Include="SpotLight.h">
      <Filter>Header Files\Light</Filter>
    </ClInclude>
    <ClInclude Include="SpotLightParser.h">
      <Filter>Header Files\Light\Parsers</Filter>
    </ClInclude>
    <ClInclude Include="EmissiveBlockMeshFragmentShader.h">
      <Filter>Header Files\Shader\BlockMesh</Filter>
    </ClInclude>
    <ClInclude Include="RasterizeShadowRenderer.h">
      <Filter>Header Files\Renderer</Filter>
    </ClInclude>
    <ClInclude Include="RasterizingShadowsComputeShader.h">
      <Filter>Header Files\Shader\RasterizingShadows</Filter>
    </ClInclude>
    <ClInclude Include="GenerateMipmapMinValueComputeShader.h">
      <Filter>Header Files\Shader\GenerateMipmap</Filter>
    </ClInclude>
    <ClInclude Include="GenerateMipmapMinValueFragmentShader.h">
      <Filter>Header Files\Shader\GenerateMipmap</Filter>
    </ClInclude>
    <ClInclude Include="BlurShadowsComputeShader.h">
      <Filter>Header Files\Shader\BlurShadows</Filter>
    </ClInclude>
    <ClInclude Include="BlurShadowsRenderer.h">
      <Filter>Header Files\Renderer</Filter>
    </ClInclude>
    <ClInclude Include="ReplaceValueComputeShader.h">
      <Filter>Header Files\Shader\Utility\ReplaceValue</Filter>
    </ClInclude>
    <ClInclude Include="SpreadValueComputeShader.h">
      <Filter>Header Files\Shader\Utility\SpreadValue</Filter>
    </ClInclude>
    <ClInclude Include="UtilityRenderer.h">
      <Filter>Header Files\Renderer</Filter>
    </ClInclude>
    <ClInclude Include="MergeValueComputeShader.h">
      <Filter>Header Files\Shader\Utility\MergeValue</Filter>
    </ClInclude>
    <ClInclude Include="MipmapRenderer.h">
      <Filter>Header Files\Renderer</Filter>
    </ClInclude>
    <ClInclude Include="GenerateMipmapVertexShader.h">
      <Filter>Header Files\Shader\GenerateMipmap</Filter>
    </ClInclude>
    <ClInclude Include="GenerateMipmapWithSampleRejectionFragmentShader.h">
      <Filter>Header Files\Shader\GenerateMipmap</Filter>
    </ClInclude>
    <ClInclude Include="ConvertDistanceFromScreenSpaceToWorldSpaceComputeShader.h">
      <Filter>Header Files\Shader\Utility\ConvertValueFromScreenSpaceToWorldSpace</Filter>
    </ClInclude>
    <ClInclude Include="FileSystem.h">
      <Filter>Header Files\File</Filter>
    </ClInclude>
    <ClInclude Include="AssetPathManager.h">
      <Filter>Header Files\AssetManager</Filter>
    </ClInclude>
    <ClInclude Include="FileUtil.h">
      <Filter>Header Files\File</Filter>
    </ClInclude>
    <ClInclude Include="DistanceToOccluderSearchComputeShader.h">
      <Filter>Header Files\Shader\DistanceToOccluderSearch</Filter>
    </ClInclude>
    <ClInclude Include="DistanceToOccluderSearchRenderer.h">
      <Filter>Header Files\Renderer</Filter>
    </ClInclude>
    <ClInclude Include="ExtractBrightPixelsComputeShader.h">
      <Filter>Header Files\Shader\ExtractBrightPixels</Filter>
    </ClInclude>
    <ClInclude Include="ExtractBrightPixelsRenderer.h">
      <Filter>Header Files\Renderer</Filter>
    </ClInclude>
    <ClInclude Include="BlurValueComputeShader.h">
      <Filter>Header Files\Shader\Utility\BlurValue</Filter>
    </ClInclude>
    <ClInclude Include="MergeMipmapsValueComputeShader.h">
      <Filter>Header Files\Shader\Utility\MergeMipmapsValue</Filter>
    </ClInclude>
    <ClInclude Include="ResampleTextureFragmentShader.h">
      <Filter>Header Files\Shader\GenerateMipmap</Filter>
    </ClInclude>
    <ClInclude Include="ToneMappingComputeShader.h">
      <Filter>Header Files\Shader\ToneMapping</Filter>
    </ClInclude>
    <ClInclude Include="ToneMappingRenderer.h">
      <Filter>Header Files\Renderer</Filter>
    </ClInclude>
    <ClInclude Include="HitDistanceSearchComputeShader.h">
      <Filter>Header Files\Shader\HitDistanceSearch</Filter>
    </ClInclude>
    <ClInclude Include="HitDistanceSearchRenderer.h">
      <Filter>Header Files\Renderer</Filter>
    </ClInclude>
    <ClInclude Include="ControlPanel.h">
      <Filter>Header Files\Application</Filter>
    </ClInclude>
    <ClInclude Include="Settings.h">
      <Filter>Header Files\Settings</Filter>
    </ClInclude>
    <ClInclude Include="SceneUtil.h">
      <Filter>Header Files\Scene</Filter>
    </ClInclude>
    <ClInclude Include="Selection.h">
      <Filter>Header Files\SceneManager</Filter>
    </ClInclude>
    <ClInclude Include="RenderTargetManager.h">
      <Filter>Header Files\RenderTargetManager</Filter>
    </ClInclude>
    <ClInclude Include="Animator.h">
      <Filter>Header Files\Animation</Filter>
    </ClInclude>
    <ClInclude Include="AntialiasingRenderer.h">
      <Filter>Header Files\Renderer</Filter>
    </ClInclude>
    <ClInclude Include="AntialiasingComputeShader.h">
      <Filter>Header Files\Shader\Antialiasing</Filter>
    </ClInclude>
    <ClInclude Include="EngineApplication.h">
      <Filter>Header Files\Application</Filter>
    </ClInclude>
    <ClInclude Include="PhysicsLibrary.h">
      <Filter>Header Files\Libraries</Filter>
    </ClInclude>
    <ClInclude Include="BlockModelImporter.h">
      <Filter>Header Files\Model\Parsers</Filter>
    </ClInclude>
    <ClInclude Include="SumValuesComputeShader.h">
      <Filter>Header Files\Shader\Utility\SumValue</Filter>
    </ClInclude>
    <ClInclude Include="CombineShadowLayersComputeShader.h">
      <Filter>Header Files\Shader\CombineShadowLayers</Filter>
    </ClInclude>
    <ClInclude Include="CombineShadowLayersRenderer.h">
      <Filter>Header Files\Renderer</Filter>
    </ClInclude>
    <ClInclude Include="Animation.h">
      <Filter>Header Files\Animation</Filter>
    </ClInclude>
    <ClInclude Include="AnimationParser.h">
      <Filter>Header Files\Animation</Filter>
    </ClInclude>
    <ClInclude Include="Benchmark.h">
      <Filter>Header Files\Benchmark</Filter>
    </ClInclude>
    <ClInclude Include="SettingsHelper.h">
      <Filter>Header Files\Settings</Filter>
    </ClInclude>
    <ClInclude Include="RenderingStage.h">
      <Filter>Header Files\Renderer</Filter>
    </ClInclude>
    <ClInclude Include="ASSAOCoreRenderer.h">
      <Filter>Header Files\Renderer</Filter>
    </ClInclude>
    <ClInclude Include="ASSAORenderer.h">
      <Filter>Header Files\Renderer</Filter>
    </ClInclude>
    <ClInclude Include="BlurShadowPatternRenderer.h">
      <Filter>Header Files\Renderer</Filter>
    </ClInclude>
    <ClInclude Include="BlurShadowPatternComputeShader.h">
      <Filter>Header Files\Shader\BlurShadowPattern</Filter>
    </ClInclude>
  </ItemGroup>
  <ItemGroup>
    <ClCompile Include="float2.cpp">
      <Filter>Source Files\Math</Filter>
    </ClCompile>
    <ClCompile Include="float3.cpp">
      <Filter>Source Files\Math</Filter>
    </ClCompile>
    <ClCompile Include="float4.cpp">
      <Filter>Source Files\Math</Filter>
    </ClCompile>
    <ClCompile Include="float33.cpp">
      <Filter>Source Files\Math</Filter>
    </ClCompile>
    <ClCompile Include="AssetManager.cpp">
      <Filter>Source Files\AssetManager</Filter>
    </ClCompile>
    <ClCompile Include="int3.cpp">
      <Filter>Source Files\Math</Filter>
    </ClCompile>
    <ClCompile Include="int2.cpp">
      <Filter>Source Files\Math</Filter>
    </ClCompile>
    <ClCompile Include="BlockModel.cpp">
      <Filter>Source Files\Model</Filter>
    </ClCompile>
    <ClCompile Include="ComplexModel.cpp">
      <Filter>Source Files\ComplexModel</Filter>
    </ClCompile>
    <ClCompile Include="BlockModelLOD.cpp">
      <Filter>Source Files\Model</Filter>
    </ClCompile>
    <ClCompile Include="float43.cpp">
      <Filter>Source Files\Math</Filter>
    </ClCompile>
    <ClCompile Include="Application.cpp">
      <Filter>Source Files\Application</Filter>
    </ClCompile>
    <ClCompile Include="main.cpp">
      <Filter>Source Files\Application</Filter>
    </ClCompile>
    <ClCompile Include="InputManager.cpp">
      <Filter>Source Files\Input</Filter>
    </ClCompile>
    <ClCompile Include="uint2.cpp">
      <Filter>Source Files\Math</Filter>
    </ClCompile>
    <ClCompile Include="uint3.cpp">
      <Filter>Source Files\Math</Filter>
    </ClCompile>
    <ClCompile Include="ModelTexture2D.cpp">
      <Filter>Source Files\Model</Filter>
    </ClCompile>
    <ClCompile Include="VertexShader.cpp">
      <Filter>Source Files\Shader</Filter>
    </ClCompile>
    <ClCompile Include="FragmentShader.cpp">
      <Filter>Source Files\Shader</Filter>
    </ClCompile>
    <ClCompile Include="BlockMeshFragmentShader.cpp">
      <Filter>Source Files\Shader\BlockMesh</Filter>
    </ClCompile>
    <ClCompile Include="BlockMeshVertexShader.cpp">
      <Filter>Source Files\Shader\BlockMesh</Filter>
    </ClCompile>
    <ClCompile Include="float44.cpp">
      <Filter>Source Files\Math</Filter>
    </ClCompile>
    <ClCompile Include="MathUtil.cpp">
      <Filter>Source Files\Math</Filter>
    </ClCompile>
    <ClCompile Include="BlockModelVertexShader.cpp">
      <Filter>Source Files\Shader\BlockModel</Filter>
    </ClCompile>
    <ClCompile Include="BlockModelFragmentShader.cpp">
      <Filter>Source Files\Shader\BlockModel</Filter>
    </ClCompile>
    <ClCompile Include="Camera.cpp">
      <Filter>Source Files\Camera</Filter>
    </ClCompile>
    <ClCompile Include="FreeCamera.cpp">
      <Filter>Source Files\Camera</Filter>
    </ClCompile>
    <ClCompile Include="Timer.cpp">
      <Filter>Source Files\Timer</Filter>
    </ClCompile>
    <ClCompile Include="StringUtil.cpp">
      <Filter>Source Files\String</Filter>
    </ClCompile>
    <ClCompile Include="Font.cpp">
      <Filter>Source Files\Font</Filter>
    </ClCompile>
    <ClCompile Include="TextVertexShader.cpp">
      <Filter>Source Files\Shader\Text</Filter>
    </ClCompile>
    <ClCompile Include="TextFragmentShader.cpp">
      <Filter>Source Files\Shader\Text</Filter>
    </ClCompile>
    <ClCompile Include="SkeletonModel.cpp">
      <Filter>Source Files\Model</Filter>
    </ClCompile>
    <ClCompile Include="Direct3DUtil.cpp">
      <Filter>Source Files\Renderer</Filter>
    </ClCompile>
    <ClCompile Include="MyXAFFileParser.cpp">
      <Filter>Source Files\Mesh\Parsers</Filter>
    </ClCompile>
    <ClCompile Include="BlockMesh.cpp">
      <Filter>Source Files\Mesh\BlockMesh</Filter>
    </ClCompile>
    <ClCompile Include="BlockMeshLOD.cpp">
      <Filter>Source Files\Mesh\BlockMesh</Filter>
    </ClCompile>
    <ClCompile Include="SkeletonAnimation.cpp">
      <Filter>Source Files\Mesh\Skeleton</Filter>
    </ClCompile>
    <ClCompile Include="SkeletonPose.cpp">
      <Filter>Source Files\Mesh\Skeleton</Filter>
    </ClCompile>
    <ClCompile Include="SkeletonMesh.cpp">
      <Filter>Source Files\Mesh\Skeleton</Filter>
    </ClCompile>
    <ClCompile Include="SkeletonMeshVertexShader.cpp">
      <Filter>Source Files\Shader\SkeletonMesh</Filter>
    </ClCompile>
    <ClCompile Include="SkeletonMeshFragmentShader.cpp">
      <Filter>Source Files\Shader\SkeletonMesh</Filter>
    </ClCompile>
    <ClCompile Include="Direct3DRendererCore.cpp">
      <Filter>Source Files\Renderer</Filter>
    </ClCompile>
    <ClCompile Include="Direct3DFrameRenderer.cpp">
      <Filter>Source Files\Renderer</Filter>
    </ClCompile>
    <ClCompile Include="RectangleMesh.cpp">
      <Filter>Source Files\Mesh\RectangleMesh</Filter>
    </ClCompile>
    <ClCompile Include="TextureVertexShader.cpp">
      <Filter>Source Files\Shader\Texture</Filter>
    </ClCompile>
    <ClCompile Include="TextureFragmentShader.cpp">
      <Filter>Source Files\Shader\Texture</Filter>
    </ClCompile>
    <ClCompile Include="ImageLibrary.cpp">
      <Filter>Source Files\Libraries</Filter>
    </ClCompile>
    <ClCompile Include="FontLibrary.cpp">
      <Filter>Source Files\Libraries</Filter>
    </ClCompile>
    <ClCompile Include="SkeletonMeshEnums.cpp">
      <Filter>Source Files\Enums</Filter>
    </ClCompile>
    <ClCompile Include="quat.cpp">
      <Filter>Source Files\Math</Filter>
    </ClCompile>
    <ClCompile Include="BinaryFile.cpp">
      <Filter>Source Files\File</Filter>
    </ClCompile>
    <ClCompile Include="TextFile.cpp">
      <Filter>Source Files\File</Filter>
    </ClCompile>
    <ClCompile Include="ModelTexture2DParser.cpp">
      <Filter>Source Files\Model\Parsers</Filter>
    </ClCompile>
    <ClCompile Include="BlockModelParser.cpp">
      <Filter>Source Files\Model\Parsers</Filter>
    </ClCompile>
    <ClCompile Include="SkeletonModelParser.cpp">
      <Filter>Source Files\Model\Parsers</Filter>
    </ClCompile>
    <ClCompile Include="SkeletonModelVertexShader.cpp">
      <Filter>Source Files\Shader\SkeletonModel</Filter>
    </ClCompile>
    <ClCompile Include="SkeletonModelFragmentShader.cpp">
      <Filter>Source Files\Shader\SkeletonModel</Filter>
    </ClCompile>
    <ClCompile Include="BlockMeshFileInfo.cpp">
      <Filter>Source Files\Mesh\BlockMesh</Filter>
    </ClCompile>
    <ClCompile Include="BlockMeshFileInfoParser.cpp">
      <Filter>Source Files\Mesh\Parsers</Filter>
    </ClCompile>
    <ClCompile Include="SkeletonMeshFileInfo.cpp">
      <Filter>Source Files\Mesh\Skeleton</Filter>
    </ClCompile>
    <ClCompile Include="SkeletonMeshFileInfoParser.cpp">
      <Filter>Source Files\Mesh\Parsers</Filter>
    </ClCompile>
    <ClCompile Include="Texture2DFileInfo.cpp">
      <Filter>Source Files\Texture</Filter>
    </ClCompile>
    <ClCompile Include="Texture2DFileInfoParser.cpp">
      <Filter>Source Files\Texture\FileParsers</Filter>
    </ClCompile>
    <ClCompile Include="BlockModelFileInfo.cpp">
      <Filter>Source Files\Model</Filter>
    </ClCompile>
    <ClCompile Include="SkeletonModelFileInfo.cpp">
      <Filter>Source Files\Model</Filter>
    </ClCompile>
    <ClCompile Include="SkeletonAnimationFileInfo.cpp">
      <Filter>Source Files\Mesh\Skeleton</Filter>
    </ClCompile>
    <ClCompile Include="SkeletonAnimationFileInfoParser.cpp">
      <Filter>Source Files\Mesh\Parsers</Filter>
    </ClCompile>
    <ClCompile Include="BlockActor.cpp">
      <Filter>Source Files\Actor</Filter>
    </ClCompile>
    <ClCompile Include="SkeletonActor.cpp">
      <Filter>Source Files\Actor</Filter>
    </ClCompile>
    <ClCompile Include="Actor.cpp">
      <Filter>Source Files\Actor</Filter>
    </ClCompile>
    <ClCompile Include="Asset.cpp">
      <Filter>Source Files\Asset</Filter>
    </ClCompile>
    <ClCompile Include="SceneParser.cpp">
      <Filter>Source Files\Scene</Filter>
    </ClCompile>
    <ClCompile Include="BlockModelFileInfoParser.cpp">
      <Filter>Source Files\Model\Parsers</Filter>
    </ClCompile>
    <ClCompile Include="SkeletonModelFileInfoParser.cpp">
      <Filter>Source Files\Model\Parsers</Filter>
    </ClCompile>
    <ClCompile Include="PointLight.cpp">
      <Filter>Source Files\Light</Filter>
    </ClCompile>
    <ClCompile Include="Light.cpp">
      <Filter>Source Files\Light</Filter>
    </ClCompile>
    <ClCompile Include="PointLightParser.cpp">
      <Filter>Source Files\Light\Parsers</Filter>
    </ClCompile>
    <ClCompile Include="Renderer.cpp">
      <Filter>Source Files\Renderer</Filter>
    </ClCompile>
    <ClCompile Include="RaytraceRenderer.cpp">
      <Filter>Source Files\Renderer</Filter>
    </ClCompile>
    <ClCompile Include="ComputeShader.cpp">
      <Filter>Source Files\Shader</Filter>
    </ClCompile>
    <ClCompile Include="GenerateRaysComputeShader.cpp">
      <Filter>Source Files\Shader\GenerateRays</Filter>
    </ClCompile>
    <ClCompile Include="uchar4.cpp">
      <Filter>Source Files\Math</Filter>
    </ClCompile>
    <ClCompile Include="BoundingBox.cpp">
      <Filter>Source Files\Tools</Filter>
    </ClCompile>
    <ClCompile Include="BVHTree.cpp">
      <Filter>Source Files\Tools\BVH</Filter>
    </ClCompile>
    <ClCompile Include="BVHNode.cpp">
      <Filter>Source Files\Tools\BVH</Filter>
    </ClCompile>
    <ClCompile Include="BVHTreeBuffer.cpp">
      <Filter>Source Files\Tools\BVH</Filter>
    </ClCompile>
    <ClCompile Include="uint4.cpp">
      <Filter>Source Files\Math</Filter>
    </ClCompile>
    <ClCompile Include="uchar2.cpp">
      <Filter>Source Files\Math</Filter>
    </ClCompile>
    <ClCompile Include="Direct3DDeferredRenderer.cpp">
      <Filter>Source Files\Renderer</Filter>
    </ClCompile>
    <ClCompile Include="RaytracingPrimaryRaysComputeShader.cpp">
      <Filter>Source Files\Shader\RaytracingPrimaryRays</Filter>
    </ClCompile>
    <ClCompile Include="RaytracingSecondaryRaysComputeShader.cpp">
      <Filter>Source Files\Shader\RaytracingSecondaryRays</Filter>
    </ClCompile>
    <ClCompile Include="ShadingComputeShader.cpp">
      <Filter>Source Files\Shader\Shading</Filter>
    </ClCompile>
    <ClCompile Include="ShadingRenderer.cpp">
      <Filter>Source Files\Renderer</Filter>
    </ClCompile>
    <ClCompile Include="CombiningRenderer.cpp">
      <Filter>Source Files\Renderer</Filter>
    </ClCompile>
    <ClCompile Include="CombiningVertexShader.cpp">
      <Filter>Source Files\Shader\Combining</Filter>
    </ClCompile>
    <ClCompile Include="CombiningFragmentShader.cpp">
      <Filter>Source Files\Shader\Combining</Filter>
    </ClCompile>
    <ClCompile Include="EdgeDetectionComputeShader.cpp">
      <Filter>Source Files\Shader\EdgeDetection</Filter>
    </ClCompile>
    <ClCompile Include="EdgeDetectionRenderer.cpp">
      <Filter>Source Files\Renderer</Filter>
    </ClCompile>
    <ClCompile Include="EdgeDistanceComputeShader.cpp">
      <Filter>Source Files\Shader\EdgeDistance</Filter>
    </ClCompile>
    <ClCompile Include="TextureRescaleComputeShader.cpp">
      <Filter>Source Files\Shader\TextureRescale</Filter>
    </ClCompile>
    <ClCompile Include="TextureRescaleRenderer.cpp">
      <Filter>Source Files\Renderer</Filter>
    </ClCompile>
    <ClCompile Include="MeshFileParser.cpp">
      <Filter>Source Files\Mesh\Parsers</Filter>
    </ClCompile>
    <ClCompile Include="CombiningFragmentShader2.cpp">
      <Filter>Source Files\Shader\Combining</Filter>
    </ClCompile>
    <ClCompile Include="ShadingComputeShader2.cpp">
      <Filter>Source Files\Shader\Shading</Filter>
    </ClCompile>
    <ClCompile Include="ReflectionShadingComputeShader.cpp">
      <Filter>Source Files\Shader\ReflectionShading</Filter>
    </ClCompile>
    <ClCompile Include="GenerateReflectedRaysComputeShader.cpp">
      <Filter>Source Files\Shader\GenerateReflectedRays</Filter>
    </ClCompile>
    <ClCompile Include="GenerateFirstReflectedRaysComputeShader.cpp">
      <Filter>Source Files\Shader\GenerateFirstReflectedRays</Filter>
    </ClCompile>
    <ClCompile Include="GenerateFirstRefractedRaysComputeShader.cpp">
      <Filter>Source Files\Shader\GenerateFirstRefractedRays</Filter>
    </ClCompile>
    <ClCompile Include="GenerateRefractedRaysComputeShader.cpp">
      <Filter>Source Files\Shader\GenerateRefractedRays</Filter>
    </ClCompile>
    <ClCompile Include="RefractionShadingComputeShader.cpp">
      <Filter>Source Files\Shader\RefractionShading</Filter>
    </ClCompile>
    <ClCompile Include="ReflectionRefractionShadingRenderer.cpp">
      <Filter>Source Files\Renderer</Filter>
    </ClCompile>
    <ClCompile Include="ReflectionShadingComputeShader2.cpp">
      <Filter>Source Files\Shader\ReflectionShading</Filter>
    </ClCompile>
    <ClCompile Include="RefractionShadingComputeShader2.cpp">
      <Filter>Source Files\Shader\RefractionShading</Filter>
    </ClCompile>
    <ClCompile Include="RaytraceShadowRenderer.cpp">
      <Filter>Source Files\Renderer</Filter>
    </ClCompile>
    <ClCompile Include="RaytracingShadowsComputeShader.cpp">
      <Filter>Source Files\Shader\RaytracingShadows</Filter>
    </ClCompile>
    <ClCompile Include="ShadowMapRenderer.cpp">
      <Filter>Source Files\Renderer</Filter>
    </ClCompile>
    <ClCompile Include="ShadingComputeShader0.cpp">
      <Filter>Source Files\Shader\Shading</Filter>
    </ClCompile>
    <ClCompile Include="FreeCameraParser.cpp">
      <Filter>Source Files\Camera\Parsers</Filter>
    </ClCompile>
    <ClCompile Include="Profiler.cpp">
      <Filter>Source Files\Profiler</Filter>
    </ClCompile>
    <ClCompile Include="TextureUtil.cpp">
      <Filter>Source Files\Texture</Filter>
    </ClCompile>
    <ClCompile Include="MeshUtil.cpp">
      <Filter>Source Files\Mesh</Filter>
    </ClCompile>
    <ClCompile Include="ModelUtil.cpp">
      <Filter>Source Files\Model</Filter>
    </ClCompile>
    <ClCompile Include="BVHTreeBufferParser.cpp">
      <Filter>Source Files\Tools\BVH\Parsers</Filter>
    </ClCompile>
    <ClCompile Include="ShadingNoShadowsComputeShader.cpp">
      <Filter>Source Files\Shader\Shading</Filter>
    </ClCompile>
    <ClCompile Include="ShadingNoShadowsComputeShader2.cpp">
      <Filter>Source Files\Shader\Shading</Filter>
    </ClCompile>
    <ClCompile Include="Model.cpp">
      <Filter>Source Files\Model</Filter>
    </ClCompile>
    <ClCompile Include="SceneManager.cpp">
      <Filter>Source Files\SceneManager</Filter>
    </ClCompile>
    <ClCompile Include="Scene.cpp">
      <Filter>Source Files\Scene</Filter>
    </ClCompile>
    <ClCompile Include="SpotLight.cpp">
      <Filter>Source Files\Light</Filter>
    </ClCompile>
    <ClCompile Include="SpotLightParser.cpp">
      <Filter>Source Files\Light\Parsers</Filter>
    </ClCompile>
    <ClCompile Include="RasterizeShadowRenderer.cpp">
      <Filter>Source Files\Renderer</Filter>
    </ClCompile>
    <ClCompile Include="RasterizingShadowsComputeShader.cpp">
      <Filter>Source Files\Shader\RasterizingShadows</Filter>
    </ClCompile>
    <ClCompile Include="GenerateMipmapMinValueComputeShader.cpp">
      <Filter>Source Files\Shader\GenerateMipmap</Filter>
    </ClCompile>
    <ClCompile Include="GenerateMipmapMinValueFragmentShader.cpp">
      <Filter>Source Files\Shader\GenerateMipmap</Filter>
    </ClCompile>
    <ClCompile Include="BlurShadowsComputeShader.cpp">
      <Filter>Source Files\Shader\BlurShadows</Filter>
    </ClCompile>
    <ClCompile Include="BlurShadowsRenderer.cpp">
      <Filter>Source Files\Renderer</Filter>
    </ClCompile>
    <ClCompile Include="Texture2DGeneric.cpp">
      <Filter>Source Files\Texture</Filter>
    </ClCompile>
    <ClCompile Include="ReplaceValueComputeShader.cpp">
      <Filter>Source Files\Shader\Utility\ReplaceValue</Filter>
    </ClCompile>
    <ClCompile Include="SpreadValueComputeShader.cpp">
      <Filter>Source Files\Shader\Utility\SpreadValue</Filter>
    </ClCompile>
    <ClCompile Include="UtilityRenderer.cpp">
      <Filter>Source Files\Renderer</Filter>
    </ClCompile>
    <ClCompile Include="MergeValueComputeShader.cpp">
      <Filter>Source Files\Shader\Utility\MergeValue</Filter>
    </ClCompile>
    <ClCompile Include="MipmapRenderer.cpp">
      <Filter>Source Files\Renderer</Filter>
    </ClCompile>
    <ClCompile Include="GenerateMipmapWithSampleRejectionFragmentShader.cpp">
      <Filter>Source Files\Shader\GenerateMipmap</Filter>
    </ClCompile>
    <ClCompile Include="GenerateMipmapVertexShader.cpp">
      <Filter>Source Files\Shader\GenerateMipmap</Filter>
    </ClCompile>
    <ClCompile Include="ConvertDistanceFromScreenSpaceToWorldSpaceComputeShader.cpp">
      <Filter>Source Files\Shader\Utility\ConvertValueFromScreenSpaceToWorldSpace</Filter>
    </ClCompile>
    <ClCompile Include="FileSystem.cpp">
      <Filter>Source Files\File</Filter>
    </ClCompile>
    <ClCompile Include="AssetPathManager.cpp">
      <Filter>Source Files\AssetManager</Filter>
    </ClCompile>
    <ClCompile Include="FileUtil.cpp">
      <Filter>Source Files\File</Filter>
    </ClCompile>
    <ClCompile Include="DistanceToOccluderSearchComputeShader.cpp">
      <Filter>Source Files\Shader\DistanceToOccluderSearch</Filter>
    </ClCompile>
    <ClCompile Include="DistanceToOccluderSearchRenderer.cpp">
      <Filter>Source Files\Renderer</Filter>
    </ClCompile>
    <ClCompile Include="ExtractBrightPixelsComputeShader.cpp">
      <Filter>Source Files\Shader\ExtractBrightPixels</Filter>
    </ClCompile>
    <ClCompile Include="ExtractBrightPixelsRenderer.cpp">
      <Filter>Source Files\Renderer</Filter>
    </ClCompile>
    <ClCompile Include="BlurValueComputeShader.cpp">
      <Filter>Source Files\Shader\Utility\BlurValue</Filter>
    </ClCompile>
    <ClCompile Include="MergeMipmapsValueComputeShader.cpp">
      <Filter>Source Files\Shader\Utility\MergeMipmapsValue</Filter>
    </ClCompile>
    <ClCompile Include="ResampleTextureFragmentShader.cpp">
      <Filter>Source Files\Shader\GenerateMipmap</Filter>
    </ClCompile>
    <ClCompile Include="ToneMappingComputeShader.cpp">
      <Filter>Source Files\Shader\ToneMapping</Filter>
    </ClCompile>
    <ClCompile Include="ToneMappingRenderer.cpp">
      <Filter>Source Files\Renderer</Filter>
    </ClCompile>
    <ClCompile Include="HitDistanceSearchComputeShader.cpp">
      <Filter>Source Files\Shader\HitDistanceSearch</Filter>
    </ClCompile>
    <ClCompile Include="HitDistanceSearchRenderer.cpp">
      <Filter>Source Files\Renderer</Filter>
    </ClCompile>
    <ClCompile Include="ControlPanel.cpp">
      <Filter>Source Files\Application</Filter>
    </ClCompile>
    <ClCompile Include="Settings.cpp">
      <Filter>Source Files\Settings</Filter>
    </ClCompile>
    <ClCompile Include="SceneUtil.cpp">
      <Filter>Source Files\Scene</Filter>
    </ClCompile>
    <ClCompile Include="Selection.cpp">
      <Filter>Source Files\SceneManager</Filter>
    </ClCompile>
    <ClCompile Include="RenderTargetManager.cpp">
      <Filter>Source Files\RenderTargetManager</Filter>
    </ClCompile>
    <ClCompile Include="AntialiasingRenderer.cpp">
      <Filter>Source Files\Renderer</Filter>
    </ClCompile>
    <ClCompile Include="AntialiasingComputeShader.cpp">
      <Filter>Source Files\Shader\Antialiasing</Filter>
    </ClCompile>
    <ClCompile Include="EngineApplication.cpp">
      <Filter>Source Files\Application</Filter>
    </ClCompile>
    <ClCompile Include="PhysicsLibrary.cpp">
      <Filter>Source Files\Libraries</Filter>
    </ClCompile>
    <ClCompile Include="BlockModelImporter.cpp">
      <Filter>Source Files\Model\Parsers</Filter>
    </ClCompile>
    <ClCompile Include="SumValuesComputeShader.cpp">
      <Filter>Source Files\Shader\Utility\SumValue</Filter>
    </ClCompile>
    <ClCompile Include="CombineShadowLayersComputeShader.cpp">
      <Filter>Source Files\Shader\CombineShadowLayers</Filter>
    </ClCompile>
    <ClCompile Include="CombineShadowLayersRenderer.cpp">
      <Filter>Source Files\Renderer</Filter>
    </ClCompile>
    <ClCompile Include="Benchmark.cpp">
      <Filter>Source Files\Benchmark</Filter>
    </ClCompile>
    <ClCompile Include="SettingsHelper.cpp">
      <Filter>Source Files\Settings</Filter>
    </ClCompile>
    <ClCompile Include="RenderingStage.cpp">
      <Filter>Source Files\Renderer</Filter>
    </ClCompile>
    <ClCompile Include="ASSAOCoreRenderer.cpp">
      <Filter>Source Files\Renderer</Filter>
    </ClCompile>
    <ClCompile Include="ASSAORenderer.cpp">
      <Filter>Source Files\Renderer</Filter>
    </ClCompile>
    <ClCompile Include="BlurShadowPatternRenderer.cpp">
      <Filter>Source Files\Renderer</Filter>
    </ClCompile>
    <ClCompile Include="BlurShadowPatternComputeShader.cpp">
      <Filter>Source Files\Shader\BlurShadowPattern</Filter>
    </ClCompile>
  </ItemGroup>
  <ItemGroup>
    <Text Include="Time.txt">
      <Filter>Source Files\Notes</Filter>
    </Text>
    <Text Include="To do.txt">
      <Filter>Source Files\Notes</Filter>
    </Text>
    <Text Include="Ideas.txt">
      <Filter>Source Files\Notes</Filter>
    </Text>
    <Text Include="Rules.txt">
      <Filter>Source Files\Notes</Filter>
    </Text>
    <Text Include="Notes.txt">
      <Filter>Source Files\Notes</Filter>
    </Text>
    <Text Include="Tests To do.txt">
      <Filter>Source Files\Notes</Filter>
    </Text>
    <Text Include="Asset Rules.txt">
      <Filter>Source Files\Notes</Filter>
    </Text>
    <Text Include="Notes2.txt">
      <Filter>Source Files\Notes</Filter>
    </Text>
    <Text Include="Optimizations.txt">
      <Filter>Source Files\Notes</Filter>
    </Text>
  </ItemGroup>
  <ItemGroup>
    <FxCompile Include="Shaders\BlockMeshShader\BlockMesh_ps.hlsl">
      <Filter>Source Files\Shader\BlockMesh</Filter>
    </FxCompile>
    <FxCompile Include="Shaders\BlockMeshShader\BlockMesh_ps_emissive.hlsl">
      <Filter>Source Files\Shader\BlockMesh</Filter>
    </FxCompile>
    <FxCompile Include="Shaders\BlockMeshShader\BlockMesh_vs.hlsl">
      <Filter>Source Files\Shader\BlockMesh</Filter>
    </FxCompile>
    <FxCompile Include="Shaders\BlockModelShader\BlockModel_ps.hlsl">
      <Filter>Source Files\Shader\BlockModel</Filter>
    </FxCompile>
    <FxCompile Include="Shaders\BlockModelShader\BlockModel_vs.hlsl">
      <Filter>Source Files\Shader\BlockModel</Filter>
    </FxCompile>
    <FxCompile Include="Shaders\CombiningShader\Combining_ps.hlsl">
      <Filter>Source Files\Shader\Combining</Filter>
    </FxCompile>
    <FxCompile Include="Shaders\CombiningShader\Combining_ps2.hlsl">
      <Filter>Source Files\Shader\Combining</Filter>
    </FxCompile>
    <FxCompile Include="Shaders\CombiningShader\Combining_vs.hlsl">
      <Filter>Source Files\Shader\Combining</Filter>
    </FxCompile>
    <FxCompile Include="Shaders\EdgeDetectionShader\EdgeDetection_cs.hlsl">
      <Filter>Source Files\Shader\EdgeDetection</Filter>
    </FxCompile>
    <FxCompile Include="Shaders\EdgeDistanceShader\EdgeDistance_cs.hlsl">
      <Filter>Source Files\Shader\EdgeDistance</Filter>
    </FxCompile>
    <FxCompile Include="Shaders\GenerateFirstReflectedRaysShader\GenerateFirstReflectedRays_cs.hlsl">
      <Filter>Source Files\Shader\GenerateFirstReflectedRays</Filter>
    </FxCompile>
    <FxCompile Include="Shaders\GenerateFirstRefractedRaysShader\GenerateFirstRefractedRays_cs.hlsl">
      <Filter>Source Files\Shader\GenerateFirstRefractedRays</Filter>
    </FxCompile>
    <FxCompile Include="Shaders\GenerateRaysShader\GenerateRays_cs.hlsl">
      <Filter>Source Files\Shader\GenerateRays</Filter>
    </FxCompile>
    <FxCompile Include="Shaders\GenerateReflectedRaysShader\GenerateReflectedRays_cs.hlsl">
      <Filter>Source Files\Shader\GenerateReflectedRays</Filter>
    </FxCompile>
    <FxCompile Include="Shaders\GenerateRefractedRaysShader\GenerateRefractedRays_cs.hlsl">
      <Filter>Source Files\Shader\GenerateRefractedRays</Filter>
    </FxCompile>
    <FxCompile Include="Shaders\RasterizingShadowsShader\RasterizingShadows_cs.hlsl">
      <Filter>Source Files\Shader\RasterizingShadows</Filter>
    </FxCompile>
    <FxCompile Include="Shaders\RaytracingPrimaryRaysShader\RaytracingPrimaryRays_cs.hlsl">
      <Filter>Source Files\Shader\RaytracingPrimaryRays</Filter>
    </FxCompile>
    <FxCompile Include="Shaders\RaytracingSecondaryRaysShader\RaytracingSecondaryRays_cs.hlsl">
      <Filter>Source Files\Shader\RaytracingSecondaryRays</Filter>
    </FxCompile>
    <FxCompile Include="Shaders\RaytracingShadowsShader\RaytracingShadows_cs.hlsl">
      <Filter>Source Files\Shader\RaytracingShadows</Filter>
    </FxCompile>
    <FxCompile Include="Shaders\ReflectionShadingShader\ReflectionShading_cs.hlsl">
      <Filter>Source Files\Shader\ReflectionShading</Filter>
    </FxCompile>
    <FxCompile Include="Shaders\ReflectionShadingShader\ReflectionShading_cs2.hlsl">
      <Filter>Source Files\Shader\ReflectionShading</Filter>
    </FxCompile>
    <FxCompile Include="Shaders\RefractionShadingShader\RefractionShading_cs.hlsl">
      <Filter>Source Files\Shader\RefractionShading</Filter>
    </FxCompile>
    <FxCompile Include="Shaders\RefractionShadingShader\RefractionShading_cs2.hlsl">
      <Filter>Source Files\Shader\RefractionShading</Filter>
    </FxCompile>
    <FxCompile Include="Shaders\ShadingShader\Shading_cs.hlsl">
      <Filter>Source Files\Shader\Shading</Filter>
    </FxCompile>
    <FxCompile Include="Shaders\ShadingNoShadowsShader\ShadingNoShadows_cs.hlsl">
      <Filter>Source Files\Shader\Shading</Filter>
    </FxCompile>
    <FxCompile Include="Shaders\ShadingShader\Shading_cs0.hlsl">
      <Filter>Source Files\Shader\Shading</Filter>
    </FxCompile>
    <FxCompile Include="Shaders\ShadingShader\Shading_cs2.hlsl">
      <Filter>Source Files\Shader\Shading</Filter>
    </FxCompile>
    <FxCompile Include="Shaders\ShadingNoShadowsShader\ShadingNoShadows_cs2.hlsl">
      <Filter>Source Files\Shader\Shading</Filter>
    </FxCompile>
    <FxCompile Include="Shaders\SkeletonMeshShader\SkeletonMesh_ps.hlsl">
      <Filter>Source Files\Shader\SkeletonMesh</Filter>
    </FxCompile>
    <FxCompile Include="Shaders\SkeletonMeshShader\SkeletonMesh_vs.hlsl">
      <Filter>Source Files\Shader\SkeletonMesh</Filter>
    </FxCompile>
    <FxCompile Include="Shaders\SkeletonModelShader\SkeletonModel_ps.hlsl">
      <Filter>Source Files\Shader\SkeletonModel</Filter>
    </FxCompile>
    <FxCompile Include="Shaders\SkeletonModelShader\SkeletonModel_vs.hlsl">
      <Filter>Source Files\Shader\SkeletonModel</Filter>
    </FxCompile>
    <FxCompile Include="Shaders\TextShader\Text_ps.hlsl">
      <Filter>Source Files\Shader\Text</Filter>
    </FxCompile>
    <FxCompile Include="Shaders\TextShader\Text_vs.hlsl">
      <Filter>Source Files\Shader\Text</Filter>
    </FxCompile>
    <FxCompile Include="Shaders\TextureShader\Texture_ps.hlsl">
      <Filter>Source Files\Shader\Texture</Filter>
    </FxCompile>
    <FxCompile Include="Shaders\TextureShader\Texture_vs.hlsl">
      <Filter>Source Files\Shader\Texture</Filter>
    </FxCompile>
    <FxCompile Include="Shaders\TextureRescaleShader\TextureRescale_cs.hlsl">
      <Filter>Source Files\Shader\TextureRescale</Filter>
    </FxCompile>
    <FxCompile Include="Shaders\ReplaceValueShader\ReplaceValue_cs.hlsl">
      <Filter>Source Files\Shader\Utility\ReplaceValue</Filter>
    </FxCompile>
    <FxCompile Include="Shaders\SpreadValueShader\SpreadMaxValue_cs.hlsl">
      <Filter>Source Files\Shader\Utility\SpreadValue</Filter>
    </FxCompile>
    <FxCompile Include="Shaders\SpreadValueShader\SpreadMinValue_cs.hlsl">
      <Filter>Source Files\Shader\Utility\SpreadValue</Filter>
    </FxCompile>
    <FxCompile Include="Shaders\MergeValueShader\MergeMinValue_cs.hlsl">
      <Filter>Source Files\Shader\Utility\MergeValue</Filter>
    </FxCompile>
    <FxCompile Include="Shaders\GenerateMipmapShader\GenerateMipmap_vs.hlsl">
      <Filter>Source Files\Shader\GenerateMipmap</Filter>
    </FxCompile>
    <FxCompile Include="Shaders\GenerateMipmapShader\GenerateMipmapMinValue_cs.hlsl">
      <Filter>Source Files\Shader\GenerateMipmap</Filter>
    </FxCompile>
    <FxCompile Include="Shaders\GenerateMipmapShader\GenerateMipmapMinValue_ps.hlsl">
      <Filter>Source Files\Shader\GenerateMipmap</Filter>
    </FxCompile>
    <FxCompile Include="Shaders\GenerateMipmapShader\GenerateMipmapWithSampleRejection_ps.hlsl">
      <Filter>Source Files\Shader\GenerateMipmap</Filter>
    </FxCompile>
    <FxCompile Include="Shaders\SpreadValueShader\SpreadSparseMinValue_cs.hlsl">
      <Filter>Source Files\Shader\Utility\SpreadValue</Filter>
    </FxCompile>
    <FxCompile Include="Shaders\ConvertValueFromScreenSpaceToWorldSpaceShader\ConvertDistanceFromScreenSpaceToWorldSpace_cs.hlsl">
      <Filter>Source Files\Shader\Utility\ConvertValueFromScreenSpaceToWorldSpace</Filter>
    </FxCompile>
    <FxCompile Include="Shaders\BlurShadowsShader\BlurShadows_cs.hlsl">
      <Filter>Source Files\Shader\BlurShadows</Filter>
    </FxCompile>
    <FxCompile Include="Shaders\DistanceToOccluderSearchShader\DistanceToOccluderSearch_cs.hlsl">
      <Filter>Source Files\Shader\DistanceToOccluderSearch</Filter>
    </FxCompile>
    <FxCompile Include="Shaders\BlurShadowsShader\BlurShadowsHorizontal_cs.hlsl">
      <Filter>Source Files\Shader\BlurShadows</Filter>
    </FxCompile>
    <FxCompile Include="Shaders\BlurShadowsShader\BlurShadowsVertical_cs.hlsl">
      <Filter>Source Files\Shader\BlurShadows</Filter>
    </FxCompile>
    <FxCompile Include="Shaders\ExtractBrightPixelsShader\ExtractBrightPixels_cs.hlsl">
      <Filter>Source Files\Shader\ExtractBrightPixels</Filter>
    </FxCompile>
    <FxCompile Include="Shaders\BlurValueShader\BlurValue_cs.hlsl">
      <Filter>Source Files\Shader\Utility\BlurValue</Filter>
    </FxCompile>
    <FxCompile Include="Shaders\MergeMipmapsValue\MergeMipmapsValue_cs.hlsl">
      <Filter>Source Files\Shader\Utility\MergeMipmapsValue</Filter>
    </FxCompile>
    <FxCompile Include="Shaders\GenerateMipmapShader\GenerateMipmap_ps.hlsl">
      <Filter>Source Files\Shader\GenerateMipmap</Filter>
    </FxCompile>
    <FxCompile Include="Shaders\ToneMappingShader\ToneMapping_cs.hlsl">
      <Filter>Source Files\Shader\ToneMapping</Filter>
    </FxCompile>
    <FxCompile Include="Shaders\HitDistanceSearchShader\HitDistanceSearch_cs.hlsl">
      <Filter>Source Files\Shader\HitDistanceSearch</Filter>
    </FxCompile>
    <FxCompile Include="Shaders\Common\SampleWeighting.hlsl">
      <Filter>Source Files\Shader\Common</Filter>
    </FxCompile>
    <FxCompile Include="Shaders\Common\Constants.hlsl">
      <Filter>Source Files\Shader\Common</Filter>
    </FxCompile>
    <FxCompile Include="Shaders\Common\Utils.hlsl">
      <Filter>Source Files\Shader\Common</Filter>
    </FxCompile>
    <FxCompile Include="Shaders\Common\RaytracingUtils.hlsl">
      <Filter>Source Files\Shader\Common</Filter>
    </FxCompile>
    <FxCompile Include="Shaders\TextureShader\Texture_SingleChannel_ps.hlsl">
      <Filter>Source Files\Shader\Texture</Filter>
    </FxCompile>
    <FxCompile Include="Shaders\TextureShader\Texture_Alpha_ps.hlsl">
      <Filter>Source Files\Shader\Texture</Filter>
    </FxCompile>
    <FxCompile Include="Shaders\Common\Shading.hlsl">
      <Filter>Source Files\Shader\Common</Filter>
    </FxCompile>
    <FxCompile Include="Shaders\AntialiasingShader\FXAA.hlsl">
      <Filter>Source Files\Shader\Antialiasing</Filter>
    </FxCompile>
    <FxCompile Include="Shaders\AntialiasingShader\Luminance_cs.hlsl">
      <Filter>Source Files\Shader\Antialiasing</Filter>
    </FxCompile>
    <FxCompile Include="Shaders\AntialiasingShader\Antialiasing_cs.hlsl">
      <Filter>Source Files\Shader\Antialiasing</Filter>
    </FxCompile>
    <FxCompile Include="Shaders\SumValuesShader\SumTwoFloatValues_cs.hlsl">
      <Filter>Source Files\Shader\Utility\SumValue</Filter>
    </FxCompile>
    <FxCompile Include="Shaders\SumValuesShader\SumThreeFloatValues_cs.hlsl">
      <Filter>Source Files\Shader\Utility\SumValue</Filter>
    </FxCompile>
    <FxCompile Include="Shaders\SumValuesShader\SumThreeUcharValues_cs.hlsl">
      <Filter>Source Files\Shader\Utility\SumValue</Filter>
    </FxCompile>
    <FxCompile Include="Shaders\SumValuesShader\SumTwoUcharValues_cs.hlsl">
      <Filter>Source Files\Shader\Utility\SumValue</Filter>
    </FxCompile>
    <FxCompile Include="Shaders\CombineShadowLayersShader\CombineShadowLayers_cs.hlsl">
      <Filter>Source Files\Shader\CombineShadowLayers</Filter>
    </FxCompile>
    <FxCompile Include="Shaders\ASSAOShader\ASSAO.hlsl">
      <Filter>Source Files\Shader\ASSAO</Filter>
    </FxCompile>
    <FxCompile Include="Shaders\BlurShadowPatternShader\BlurShadowPattern_cs.hlsl">
      <Filter>Source Files\Shader\BlurShadowPattern</Filter>
    </FxCompile>
    <FxCompile Include="Shaders\BlurShadowPatternShader\BlurShadowPatternHorizontal_cs.hlsl">
      <Filter>Source Files\Shader\BlurShadowPattern</Filter>
    </FxCompile>
    <FxCompile Include="Shaders\BlurShadowPatternShader\BlurShadowPatternVertical_cs.hlsl">
      <Filter>Source Files\Shader\BlurShadowPattern</Filter>
    </FxCompile>
    <FxCompile Include="Shaders\BlurShadowPatternShader\BlurShadowPatternCommon_cs.hlsl">
      <Filter>Source Files\Shader\BlurShadowPattern</Filter>
    </FxCompile>
  </ItemGroup>
</Project>